// !$*UTF8*$!
{
	archiveVersion = 1;
	classes = {
	};
	objectVersion = 50;
	objects = {

/* Begin PBXBuildFile section */
		5F04EBA0B8E237F946A6D5BE /* Pods_Roma_Chat.framework in Frameworks */ = {isa = PBXBuildFile; fileRef = 24D86DA479337042E8AA515B /* Pods_Roma_Chat.framework */; };
		75B556434460E795D72F1680 /* Pods_Roma_ChatUITests.framework in Frameworks */ = {isa = PBXBuildFile; fileRef = 634767F3FC2BEB8B0E492FEE /* Pods_Roma_ChatUITests.framework */; };
		7F9B95617CA2CDF9BB2FFD2B /* Pods_Roma_ChatTests.framework in Frameworks */ = {isa = PBXBuildFile; fileRef = FAD73DE07CCCCFA7381287F8 /* Pods_Roma_ChatTests.framework */; };
		9413E8F72241F7D300C97862 /* ConversationListViewController.swift in Sources */ = {isa = PBXBuildFile; fileRef = 9413E8F62241F7D300C97862 /* ConversationListViewController.swift */; };
		9413E8F92241F8E900C97862 /* ConversationListCell.xib in Resources */ = {isa = PBXBuildFile; fileRef = 9413E8F82241F8E900C97862 /* ConversationListCell.xib */; };
		9413E8FB2241F8FF00C97862 /* ConversationListCell.swift in Sources */ = {isa = PBXBuildFile; fileRef = 9413E8FA2241F8FF00C97862 /* ConversationListCell.swift */; };
		9413E9002241FF8900C97862 /* ConversationViewController.swift in Sources */ = {isa = PBXBuildFile; fileRef = 9413E8FF2241FF8900C97862 /* ConversationViewController.swift */; };
		9413E90B2243300C00C97862 /* EndPointType.swift in Sources */ = {isa = PBXBuildFile; fileRef = 9413E90A2243300C00C97862 /* EndPointType.swift */; };
		9413E90D2243309D00C97862 /* HTTPMethod.swift in Sources */ = {isa = PBXBuildFile; fileRef = 9413E90C2243309D00C97862 /* HTTPMethod.swift */; };
		9413E90F2243310300C97862 /* HTTPTask.swift in Sources */ = {isa = PBXBuildFile; fileRef = 9413E90E2243310300C97862 /* HTTPTask.swift */; };
		9413E911224331AB00C97862 /* PrameterEncoding.swift in Sources */ = {isa = PBXBuildFile; fileRef = 9413E910224331AB00C97862 /* PrameterEncoding.swift */; };
		9413E9132243328600C97862 /* URLParameterEncoder.swift in Sources */ = {isa = PBXBuildFile; fileRef = 9413E9122243328600C97862 /* URLParameterEncoder.swift */; };
		9413E9152243347800C97862 /* JSONParameterEncoder.swift in Sources */ = {isa = PBXBuildFile; fileRef = 9413E9142243347800C97862 /* JSONParameterEncoder.swift */; };
		9413E9172243352D00C97862 /* NetworkRouter.swift in Sources */ = {isa = PBXBuildFile; fileRef = 9413E9162243352D00C97862 /* NetworkRouter.swift */; };
		9413E919224335F800C97862 /* Router.swift in Sources */ = {isa = PBXBuildFile; fileRef = 9413E918224335F800C97862 /* Router.swift */; };
		9413E91B22433B8600C97862 /* MovieApiTest.swift in Sources */ = {isa = PBXBuildFile; fileRef = 9413E91A22433B8600C97862 /* MovieApiTest.swift */; };
		9413E92022433C4C00C97862 /* MovieModel.swift in Sources */ = {isa = PBXBuildFile; fileRef = 9413E91F22433C4C00C97862 /* MovieModel.swift */; };
		9413E92222433C7500C97862 /* NetworkManager.swift in Sources */ = {isa = PBXBuildFile; fileRef = 9413E92122433C7500C97862 /* NetworkManager.swift */; };
		947543C1223758F900289005 /* LandingViewController.swift in Sources */ = {isa = PBXBuildFile; fileRef = 947543C0223758F900289005 /* LandingViewController.swift */; };
		949E482F2237313E00B931F9 /* MasterViewController.swift in Sources */ = {isa = PBXBuildFile; fileRef = 949E482E2237313E00B931F9 /* MasterViewController.swift */; };
		949E4837223736FD00B931F9 /* CameraView.xib in Resources */ = {isa = PBXBuildFile; fileRef = 949E4836223736FD00B931F9 /* CameraView.xib */; };
		949E48392237370F00B931F9 /* CameraView.swift in Sources */ = {isa = PBXBuildFile; fileRef = 949E48382237370F00B931F9 /* CameraView.swift */; };
		A9BE3589223344BA00F4EC8C /* AppDelegate.swift in Sources */ = {isa = PBXBuildFile; fileRef = A9BE3588223344BA00F4EC8C /* AppDelegate.swift */; };
		A9BE358E223344BA00F4EC8C /* Main.storyboard in Resources */ = {isa = PBXBuildFile; fileRef = A9BE358C223344BA00F4EC8C /* Main.storyboard */; };
		A9BE3590223344BD00F4EC8C /* Assets.xcassets in Resources */ = {isa = PBXBuildFile; fileRef = A9BE358F223344BD00F4EC8C /* Assets.xcassets */; };
		A9BE3593223344BD00F4EC8C /* LaunchScreen.storyboard in Resources */ = {isa = PBXBuildFile; fileRef = A9BE3591223344BD00F4EC8C /* LaunchScreen.storyboard */; };
		A9BE359E223344BD00F4EC8C /* Roma_ChatTests.swift in Sources */ = {isa = PBXBuildFile; fileRef = A9BE359D223344BD00F4EC8C /* Roma_ChatTests.swift */; };
		A9BE35A9223344BD00F4EC8C /* Roma_ChatUITests.swift in Sources */ = {isa = PBXBuildFile; fileRef = A9BE35A8223344BD00F4EC8C /* Roma_ChatUITests.swift */; };
/* End PBXBuildFile section */

/* Begin PBXContainerItemProxy section */
		A9BE359A223344BD00F4EC8C /* PBXContainerItemProxy */ = {
			isa = PBXContainerItemProxy;
			containerPortal = A9BE357D223344BA00F4EC8C /* Project object */;
			proxyType = 1;
			remoteGlobalIDString = A9BE3584223344BA00F4EC8C;
			remoteInfo = "Roma Chat";
		};
		A9BE35A5223344BD00F4EC8C /* PBXContainerItemProxy */ = {
			isa = PBXContainerItemProxy;
			containerPortal = A9BE357D223344BA00F4EC8C /* Project object */;
			proxyType = 1;
			remoteGlobalIDString = A9BE3584223344BA00F4EC8C;
			remoteInfo = "Roma Chat";
		};
/* End PBXContainerItemProxy section */

/* Begin PBXFileReference section */
		24D86DA479337042E8AA515B /* Pods_Roma_Chat.framework */ = {isa = PBXFileReference; explicitFileType = wrapper.framework; includeInIndex = 0; path = Pods_Roma_Chat.framework; sourceTree = BUILT_PRODUCTS_DIR; };
		634767F3FC2BEB8B0E492FEE /* Pods_Roma_ChatUITests.framework */ = {isa = PBXFileReference; explicitFileType = wrapper.framework; includeInIndex = 0; path = Pods_Roma_ChatUITests.framework; sourceTree = BUILT_PRODUCTS_DIR; };
		89A3C51FE1870CB70DCEF1BB /* Pods-Roma ChatUITests.debug.xcconfig */ = {isa = PBXFileReference; includeInIndex = 1; lastKnownFileType = text.xcconfig; name = "Pods-Roma ChatUITests.debug.xcconfig"; path = "Target Support Files/Pods-Roma ChatUITests/Pods-Roma ChatUITests.debug.xcconfig"; sourceTree = "<group>"; };
		8AF6B53B6F3394C764B35C4D /* Pods-Roma Chat.debug.xcconfig */ = {isa = PBXFileReference; includeInIndex = 1; lastKnownFileType = text.xcconfig; name = "Pods-Roma Chat.debug.xcconfig"; path = "Target Support Files/Pods-Roma Chat/Pods-Roma Chat.debug.xcconfig"; sourceTree = "<group>"; };
		9413E8F62241F7D300C97862 /* ConversationListViewController.swift */ = {isa = PBXFileReference; lastKnownFileType = sourcecode.swift; path = ConversationListViewController.swift; sourceTree = "<group>"; };
		9413E8F82241F8E900C97862 /* ConversationListCell.xib */ = {isa = PBXFileReference; lastKnownFileType = file.xib; path = ConversationListCell.xib; sourceTree = "<group>"; };
		9413E8FA2241F8FF00C97862 /* ConversationListCell.swift */ = {isa = PBXFileReference; lastKnownFileType = sourcecode.swift; path = ConversationListCell.swift; sourceTree = "<group>"; };
		9413E8FF2241FF8900C97862 /* ConversationViewController.swift */ = {isa = PBXFileReference; lastKnownFileType = sourcecode.swift; path = ConversationViewController.swift; sourceTree = "<group>"; };
		9413E90A2243300C00C97862 /* EndPointType.swift */ = {isa = PBXFileReference; lastKnownFileType = sourcecode.swift; path = EndPointType.swift; sourceTree = "<group>"; };
		9413E90C2243309D00C97862 /* HTTPMethod.swift */ = {isa = PBXFileReference; lastKnownFileType = sourcecode.swift; path = HTTPMethod.swift; sourceTree = "<group>"; };
		9413E90E2243310300C97862 /* HTTPTask.swift */ = {isa = PBXFileReference; lastKnownFileType = sourcecode.swift; path = HTTPTask.swift; sourceTree = "<group>"; };
		9413E910224331AB00C97862 /* PrameterEncoding.swift */ = {isa = PBXFileReference; lastKnownFileType = sourcecode.swift; path = PrameterEncoding.swift; sourceTree = "<group>"; };
		9413E9122243328600C97862 /* URLParameterEncoder.swift */ = {isa = PBXFileReference; lastKnownFileType = sourcecode.swift; path = URLParameterEncoder.swift; sourceTree = "<group>"; };
		9413E9142243347800C97862 /* JSONParameterEncoder.swift */ = {isa = PBXFileReference; lastKnownFileType = sourcecode.swift; path = JSONParameterEncoder.swift; sourceTree = "<group>"; };
		9413E9162243352D00C97862 /* NetworkRouter.swift */ = {isa = PBXFileReference; lastKnownFileType = sourcecode.swift; path = NetworkRouter.swift; sourceTree = "<group>"; };
		9413E918224335F800C97862 /* Router.swift */ = {isa = PBXFileReference; lastKnownFileType = sourcecode.swift; path = Router.swift; sourceTree = "<group>"; };
		9413E91A22433B8600C97862 /* MovieApiTest.swift */ = {isa = PBXFileReference; lastKnownFileType = sourcecode.swift; path = MovieApiTest.swift; sourceTree = "<group>"; };
		9413E91F22433C4C00C97862 /* MovieModel.swift */ = {isa = PBXFileReference; lastKnownFileType = sourcecode.swift; path = MovieModel.swift; sourceTree = "<group>"; };
		9413E92122433C7500C97862 /* NetworkManager.swift */ = {isa = PBXFileReference; lastKnownFileType = sourcecode.swift; path = NetworkManager.swift; sourceTree = "<group>"; };
		947543C0223758F900289005 /* LandingViewController.swift */ = {isa = PBXFileReference; fileEncoding = 4; lastKnownFileType = sourcecode.swift; path = LandingViewController.swift; sourceTree = "<group>"; };
		949E482E2237313E00B931F9 /* MasterViewController.swift */ = {isa = PBXFileReference; lastKnownFileType = sourcecode.swift; path = MasterViewController.swift; sourceTree = "<group>"; };
		949E4836223736FD00B931F9 /* CameraView.xib */ = {isa = PBXFileReference; lastKnownFileType = file.xib; path = CameraView.xib; sourceTree = "<group>"; };
		949E48382237370F00B931F9 /* CameraView.swift */ = {isa = PBXFileReference; lastKnownFileType = sourcecode.swift; path = CameraView.swift; sourceTree = "<group>"; };
		A9BE3585223344BA00F4EC8C /* Roma Chat.app */ = {isa = PBXFileReference; explicitFileType = wrapper.application; includeInIndex = 0; path = "Roma Chat.app"; sourceTree = BUILT_PRODUCTS_DIR; };
		A9BE3588223344BA00F4EC8C /* AppDelegate.swift */ = {isa = PBXFileReference; lastKnownFileType = sourcecode.swift; path = AppDelegate.swift; sourceTree = "<group>"; };
		A9BE358D223344BA00F4EC8C /* Base */ = {isa = PBXFileReference; lastKnownFileType = file.storyboard; name = Base; path = Base.lproj/Main.storyboard; sourceTree = "<group>"; };
		A9BE358F223344BD00F4EC8C /* Assets.xcassets */ = {isa = PBXFileReference; lastKnownFileType = folder.assetcatalog; path = Assets.xcassets; sourceTree = "<group>"; };
		A9BE3592223344BD00F4EC8C /* Base */ = {isa = PBXFileReference; lastKnownFileType = file.storyboard; name = Base; path = Base.lproj/LaunchScreen.storyboard; sourceTree = "<group>"; };
		A9BE3594223344BD00F4EC8C /* Info.plist */ = {isa = PBXFileReference; lastKnownFileType = text.plist.xml; path = Info.plist; sourceTree = "<group>"; };
		A9BE3599223344BD00F4EC8C /* Roma ChatTests.xctest */ = {isa = PBXFileReference; explicitFileType = wrapper.cfbundle; includeInIndex = 0; path = "Roma ChatTests.xctest"; sourceTree = BUILT_PRODUCTS_DIR; };
		A9BE359D223344BD00F4EC8C /* Roma_ChatTests.swift */ = {isa = PBXFileReference; lastKnownFileType = sourcecode.swift; path = Roma_ChatTests.swift; sourceTree = "<group>"; };
		A9BE359F223344BD00F4EC8C /* Info.plist */ = {isa = PBXFileReference; lastKnownFileType = text.plist.xml; path = Info.plist; sourceTree = "<group>"; };
		A9BE35A4223344BD00F4EC8C /* Roma ChatUITests.xctest */ = {isa = PBXFileReference; explicitFileType = wrapper.cfbundle; includeInIndex = 0; path = "Roma ChatUITests.xctest"; sourceTree = BUILT_PRODUCTS_DIR; };
		A9BE35A8223344BD00F4EC8C /* Roma_ChatUITests.swift */ = {isa = PBXFileReference; lastKnownFileType = sourcecode.swift; path = Roma_ChatUITests.swift; sourceTree = "<group>"; };
		A9BE35AA223344BD00F4EC8C /* Info.plist */ = {isa = PBXFileReference; lastKnownFileType = text.plist.xml; path = Info.plist; sourceTree = "<group>"; };
		DACC687EB73CAFCB85EDC780 /* Pods-Roma ChatTests.release.xcconfig */ = {isa = PBXFileReference; includeInIndex = 1; lastKnownFileType = text.xcconfig; name = "Pods-Roma ChatTests.release.xcconfig"; path = "Target Support Files/Pods-Roma ChatTests/Pods-Roma ChatTests.release.xcconfig"; sourceTree = "<group>"; };
		E84BE0CE95D0020CAEBAE54C /* Pods-Roma ChatTests.debug.xcconfig */ = {isa = PBXFileReference; includeInIndex = 1; lastKnownFileType = text.xcconfig; name = "Pods-Roma ChatTests.debug.xcconfig"; path = "Target Support Files/Pods-Roma ChatTests/Pods-Roma ChatTests.debug.xcconfig"; sourceTree = "<group>"; };
		E9978259EE46C385A6EC9EFD /* Pods-Roma Chat.release.xcconfig */ = {isa = PBXFileReference; includeInIndex = 1; lastKnownFileType = text.xcconfig; name = "Pods-Roma Chat.release.xcconfig"; path = "Target Support Files/Pods-Roma Chat/Pods-Roma Chat.release.xcconfig"; sourceTree = "<group>"; };
		ED414D1FB025858556A983C6 /* Pods-Roma ChatUITests.release.xcconfig */ = {isa = PBXFileReference; includeInIndex = 1; lastKnownFileType = text.xcconfig; name = "Pods-Roma ChatUITests.release.xcconfig"; path = "Target Support Files/Pods-Roma ChatUITests/Pods-Roma ChatUITests.release.xcconfig"; sourceTree = "<group>"; };
		FAD73DE07CCCCFA7381287F8 /* Pods_Roma_ChatTests.framework */ = {isa = PBXFileReference; explicitFileType = wrapper.framework; includeInIndex = 0; path = Pods_Roma_ChatTests.framework; sourceTree = BUILT_PRODUCTS_DIR; };
/* End PBXFileReference section */

/* Begin PBXFrameworksBuildPhase section */
		A9BE3582223344BA00F4EC8C /* Frameworks */ = {
			isa = PBXFrameworksBuildPhase;
			buildActionMask = 2147483647;
			files = (
				5F04EBA0B8E237F946A6D5BE /* Pods_Roma_Chat.framework in Frameworks */,
			);
			runOnlyForDeploymentPostprocessing = 0;
		};
		A9BE3596223344BD00F4EC8C /* Frameworks */ = {
			isa = PBXFrameworksBuildPhase;
			buildActionMask = 2147483647;
			files = (
				7F9B95617CA2CDF9BB2FFD2B /* Pods_Roma_ChatTests.framework in Frameworks */,
			);
			runOnlyForDeploymentPostprocessing = 0;
		};
		A9BE35A1223344BD00F4EC8C /* Frameworks */ = {
			isa = PBXFrameworksBuildPhase;
			buildActionMask = 2147483647;
			files = (
				75B556434460E795D72F1680 /* Pods_Roma_ChatUITests.framework in Frameworks */,
			);
			runOnlyForDeploymentPostprocessing = 0;
		};
/* End PBXFrameworksBuildPhase section */

/* Begin PBXGroup section */
		747C394F9D54C851AEC79513 /* Frameworks */ = {
			isa = PBXGroup;
			children = (
				24D86DA479337042E8AA515B /* Pods_Roma_Chat.framework */,
				FAD73DE07CCCCFA7381287F8 /* Pods_Roma_ChatTests.framework */,
				634767F3FC2BEB8B0E492FEE /* Pods_Roma_ChatUITests.framework */,
			);
			name = Frameworks;
			sourceTree = "<group>";
		};
		9413E8FD2241FF1B00C97862 /* Conversations */ = {
			isa = PBXGroup;
			children = (
				9413E9012241FF9700C97862 /* ConversationList */,
				9413E9022241FFAC00C97862 /* Conversation */,
			);
			path = Conversations;
			sourceTree = "<group>";
		};
		9413E8FE2241FF2700C97862 /* Feeds */ = {
			isa = PBXGroup;
			children = (
			);
			path = Feeds;
			sourceTree = "<group>";
		};
		9413E9012241FF9700C97862 /* ConversationList */ = {
			isa = PBXGroup;
			children = (
				9413E8F62241F7D300C97862 /* ConversationListViewController.swift */,
				9413E8F82241F8E900C97862 /* ConversationListCell.xib */,
				9413E8FA2241F8FF00C97862 /* ConversationListCell.swift */,
			);
			path = ConversationList;
			sourceTree = "<group>";
		};
		9413E9022241FFAC00C97862 /* Conversation */ = {
			isa = PBXGroup;
			children = (
				9413E8FF2241FF8900C97862 /* ConversationViewController.swift */,
			);
			path = Conversation;
			sourceTree = "<group>";
		};
		9413E90522432F8400C97862 /* Networking */ = {
			isa = PBXGroup;
			children = (
				9413E90922432FAF00C97862 /* EndPoint */,
				9413E90822432FA500C97862 /* Manager */,
				9413E90722432F9F00C97862 /* Encoding */,
				9413E90622432F8C00C97862 /* Service */,
			);
			path = Networking;
			sourceTree = "<group>";
		};
		9413E90622432F8C00C97862 /* Service */ = {
			isa = PBXGroup;
			children = (
				9413E90A2243300C00C97862 /* EndPointType.swift */,
				9413E90C2243309D00C97862 /* HTTPMethod.swift */,
				9413E90E2243310300C97862 /* HTTPTask.swift */,
				9413E9162243352D00C97862 /* NetworkRouter.swift */,
				9413E918224335F800C97862 /* Router.swift */,
			);
			path = Service;
			sourceTree = "<group>";
		};
		9413E90722432F9F00C97862 /* Encoding */ = {
			isa = PBXGroup;
			children = (
				9413E910224331AB00C97862 /* PrameterEncoding.swift */,
				9413E9122243328600C97862 /* URLParameterEncoder.swift */,
				9413E9142243347800C97862 /* JSONParameterEncoder.swift */,
			);
			path = Encoding;
			sourceTree = "<group>";
		};
		9413E90822432FA500C97862 /* Manager */ = {
			isa = PBXGroup;
			children = (
				9413E92122433C7500C97862 /* NetworkManager.swift */,
			);
			path = Manager;
			sourceTree = "<group>";
		};
		9413E90922432FAF00C97862 /* EndPoint */ = {
			isa = PBXGroup;
			children = (
				9413E91A22433B8600C97862 /* MovieApiTest.swift */,
			);
			path = EndPoint;
			sourceTree = "<group>";
		};
		9413E91E22433C3000C97862 /* Data Models */ = {
			isa = PBXGroup;
			children = (
				9413E91F22433C4C00C97862 /* MovieModel.swift */,
			);
			path = "Data Models";
			sourceTree = "<group>";
		};
		A9BE357C223344BA00F4EC8C = {
			isa = PBXGroup;
			children = (
				A9BE3587223344BA00F4EC8C /* Roma Chat */,
				A9BE359C223344BD00F4EC8C /* Roma ChatTests */,
				A9BE35A7223344BD00F4EC8C /* Roma ChatUITests */,
				A9BE3586223344BA00F4EC8C /* Products */,
				F304C1BEA9EA88ADB24F0F5D /* Pods */,
				747C394F9D54C851AEC79513 /* Frameworks */,
			);
			sourceTree = "<group>";
		};
		A9BE3586223344BA00F4EC8C /* Products */ = {
			isa = PBXGroup;
			children = (
				A9BE3585223344BA00F4EC8C /* Roma Chat.app */,
				A9BE3599223344BD00F4EC8C /* Roma ChatTests.xctest */,
				A9BE35A4223344BD00F4EC8C /* Roma ChatUITests.xctest */,
			);
			name = Products;
			sourceTree = "<group>";
		};
		A9BE3587223344BA00F4EC8C /* Roma Chat */ = {
			isa = PBXGroup;
			children = (
				9413E91E22433C3000C97862 /* Data Models */,
				9413E90522432F8400C97862 /* Networking */,
				A9BE3588223344BA00F4EC8C /* AppDelegate.swift */,
				947543C0223758F900289005 /* LandingViewController.swift */,
				949E482E2237313E00B931F9 /* MasterViewController.swift */,
				9413E8FD2241FF1B00C97862 /* Conversations */,
				9413E8FE2241FF2700C97862 /* Feeds */,
				A9BE358C223344BA00F4EC8C /* Main.storyboard */,
				949E48382237370F00B931F9 /* CameraView.swift */,
				949E4836223736FD00B931F9 /* CameraView.xib */,
				A9BE358F223344BD00F4EC8C /* Assets.xcassets */,
				A9BE3591223344BD00F4EC8C /* LaunchScreen.storyboard */,
				A9BE3594223344BD00F4EC8C /* Info.plist */,
			);
			path = "Roma Chat";
			sourceTree = "<group>";
		};
		A9BE359C223344BD00F4EC8C /* Roma ChatTests */ = {
			isa = PBXGroup;
			children = (
				A9BE359D223344BD00F4EC8C /* Roma_ChatTests.swift */,
				A9BE359F223344BD00F4EC8C /* Info.plist */,
			);
			path = "Roma ChatTests";
			sourceTree = "<group>";
		};
		A9BE35A7223344BD00F4EC8C /* Roma ChatUITests */ = {
			isa = PBXGroup;
			children = (
				A9BE35A8223344BD00F4EC8C /* Roma_ChatUITests.swift */,
				A9BE35AA223344BD00F4EC8C /* Info.plist */,
			);
			path = "Roma ChatUITests";
			sourceTree = "<group>";
		};
		F304C1BEA9EA88ADB24F0F5D /* Pods */ = {
			isa = PBXGroup;
			children = (
				8AF6B53B6F3394C764B35C4D /* Pods-Roma Chat.debug.xcconfig */,
				E9978259EE46C385A6EC9EFD /* Pods-Roma Chat.release.xcconfig */,
				E84BE0CE95D0020CAEBAE54C /* Pods-Roma ChatTests.debug.xcconfig */,
				DACC687EB73CAFCB85EDC780 /* Pods-Roma ChatTests.release.xcconfig */,
				89A3C51FE1870CB70DCEF1BB /* Pods-Roma ChatUITests.debug.xcconfig */,
				ED414D1FB025858556A983C6 /* Pods-Roma ChatUITests.release.xcconfig */,
			);
			path = Pods;
			sourceTree = "<group>";
		};
/* End PBXGroup section */

/* Begin PBXNativeTarget section */
		A9BE3584223344BA00F4EC8C /* Roma Chat */ = {
			isa = PBXNativeTarget;
			buildConfigurationList = A9BE35AD223344BD00F4EC8C /* Build configuration list for PBXNativeTarget "Roma Chat" */;
			buildPhases = (
				31AC306BEC9DF0935D00BEA8 /* [CP] Check Pods Manifest.lock */,
				A9BE3581223344BA00F4EC8C /* Sources */,
				A9BE3582223344BA00F4EC8C /* Frameworks */,
				A9BE3583223344BA00F4EC8C /* Resources */,
				F26F14B8318F6E787172009F /* [CP] Embed Pods Frameworks */,
			);
			buildRules = (
			);
			dependencies = (
			);
			name = "Roma Chat";
			productName = "Roma Chat";
			productReference = A9BE3585223344BA00F4EC8C /* Roma Chat.app */;
			productType = "com.apple.product-type.application";
		};
		A9BE3598223344BD00F4EC8C /* Roma ChatTests */ = {
			isa = PBXNativeTarget;
			buildConfigurationList = A9BE35B0223344BD00F4EC8C /* Build configuration list for PBXNativeTarget "Roma ChatTests" */;
			buildPhases = (
				27AE0E6839E2FE61622ACBE7 /* [CP] Check Pods Manifest.lock */,
				A9BE3595223344BD00F4EC8C /* Sources */,
				A9BE3596223344BD00F4EC8C /* Frameworks */,
				A9BE3597223344BD00F4EC8C /* Resources */,
			);
			buildRules = (
			);
			dependencies = (
				A9BE359B223344BD00F4EC8C /* PBXTargetDependency */,
			);
			name = "Roma ChatTests";
			productName = "Roma ChatTests";
			productReference = A9BE3599223344BD00F4EC8C /* Roma ChatTests.xctest */;
			productType = "com.apple.product-type.bundle.unit-test";
		};
		A9BE35A3223344BD00F4EC8C /* Roma ChatUITests */ = {
			isa = PBXNativeTarget;
			buildConfigurationList = A9BE35B3223344BD00F4EC8C /* Build configuration list for PBXNativeTarget "Roma ChatUITests" */;
			buildPhases = (
				E9EFC737568245179B574A2A /* [CP] Check Pods Manifest.lock */,
				A9BE35A0223344BD00F4EC8C /* Sources */,
				A9BE35A1223344BD00F4EC8C /* Frameworks */,
				A9BE35A2223344BD00F4EC8C /* Resources */,
			);
			buildRules = (
			);
			dependencies = (
				A9BE35A6223344BD00F4EC8C /* PBXTargetDependency */,
			);
			name = "Roma ChatUITests";
			productName = "Roma ChatUITests";
			productReference = A9BE35A4223344BD00F4EC8C /* Roma ChatUITests.xctest */;
			productType = "com.apple.product-type.bundle.ui-testing";
		};
/* End PBXNativeTarget section */

/* Begin PBXProject section */
		A9BE357D223344BA00F4EC8C /* Project object */ = {
			isa = PBXProject;
			attributes = {
				LastSwiftUpdateCheck = 1010;
				LastUpgradeCheck = 1010;
				ORGANIZATIONNAME = "Barrett Breshears";
				TargetAttributes = {
					A9BE3584223344BA00F4EC8C = {
						CreatedOnToolsVersion = 10.1;
					};
					A9BE3598223344BD00F4EC8C = {
						CreatedOnToolsVersion = 10.1;
						TestTargetID = A9BE3584223344BA00F4EC8C;
					};
					A9BE35A3223344BD00F4EC8C = {
						CreatedOnToolsVersion = 10.1;
						TestTargetID = A9BE3584223344BA00F4EC8C;
					};
				};
			};
			buildConfigurationList = A9BE3580223344BA00F4EC8C /* Build configuration list for PBXProject "Roma Chat" */;
			compatibilityVersion = "Xcode 9.3";
			developmentRegion = en;
			hasScannedForEncodings = 0;
			knownRegions = (
				en,
				Base,
			);
			mainGroup = A9BE357C223344BA00F4EC8C;
			productRefGroup = A9BE3586223344BA00F4EC8C /* Products */;
			projectDirPath = "";
			projectRoot = "";
			targets = (
				A9BE3584223344BA00F4EC8C /* Roma Chat */,
				A9BE3598223344BD00F4EC8C /* Roma ChatTests */,
				A9BE35A3223344BD00F4EC8C /* Roma ChatUITests */,
			);
		};
/* End PBXProject section */

/* Begin PBXResourcesBuildPhase section */
		A9BE3583223344BA00F4EC8C /* Resources */ = {
			isa = PBXResourcesBuildPhase;
			buildActionMask = 2147483647;
			files = (
				A9BE3593223344BD00F4EC8C /* LaunchScreen.storyboard in Resources */,
				A9BE3590223344BD00F4EC8C /* Assets.xcassets in Resources */,
				949E4837223736FD00B931F9 /* CameraView.xib in Resources */,
				A9BE358E223344BA00F4EC8C /* Main.storyboard in Resources */,
				9413E8F92241F8E900C97862 /* ConversationListCell.xib in Resources */,
			);
			runOnlyForDeploymentPostprocessing = 0;
		};
		A9BE3597223344BD00F4EC8C /* Resources */ = {
			isa = PBXResourcesBuildPhase;
			buildActionMask = 2147483647;
			files = (
			);
			runOnlyForDeploymentPostprocessing = 0;
		};
		A9BE35A2223344BD00F4EC8C /* Resources */ = {
			isa = PBXResourcesBuildPhase;
			buildActionMask = 2147483647;
			files = (
			);
			runOnlyForDeploymentPostprocessing = 0;
		};
/* End PBXResourcesBuildPhase section */

/* Begin PBXShellScriptBuildPhase section */
		27AE0E6839E2FE61622ACBE7 /* [CP] Check Pods Manifest.lock */ = {
			isa = PBXShellScriptBuildPhase;
			buildActionMask = 2147483647;
			files = (
			);
			inputFileListPaths = (
			);
			inputPaths = (
				"${PODS_PODFILE_DIR_PATH}/Podfile.lock",
				"${PODS_ROOT}/Manifest.lock",
			);
			name = "[CP] Check Pods Manifest.lock";
			outputFileListPaths = (
			);
			outputPaths = (
				"$(DERIVED_FILE_DIR)/Pods-Roma ChatTests-checkManifestLockResult.txt",
			);
			runOnlyForDeploymentPostprocessing = 0;
			shellPath = /bin/sh;
			shellScript = "diff \"${PODS_PODFILE_DIR_PATH}/Podfile.lock\" \"${PODS_ROOT}/Manifest.lock\" > /dev/null\nif [ $? != 0 ] ; then\n    # print error to STDERR\n    echo \"error: The sandbox is not in sync with the Podfile.lock. Run 'pod install' or update your CocoaPods installation.\" >&2\n    exit 1\nfi\n# This output is used by Xcode 'outputs' to avoid re-running this script phase.\necho \"SUCCESS\" > \"${SCRIPT_OUTPUT_FILE_0}\"\n";
			showEnvVarsInLog = 0;
		};
		31AC306BEC9DF0935D00BEA8 /* [CP] Check Pods Manifest.lock */ = {
			isa = PBXShellScriptBuildPhase;
			buildActionMask = 2147483647;
			files = (
			);
			inputFileListPaths = (
			);
			inputPaths = (
				"${PODS_PODFILE_DIR_PATH}/Podfile.lock",
				"${PODS_ROOT}/Manifest.lock",
			);
			name = "[CP] Check Pods Manifest.lock";
			outputFileListPaths = (
			);
			outputPaths = (
				"$(DERIVED_FILE_DIR)/Pods-Roma Chat-checkManifestLockResult.txt",
			);
			runOnlyForDeploymentPostprocessing = 0;
			shellPath = /bin/sh;
			shellScript = "diff \"${PODS_PODFILE_DIR_PATH}/Podfile.lock\" \"${PODS_ROOT}/Manifest.lock\" > /dev/null\nif [ $? != 0 ] ; then\n    # print error to STDERR\n    echo \"error: The sandbox is not in sync with the Podfile.lock. Run 'pod install' or update your CocoaPods installation.\" >&2\n    exit 1\nfi\n# This output is used by Xcode 'outputs' to avoid re-running this script phase.\necho \"SUCCESS\" > \"${SCRIPT_OUTPUT_FILE_0}\"\n";
			showEnvVarsInLog = 0;
		};
		E9EFC737568245179B574A2A /* [CP] Check Pods Manifest.lock */ = {
			isa = PBXShellScriptBuildPhase;
			buildActionMask = 2147483647;
			files = (
			);
			inputFileListPaths = (
			);
			inputPaths = (
				"${PODS_PODFILE_DIR_PATH}/Podfile.lock",
				"${PODS_ROOT}/Manifest.lock",
			);
			name = "[CP] Check Pods Manifest.lock";
			outputFileListPaths = (
			);
			outputPaths = (
				"$(DERIVED_FILE_DIR)/Pods-Roma ChatUITests-checkManifestLockResult.txt",
			);
			runOnlyForDeploymentPostprocessing = 0;
			shellPath = /bin/sh;
			shellScript = "diff \"${PODS_PODFILE_DIR_PATH}/Podfile.lock\" \"${PODS_ROOT}/Manifest.lock\" > /dev/null\nif [ $? != 0 ] ; then\n    # print error to STDERR\n    echo \"error: The sandbox is not in sync with the Podfile.lock. Run 'pod install' or update your CocoaPods installation.\" >&2\n    exit 1\nfi\n# This output is used by Xcode 'outputs' to avoid re-running this script phase.\necho \"SUCCESS\" > \"${SCRIPT_OUTPUT_FILE_0}\"\n";
			showEnvVarsInLog = 0;
		};
		F26F14B8318F6E787172009F /* [CP] Embed Pods Frameworks */ = {
			isa = PBXShellScriptBuildPhase;
			buildActionMask = 2147483647;
			files = (
			);
			inputFileListPaths = (
			);
			inputPaths = (
				"${PODS_ROOT}/Target Support Files/Pods-Roma Chat/Pods-Roma Chat-frameworks.sh",
				"${BUILT_PRODUCTS_DIR}/GoogleUtilities/GoogleUtilities.framework",
				"${BUILT_PRODUCTS_DIR}/nanopb/nanopb.framework",
			);
			name = "[CP] Embed Pods Frameworks";
			outputFileListPaths = (
			);
			outputPaths = (
				"${TARGET_BUILD_DIR}/${FRAMEWORKS_FOLDER_PATH}/GoogleUtilities.framework",
				"${TARGET_BUILD_DIR}/${FRAMEWORKS_FOLDER_PATH}/nanopb.framework",
			);
			runOnlyForDeploymentPostprocessing = 0;
			shellPath = /bin/sh;
			shellScript = "\"${PODS_ROOT}/Target Support Files/Pods-Roma Chat/Pods-Roma Chat-frameworks.sh\"\n";
			showEnvVarsInLog = 0;
		};
/* End PBXShellScriptBuildPhase section */

/* Begin PBXSourcesBuildPhase section */
		A9BE3581223344BA00F4EC8C /* Sources */ = {
			isa = PBXSourcesBuildPhase;
			buildActionMask = 2147483647;
			files = (
				9413E92222433C7500C97862 /* NetworkManager.swift in Sources */,
				9413E90B2243300C00C97862 /* EndPointType.swift in Sources */,
				9413E9002241FF8900C97862 /* ConversationViewController.swift in Sources */,
				949E482F2237313E00B931F9 /* MasterViewController.swift in Sources */,
				949E48392237370F00B931F9 /* CameraView.swift in Sources */,
				9413E9152243347800C97862 /* JSONParameterEncoder.swift in Sources */,
				9413E8F72241F7D300C97862 /* ConversationListViewController.swift in Sources */,
				9413E92022433C4C00C97862 /* MovieModel.swift in Sources */,
				9413E90D2243309D00C97862 /* HTTPMethod.swift in Sources */,
				9413E91B22433B8600C97862 /* MovieApiTest.swift in Sources */,
				9413E919224335F800C97862 /* Router.swift in Sources */,
				9413E90F2243310300C97862 /* HTTPTask.swift in Sources */,
				947543C1223758F900289005 /* LandingViewController.swift in Sources */,
				9413E9132243328600C97862 /* URLParameterEncoder.swift in Sources */,
				9413E911224331AB00C97862 /* PrameterEncoding.swift in Sources */,
				9413E8FB2241F8FF00C97862 /* ConversationListCell.swift in Sources */,
				A9BE3589223344BA00F4EC8C /* AppDelegate.swift in Sources */,
				9413E9172243352D00C97862 /* NetworkRouter.swift in Sources */,
			);
			runOnlyForDeploymentPostprocessing = 0;
		};
		A9BE3595223344BD00F4EC8C /* Sources */ = {
			isa = PBXSourcesBuildPhase;
			buildActionMask = 2147483647;
			files = (
				A9BE359E223344BD00F4EC8C /* Roma_ChatTests.swift in Sources */,
			);
			runOnlyForDeploymentPostprocessing = 0;
		};
		A9BE35A0223344BD00F4EC8C /* Sources */ = {
			isa = PBXSourcesBuildPhase;
			buildActionMask = 2147483647;
			files = (
				A9BE35A9223344BD00F4EC8C /* Roma_ChatUITests.swift in Sources */,
			);
			runOnlyForDeploymentPostprocessing = 0;
		};
/* End PBXSourcesBuildPhase section */

/* Begin PBXTargetDependency section */
		A9BE359B223344BD00F4EC8C /* PBXTargetDependency */ = {
			isa = PBXTargetDependency;
			target = A9BE3584223344BA00F4EC8C /* Roma Chat */;
			targetProxy = A9BE359A223344BD00F4EC8C /* PBXContainerItemProxy */;
		};
		A9BE35A6223344BD00F4EC8C /* PBXTargetDependency */ = {
			isa = PBXTargetDependency;
			target = A9BE3584223344BA00F4EC8C /* Roma Chat */;
			targetProxy = A9BE35A5223344BD00F4EC8C /* PBXContainerItemProxy */;
		};
/* End PBXTargetDependency section */

/* Begin PBXVariantGroup section */
		A9BE358C223344BA00F4EC8C /* Main.storyboard */ = {
			isa = PBXVariantGroup;
			children = (
				A9BE358D223344BA00F4EC8C /* Base */,
			);
			name = Main.storyboard;
			sourceTree = "<group>";
		};
		A9BE3591223344BD00F4EC8C /* LaunchScreen.storyboard */ = {
			isa = PBXVariantGroup;
			children = (
				A9BE3592223344BD00F4EC8C /* Base */,
			);
			name = LaunchScreen.storyboard;
			sourceTree = "<group>";
		};
/* End PBXVariantGroup section */

/* Begin XCBuildConfiguration section */
		A9BE35AB223344BD00F4EC8C /* Debug */ = {
			isa = XCBuildConfiguration;
			buildSettings = {
				ALWAYS_SEARCH_USER_PATHS = NO;
				CLANG_ANALYZER_NONNULL = YES;
				CLANG_ANALYZER_NUMBER_OBJECT_CONVERSION = YES_AGGRESSIVE;
				CLANG_CXX_LANGUAGE_STANDARD = "gnu++14";
				CLANG_CXX_LIBRARY = "libc++";
				CLANG_ENABLE_MODULES = YES;
				CLANG_ENABLE_OBJC_ARC = YES;
				CLANG_ENABLE_OBJC_WEAK = YES;
				CLANG_WARN_BLOCK_CAPTURE_AUTORELEASING = YES;
				CLANG_WARN_BOOL_CONVERSION = YES;
				CLANG_WARN_COMMA = YES;
				CLANG_WARN_CONSTANT_CONVERSION = YES;
				CLANG_WARN_DEPRECATED_OBJC_IMPLEMENTATIONS = YES;
				CLANG_WARN_DIRECT_OBJC_ISA_USAGE = YES_ERROR;
				CLANG_WARN_DOCUMENTATION_COMMENTS = YES;
				CLANG_WARN_EMPTY_BODY = YES;
				CLANG_WARN_ENUM_CONVERSION = YES;
				CLANG_WARN_INFINITE_RECURSION = YES;
				CLANG_WARN_INT_CONVERSION = YES;
				CLANG_WARN_NON_LITERAL_NULL_CONVERSION = YES;
				CLANG_WARN_OBJC_IMPLICIT_RETAIN_SELF = YES;
				CLANG_WARN_OBJC_LITERAL_CONVERSION = YES;
				CLANG_WARN_OBJC_ROOT_CLASS = YES_ERROR;
				CLANG_WARN_RANGE_LOOP_ANALYSIS = YES;
				CLANG_WARN_STRICT_PROTOTYPES = YES;
				CLANG_WARN_SUSPICIOUS_MOVE = YES;
				CLANG_WARN_UNGUARDED_AVAILABILITY = YES_AGGRESSIVE;
				CLANG_WARN_UNREACHABLE_CODE = YES;
				CLANG_WARN__DUPLICATE_METHOD_MATCH = YES;
				CODE_SIGN_IDENTITY = "iPhone Developer";
				COPY_PHASE_STRIP = NO;
				DEBUG_INFORMATION_FORMAT = dwarf;
				ENABLE_STRICT_OBJC_MSGSEND = YES;
				ENABLE_TESTABILITY = YES;
				GCC_C_LANGUAGE_STANDARD = gnu11;
				GCC_DYNAMIC_NO_PIC = NO;
				GCC_NO_COMMON_BLOCKS = YES;
				GCC_OPTIMIZATION_LEVEL = 0;
				GCC_PREPROCESSOR_DEFINITIONS = (
					"DEBUG=1",
					"$(inherited)",
				);
				GCC_WARN_64_TO_32_BIT_CONVERSION = YES;
				GCC_WARN_ABOUT_RETURN_TYPE = YES_ERROR;
				GCC_WARN_UNDECLARED_SELECTOR = YES;
				GCC_WARN_UNINITIALIZED_AUTOS = YES_AGGRESSIVE;
				GCC_WARN_UNUSED_FUNCTION = YES;
				GCC_WARN_UNUSED_VARIABLE = YES;
				IPHONEOS_DEPLOYMENT_TARGET = 12.1;
				MTL_ENABLE_DEBUG_INFO = INCLUDE_SOURCE;
				MTL_FAST_MATH = YES;
				ONLY_ACTIVE_ARCH = YES;
				SDKROOT = iphoneos;
				SWIFT_ACTIVE_COMPILATION_CONDITIONS = DEBUG;
				SWIFT_OPTIMIZATION_LEVEL = "-Onone";
			};
			name = Debug;
		};
		A9BE35AC223344BD00F4EC8C /* Release */ = {
			isa = XCBuildConfiguration;
			buildSettings = {
				ALWAYS_SEARCH_USER_PATHS = NO;
				CLANG_ANALYZER_NONNULL = YES;
				CLANG_ANALYZER_NUMBER_OBJECT_CONVERSION = YES_AGGRESSIVE;
				CLANG_CXX_LANGUAGE_STANDARD = "gnu++14";
				CLANG_CXX_LIBRARY = "libc++";
				CLANG_ENABLE_MODULES = YES;
				CLANG_ENABLE_OBJC_ARC = YES;
				CLANG_ENABLE_OBJC_WEAK = YES;
				CLANG_WARN_BLOCK_CAPTURE_AUTORELEASING = YES;
				CLANG_WARN_BOOL_CONVERSION = YES;
				CLANG_WARN_COMMA = YES;
				CLANG_WARN_CONSTANT_CONVERSION = YES;
				CLANG_WARN_DEPRECATED_OBJC_IMPLEMENTATIONS = YES;
				CLANG_WARN_DIRECT_OBJC_ISA_USAGE = YES_ERROR;
				CLANG_WARN_DOCUMENTATION_COMMENTS = YES;
				CLANG_WARN_EMPTY_BODY = YES;
				CLANG_WARN_ENUM_CONVERSION = YES;
				CLANG_WARN_INFINITE_RECURSION = YES;
				CLANG_WARN_INT_CONVERSION = YES;
				CLANG_WARN_NON_LITERAL_NULL_CONVERSION = YES;
				CLANG_WARN_OBJC_IMPLICIT_RETAIN_SELF = YES;
				CLANG_WARN_OBJC_LITERAL_CONVERSION = YES;
				CLANG_WARN_OBJC_ROOT_CLASS = YES_ERROR;
				CLANG_WARN_RANGE_LOOP_ANALYSIS = YES;
				CLANG_WARN_STRICT_PROTOTYPES = YES;
				CLANG_WARN_SUSPICIOUS_MOVE = YES;
				CLANG_WARN_UNGUARDED_AVAILABILITY = YES_AGGRESSIVE;
				CLANG_WARN_UNREACHABLE_CODE = YES;
				CLANG_WARN__DUPLICATE_METHOD_MATCH = YES;
				CODE_SIGN_IDENTITY = "iPhone Developer";
				COPY_PHASE_STRIP = NO;
				DEBUG_INFORMATION_FORMAT = "dwarf-with-dsym";
				ENABLE_NS_ASSERTIONS = NO;
				ENABLE_STRICT_OBJC_MSGSEND = YES;
				GCC_C_LANGUAGE_STANDARD = gnu11;
				GCC_NO_COMMON_BLOCKS = YES;
				GCC_WARN_64_TO_32_BIT_CONVERSION = YES;
				GCC_WARN_ABOUT_RETURN_TYPE = YES_ERROR;
				GCC_WARN_UNDECLARED_SELECTOR = YES;
				GCC_WARN_UNINITIALIZED_AUTOS = YES_AGGRESSIVE;
				GCC_WARN_UNUSED_FUNCTION = YES;
				GCC_WARN_UNUSED_VARIABLE = YES;
				IPHONEOS_DEPLOYMENT_TARGET = 12.1;
				MTL_ENABLE_DEBUG_INFO = NO;
				MTL_FAST_MATH = YES;
				SDKROOT = iphoneos;
				SWIFT_COMPILATION_MODE = wholemodule;
				SWIFT_OPTIMIZATION_LEVEL = "-O";
				VALIDATE_PRODUCT = YES;
			};
			name = Release;
		};
		A9BE35AE223344BD00F4EC8C /* Debug */ = {
			isa = XCBuildConfiguration;
			baseConfigurationReference = 8AF6B53B6F3394C764B35C4D /* Pods-Roma Chat.debug.xcconfig */;
			buildSettings = {
				ASSETCATALOG_COMPILER_APPICON_NAME = AppIcon;
				CODE_SIGN_STYLE = Automatic;
				DEVELOPMENT_TEAM = 5877VK992M;
				INFOPLIST_FILE = "Roma Chat/Info.plist";
				LD_RUNPATH_SEARCH_PATHS = (
					"$(inherited)",
					"@executable_path/Frameworks",
				);
				PRODUCT_BUNDLE_IDENTIFIER = "com.vm.Roma-Chat";
				PRODUCT_NAME = "$(TARGET_NAME)";
				SWIFT_VERSION = 4.2;
				TARGETED_DEVICE_FAMILY = "1,2";
			};
			name = Debug;
		};
		A9BE35AF223344BD00F4EC8C /* Release */ = {
			isa = XCBuildConfiguration;
			baseConfigurationReference = E9978259EE46C385A6EC9EFD /* Pods-Roma Chat.release.xcconfig */;
			buildSettings = {
				ASSETCATALOG_COMPILER_APPICON_NAME = AppIcon;
				CODE_SIGN_STYLE = Automatic;
				DEVELOPMENT_TEAM = 5877VK992M;
				INFOPLIST_FILE = "Roma Chat/Info.plist";
				LD_RUNPATH_SEARCH_PATHS = (
					"$(inherited)",
					"@executable_path/Frameworks",
				);
				PRODUCT_BUNDLE_IDENTIFIER = "com.vm.Roma-Chat";
				PRODUCT_NAME = "$(TARGET_NAME)";
				SWIFT_VERSION = 4.2;
				TARGETED_DEVICE_FAMILY = "1,2";
			};
			name = Release;
		};
		A9BE35B1223344BD00F4EC8C /* Debug */ = {
			isa = XCBuildConfiguration;
			baseConfigurationReference = E84BE0CE95D0020CAEBAE54C /* Pods-Roma ChatTests.debug.xcconfig */;
			buildSettings = {
				ALWAYS_EMBED_SWIFT_STANDARD_LIBRARIES = YES;
				BUNDLE_LOADER = "$(TEST_HOST)";
				CODE_SIGN_STYLE = Automatic;
				DEVELOPMENT_TEAM = 5877VK992M;
				INFOPLIST_FILE = "Roma ChatTests/Info.plist";
				LD_RUNPATH_SEARCH_PATHS = (
					"$(inherited)",
					"@executable_path/Frameworks",
					"@loader_path/Frameworks",
				);
				PRODUCT_BUNDLE_IDENTIFIER = "com.vm.Roma-ChatTests";
				PRODUCT_NAME = "$(TARGET_NAME)";
				SWIFT_VERSION = 4.2;
				TARGETED_DEVICE_FAMILY = "1,2";
				TEST_HOST = "$(BUILT_PRODUCTS_DIR)/Roma Chat.app/Roma Chat";
			};
			name = Debug;
		};
		A9BE35B2223344BD00F4EC8C /* Release */ = {
			isa = XCBuildConfiguration;
			baseConfigurationReference = DACC687EB73CAFCB85EDC780 /* Pods-Roma ChatTests.release.xcconfig */;
			buildSettings = {
				ALWAYS_EMBED_SWIFT_STANDARD_LIBRARIES = YES;
				BUNDLE_LOADER = "$(TEST_HOST)";
				CODE_SIGN_STYLE = Automatic;
				DEVELOPMENT_TEAM = 5877VK992M;
				INFOPLIST_FILE = "Roma ChatTests/Info.plist";
				LD_RUNPATH_SEARCH_PATHS = (
					"$(inherited)",
					"@executable_path/Frameworks",
					"@loader_path/Frameworks",
				);
				PRODUCT_BUNDLE_IDENTIFIER = "com.vm.Roma-ChatTests";
				PRODUCT_NAME = "$(TARGET_NAME)";
				SWIFT_VERSION = 4.2;
				TARGETED_DEVICE_FAMILY = "1,2";
				TEST_HOST = "$(BUILT_PRODUCTS_DIR)/Roma Chat.app/Roma Chat";
			};
			name = Release;
		};
		A9BE35B4223344BD00F4EC8C /* Debug */ = {
			isa = XCBuildConfiguration;
			baseConfigurationReference = 89A3C51FE1870CB70DCEF1BB /* Pods-Roma ChatUITests.debug.xcconfig */;
			buildSettings = {
				ALWAYS_EMBED_SWIFT_STANDARD_LIBRARIES = YES;
				CODE_SIGN_STYLE = Automatic;
				DEVELOPMENT_TEAM = 5877VK992M;
				INFOPLIST_FILE = "Roma ChatUITests/Info.plist";
				LD_RUNPATH_SEARCH_PATHS = (
					"$(inherited)",
					"@executable_path/Frameworks",
					"@loader_path/Frameworks",
				);
				PRODUCT_BUNDLE_IDENTIFIER = "com.vm.Roma-ChatUITests";
				PRODUCT_NAME = "$(TARGET_NAME)";
				SWIFT_VERSION = 4.2;
				TARGETED_DEVICE_FAMILY = "1,2";
				TEST_TARGET_NAME = "Roma Chat";
			};
			name = Debug;
		};
		A9BE35B5223344BD00F4EC8C /* Release */ = {
			isa = XCBuildConfiguration;
			baseConfigurationReference = ED414D1FB025858556A983C6 /* Pods-Roma ChatUITests.release.xcconfig */;
			buildSettings = {
				ALWAYS_EMBED_SWIFT_STANDARD_LIBRARIES = YES;
				CODE_SIGN_STYLE = Automatic;
				DEVELOPMENT_TEAM = 5877VK992M;
				INFOPLIST_FILE = "Roma ChatUITests/Info.plist";
				LD_RUNPATH_SEARCH_PATHS = (
					"$(inherited)",
					"@executable_path/Frameworks",
					"@loader_path/Frameworks",
				);
				PRODUCT_BUNDLE_IDENTIFIER = "com.vm.Roma-ChatUITests";
				PRODUCT_NAME = "$(TARGET_NAME)";
				SWIFT_VERSION = 4.2;
				TARGETED_DEVICE_FAMILY = "1,2";
				TEST_TARGET_NAME = "Roma Chat";
			};
			name = Release;
		};
/* End XCBuildConfiguration section */

/* Begin XCConfigurationList section */
		A9BE3580223344BA00F4EC8C /* Build configuration list for PBXProject "Roma Chat" */ = {
			isa = XCConfigurationList;
			buildConfigurations = (
				A9BE35AB223344BD00F4EC8C /* Debug */,
				A9BE35AC223344BD00F4EC8C /* Release */,
			);
			defaultConfigurationIsVisible = 0;
			defaultConfigurationName = Release;
		};
		A9BE35AD223344BD00F4EC8C /* Build configuration list for PBXNativeTarget "Roma Chat" */ = {
			isa = XCConfigurationList;
			buildConfigurations = (
				A9BE35AE223344BD00F4EC8C /* Debug */,
				A9BE35AF223344BD00F4EC8C /* Release */,
			);
			defaultConfigurationIsVisible = 0;
			defaultConfigurationName = Release;
		};
		A9BE35B0223344BD00F4EC8C /* Build configuration list for PBXNativeTarget "Roma ChatTests" */ = {
			isa = XCConfigurationList;
			buildConfigurations = (
				A9BE35B1223344BD00F4EC8C /* Debug */,
				A9BE35B2223344BD00F4EC8C /* Release */,
			);
			defaultConfigurationIsVisible = 0;
			defaultConfigurationName = Release;
		};
		A9BE35B3223344BD00F4EC8C /* Build configuration list for PBXNativeTarget "Roma ChatUITests" */ = {
			isa = XCConfigurationList;
			buildConfigurations = (
				A9BE35B4223344BD00F4EC8C /* Debug */,
				A9BE35B5223344BD00F4EC8C /* Release */,
			);
			defaultConfigurationIsVisible = 0;
			defaultConfigurationName = Release;
		};
/* End XCConfigurationList section */
	};
	rootObject = A9BE357D223344BA00F4EC8C /* Project object */;
}
