// !$*UTF8*$!
{
	archiveVersion = 1;
	classes = {
	};
	objectVersion = 50;
	objects = {

/* Begin PBXBuildFile section */
		5F04EBA0B8E237F946A6D5BE /* Pods_Roma_Chat.framework in Frameworks */ = {isa = PBXBuildFile; fileRef = 24D86DA479337042E8AA515B /* Pods_Roma_Chat.framework */; };
		75B556434460E795D72F1680 /* Pods_Roma_ChatUITests.framework in Frameworks */ = {isa = PBXBuildFile; fileRef = 634767F3FC2BEB8B0E492FEE /* Pods_Roma_ChatUITests.framework */; };
		7F9B95617CA2CDF9BB2FFD2B /* Pods_Roma_ChatTests.framework in Frameworks */ = {isa = PBXBuildFile; fileRef = FAD73DE07CCCCFA7381287F8 /* Pods_Roma_ChatTests.framework */; };
		9413E8F72241F7D300C97862 /* ConversationListScreen.swift in Sources */ = {isa = PBXBuildFile; fileRef = 9413E8F62241F7D300C97862 /* ConversationListScreen.swift */; };
		9413E8F92241F8E900C97862 /* ConversationListCell.xib in Resources */ = {isa = PBXBuildFile; fileRef = 9413E8F82241F8E900C97862 /* ConversationListCell.xib */; };
		9413E8FB2241F8FF00C97862 /* ConversationListCell.swift in Sources */ = {isa = PBXBuildFile; fileRef = 9413E8FA2241F8FF00C97862 /* ConversationListCell.swift */; };
		9413E9002241FF8900C97862 /* ConversationViewController.swift in Sources */ = {isa = PBXBuildFile; fileRef = 9413E8FF2241FF8900C97862 /* ConversationViewController.swift */; };
		9413E9F12244856000C97862 /* PaginationItem.swift in Sources */ = {isa = PBXBuildFile; fileRef = 9413E9B22244856000C97862 /* PaginationItem.swift */; };
		9413E9F22244856000C97862 /* ClientType.swift in Sources */ = {isa = PBXBuildFile; fileRef = 9413E9B32244856000C97862 /* ClientType.swift */; };
		9413E9F32244856000C97862 /* Parameter.swift in Sources */ = {isa = PBXBuildFile; fileRef = 9413E9B42244856000C97862 /* Parameter.swift */; };
		9413E9F42244856000C97862 /* Functions.swift in Sources */ = {isa = PBXBuildFile; fileRef = 9413E9B52244856000C97862 /* Functions.swift */; };
		9413E9F52244856000C97862 /* Result.swift in Sources */ = {isa = PBXBuildFile; fileRef = 9413E9B62244856000C97862 /* Result.swift */; };
		9413E9F62244856000C97862 /* URLComponents.swift in Sources */ = {isa = PBXBuildFile; fileRef = 9413E9B82244856000C97862 /* URLComponents.swift */; };
		9413E9F72244856000C97862 /* CharacterSet.swift in Sources */ = {isa = PBXBuildFile; fileRef = 9413E9B92244856000C97862 /* CharacterSet.swift */; };
		9413E9F82244856000C97862 /* URLRequest.swift in Sources */ = {isa = PBXBuildFile; fileRef = 9413E9BA2244856000C97862 /* URLRequest.swift */; };
		9413E9F92244856000C97862 /* Data.swift in Sources */ = {isa = PBXBuildFile; fileRef = 9413E9BB2244856000C97862 /* Data.swift */; };
		9413E9FA2244856000C97862 /* Decodable.swift in Sources */ = {isa = PBXBuildFile; fileRef = 9413E9BC2244856000C97862 /* Decodable.swift */; };
		9413E9FB2244856000C97862 /* String.swift in Sources */ = {isa = PBXBuildFile; fileRef = 9413E9BD2244856000C97862 /* String.swift */; };
		9413E9FC2244856000C97862 /* DateFormatter.swift in Sources */ = {isa = PBXBuildFile; fileRef = 9413E9BE2244856000C97862 /* DateFormatter.swift */; };
		9413E9FD2244856000C97862 /* HTTPURLResponse.swift in Sources */ = {isa = PBXBuildFile; fileRef = 9413E9BF2244856000C97862 /* HTTPURLResponse.swift */; };
		9413E9FE2244856000C97862 /* Report.swift in Sources */ = {isa = PBXBuildFile; fileRef = 9413E9C12244856000C97862 /* Report.swift */; };
		9413E9FF2244856000C97862 /* Mention.swift in Sources */ = {isa = PBXBuildFile; fileRef = 9413E9C22244856000C97862 /* Mention.swift */; };
		9413EA002244856000C97862 /* AttachmentType.swift in Sources */ = {isa = PBXBuildFile; fileRef = 9413E9C32244856000C97862 /* AttachmentType.swift */; };
		9413EA012244856000C97862 /* Visibility.swift in Sources */ = {isa = PBXBuildFile; fileRef = 9413E9C42244856000C97862 /* Visibility.swift */; };
		9413EA022244856000C97862 /* Attachment.swift in Sources */ = {isa = PBXBuildFile; fileRef = 9413E9C52244856000C97862 /* Attachment.swift */; };
		9413EA032244856000C97862 /* Empty.swift in Sources */ = {isa = PBXBuildFile; fileRef = 9413E9C62244856000C97862 /* Empty.swift */; };
		9413EA042244856000C97862 /* ClientApplication.swift in Sources */ = {isa = PBXBuildFile; fileRef = 9413E9C72244856000C97862 /* ClientApplication.swift */; };
		9413EA052244856000C97862 /* Card.swift in Sources */ = {isa = PBXBuildFile; fileRef = 9413E9C82244856000C97862 /* Card.swift */; };
		9413EA062244856000C97862 /* LoginSettings.swift in Sources */ = {isa = PBXBuildFile; fileRef = 9413E9C92244856000C97862 /* LoginSettings.swift */; };
		9413EA072244856000C97862 /* AccessScope.swift in Sources */ = {isa = PBXBuildFile; fileRef = 9413E9CA2244856000C97862 /* AccessScope.swift */; };
		9413EA082244856000C97862 /* Results.swift in Sources */ = {isa = PBXBuildFile; fileRef = 9413E9CB2244856000C97862 /* Results.swift */; };
		9413EA092244856000C97862 /* List.swift in Sources */ = {isa = PBXBuildFile; fileRef = 9413E9CC2244856000C97862 /* List.swift */; };
		9413EA0A2244856000C97862 /* Context.swift in Sources */ = {isa = PBXBuildFile; fileRef = 9413E9CD2244856000C97862 /* Context.swift */; };
		9413EA0B2244856000C97862 /* Instance.swift in Sources */ = {isa = PBXBuildFile; fileRef = 9413E9CE2244856000C97862 /* Instance.swift */; };
		9413EA0C2244856000C97862 /* Relationship.swift in Sources */ = {isa = PBXBuildFile; fileRef = 9413E9CF2244856000C97862 /* Relationship.swift */; };
		9413EA0D2244856000C97862 /* Notification.swift in Sources */ = {isa = PBXBuildFile; fileRef = 9413E9D02244856000C97862 /* Notification.swift */; };
		9413EA0E2244856000C97862 /* Application.swift in Sources */ = {isa = PBXBuildFile; fileRef = 9413E9D12244856000C97862 /* Application.swift */; };
		9413EA0F2244856000C97862 /* Status.swift in Sources */ = {isa = PBXBuildFile; fileRef = 9413E9D22244856000C97862 /* Status.swift */; };
		9413EA102244856000C97862 /* Emoji.swift in Sources */ = {isa = PBXBuildFile; fileRef = 9413E9D32244856000C97862 /* Emoji.swift */; };
		9413EA112244856000C97862 /* Tag.swift in Sources */ = {isa = PBXBuildFile; fileRef = 9413E9D42244856000C97862 /* Tag.swift */; };
		9413EA122244856000C97862 /* Account.swift in Sources */ = {isa = PBXBuildFile; fileRef = 9413E9D52244856000C97862 /* Account.swift */; };
		9413EA132244856000C97862 /* NotificationType.swift in Sources */ = {isa = PBXBuildFile; fileRef = 9413E9D62244856000C97862 /* NotificationType.swift */; };
		9413EA142244856000C97862 /* RequestError.swift in Sources */ = {isa = PBXBuildFile; fileRef = 9413E9D72244856000C97862 /* RequestError.swift */; };
		9413EA152244856000C97862 /* HTTPMethod.swift in Sources */ = {isa = PBXBuildFile; fileRef = 9413E9D82244856000C97862 /* HTTPMethod.swift */; };
		9413EA162244856000C97862 /* Mutes.swift in Sources */ = {isa = PBXBuildFile; fileRef = 9413E9DA2244856000C97862 /* Mutes.swift */; };
		9413EA172244856000C97862 /* Instances.swift in Sources */ = {isa = PBXBuildFile; fileRef = 9413E9DB2244856000C97862 /* Instances.swift */; };
		9413EA182244856000C97862 /* Statuses.swift in Sources */ = {isa = PBXBuildFile; fileRef = 9413E9DC2244856000C97862 /* Statuses.swift */; };
		9413EA192244856000C97862 /* FollowRequests.swift in Sources */ = {isa = PBXBuildFile; fileRef = 9413E9DD2244856000C97862 /* FollowRequests.swift */; };
		9413EA1A2244856000C97862 /* Login.swift in Sources */ = {isa = PBXBuildFile; fileRef = 9413E9DE2244856000C97862 /* Login.swift */; };
		9413EA1B2244856000C97862 /* Favourites.swift in Sources */ = {isa = PBXBuildFile; fileRef = 9413E9DF2244856000C97862 /* Favourites.swift */; };
		9413EA1C2244856000C97862 /* Blocks.swift in Sources */ = {isa = PBXBuildFile; fileRef = 9413E9E02244856000C97862 /* Blocks.swift */; };
		9413EA1D2244856000C97862 /* Notifications.swift in Sources */ = {isa = PBXBuildFile; fileRef = 9413E9E12244856000C97862 /* Notifications.swift */; };
		9413EA1E2244856000C97862 /* Media.swift in Sources */ = {isa = PBXBuildFile; fileRef = 9413E9E22244856000C97862 /* Media.swift */; };
		9413EA1F2244856000C97862 /* Accounts.swift in Sources */ = {isa = PBXBuildFile; fileRef = 9413E9E32244856000C97862 /* Accounts.swift */; };
		9413EA202244856000C97862 /* Lists.swift in Sources */ = {isa = PBXBuildFile; fileRef = 9413E9E42244856000C97862 /* Lists.swift */; };
		9413EA212244856000C97862 /* Reports.swift in Sources */ = {isa = PBXBuildFile; fileRef = 9413E9E52244856000C97862 /* Reports.swift */; };
		9413EA222244856000C97862 /* Clients.swift in Sources */ = {isa = PBXBuildFile; fileRef = 9413E9E62244856000C97862 /* Clients.swift */; };
		9413EA232244856000C97862 /* DomainBlocks.swift in Sources */ = {isa = PBXBuildFile; fileRef = 9413E9E72244856000C97862 /* DomainBlocks.swift */; };
		9413EA242244856000C97862 /* Search.swift in Sources */ = {isa = PBXBuildFile; fileRef = 9413E9E82244856000C97862 /* Search.swift */; };
		9413EA252244856000C97862 /* Timelines.swift in Sources */ = {isa = PBXBuildFile; fileRef = 9413E9E92244856000C97862 /* Timelines.swift */; };
		9413EA262244856000C97862 /* Pagination.swift in Sources */ = {isa = PBXBuildFile; fileRef = 9413E9EA2244856000C97862 /* Pagination.swift */; };
		9413EA272244856000C97862 /* Client.swift in Sources */ = {isa = PBXBuildFile; fileRef = 9413E9EB2244856000C97862 /* Client.swift */; };
		9413EA282244856000C97862 /* Request.swift in Sources */ = {isa = PBXBuildFile; fileRef = 9413E9EC2244856000C97862 /* Request.swift */; };
		9413EA292244856000C97862 /* RequestRange.swift in Sources */ = {isa = PBXBuildFile; fileRef = 9413E9ED2244856000C97862 /* RequestRange.swift */; };
		9413EA2A2244856000C97862 /* ClientError.swift in Sources */ = {isa = PBXBuildFile; fileRef = 9413E9EE2244856000C97862 /* ClientError.swift */; };
		9413EA2B2244856000C97862 /* Payload.swift in Sources */ = {isa = PBXBuildFile; fileRef = 9413E9EF2244856000C97862 /* Payload.swift */; };
		9413EA2C2244856000C97862 /* MediaAttachment.swift in Sources */ = {isa = PBXBuildFile; fileRef = 9413E9F02244856000C97862 /* MediaAttachment.swift */; };
		9413EA322244861D00C97862 /* AuthenticationManager.swift in Sources */ = {isa = PBXBuildFile; fileRef = 9413EA312244861D00C97862 /* AuthenticationManager.swift */; };
		9413EA34224486DC00C97862 /* Storage.swift in Sources */ = {isa = PBXBuildFile; fileRef = 9413EA33224486DC00C97862 /* Storage.swift */; };
		9413EA3822494FC600C97862 /* InstanceData.swift in Sources */ = {isa = PBXBuildFile; fileRef = 9413EA3722494FC600C97862 /* InstanceData.swift */; };
		9413EA3A2249514B00C97862 /* StoreStruct.swift in Sources */ = {isa = PBXBuildFile; fileRef = 9413EA392249514A00C97862 /* StoreStruct.swift */; };
		9413EA3C224953E600C97862 /* AccountExtension.swift in Sources */ = {isa = PBXBuildFile; fileRef = 9413EA3B224953E600C97862 /* AccountExtension.swift */; };
		9413EA402249591700C97862 /* HashType.swift in Sources */ = {isa = PBXBuildFile; fileRef = 9413EA3F2249591700C97862 /* HashType.swift */; };
		9413EA4222495A7500C97862 /* LandingNavigationController.swift in Sources */ = {isa = PBXBuildFile; fileRef = 9413EA4122495A7500C97862 /* LandingNavigationController.swift */; };
		9413EA4422495AF600C97862 /* Storyboard.swift in Sources */ = {isa = PBXBuildFile; fileRef = 9413EA4322495AF600C97862 /* Storyboard.swift */; };
		9413EA4622495BEE00C97862 /* MasterNavigationController.swift in Sources */ = {isa = PBXBuildFile; fileRef = 9413EA4522495BEE00C97862 /* MasterNavigationController.swift */; };
		9413EA4A224A741900C97862 /* GoogleService-Info.plist in Resources */ = {isa = PBXBuildFile; fileRef = 9413EA49224A741900C97862 /* GoogleService-Info.plist */; };
		9413EA92224B1FF200C97862 /* ApiManager.swift in Sources */ = {isa = PBXBuildFile; fileRef = 9413EA91224B1FF200C97862 /* ApiManager.swift */; };
		9413EA94224B20AD00C97862 /* Spinner.swift in Sources */ = {isa = PBXBuildFile; fileRef = 9413EA93224B20AD00C97862 /* Spinner.swift */; };
		9413EA9A224B298F00C97862 /* NotificationNames.swift in Sources */ = {isa = PBXBuildFile; fileRef = 9413EA99224B298F00C97862 /* NotificationNames.swift */; };
		9425690B224D856C001F63CC /* ProfileScreen.xib in Resources */ = {isa = PBXBuildFile; fileRef = 9425690A224D856C001F63CC /* ProfileScreen.xib */; };
		9425690D224D85CD001F63CC /* ProfileScreen.swift in Sources */ = {isa = PBXBuildFile; fileRef = 9425690C224D85CD001F63CC /* ProfileScreen.swift */; };
		9425690F224D8ED9001F63CC /* SettingsViewController.swift in Sources */ = {isa = PBXBuildFile; fileRef = 9425690E224D8ED9001F63CC /* SettingsViewController.swift */; };
		94256912224ECE76001F63CC /* SettingsTableViewCell.swift in Sources */ = {isa = PBXBuildFile; fileRef = 94256911224ECE76001F63CC /* SettingsTableViewCell.swift */; };
		94256914224ECE8A001F63CC /* SettingsTableViewCell.xib in Resources */ = {isa = PBXBuildFile; fileRef = 94256913224ECE8A001F63CC /* SettingsTableViewCell.xib */; };
		9425691622519881001F63CC /* Conversations.swift in Sources */ = {isa = PBXBuildFile; fileRef = 9425691522519881001F63CC /* Conversations.swift */; };
		9425691822519941001F63CC /* Conversation.swift in Sources */ = {isa = PBXBuildFile; fileRef = 9425691722519941001F63CC /* Conversation.swift */; };
		947543C1223758F900289005 /* LandingViewController.swift in Sources */ = {isa = PBXBuildFile; fileRef = 947543C0223758F900289005 /* LandingViewController.swift */; };
		949E482F2237313E00B931F9 /* MasterViewController.swift in Sources */ = {isa = PBXBuildFile; fileRef = 949E482E2237313E00B931F9 /* MasterViewController.swift */; };
		949E4837223736FD00B931F9 /* CameraView.xib in Resources */ = {isa = PBXBuildFile; fileRef = 949E4836223736FD00B931F9 /* CameraView.xib */; };
		949E48392237370F00B931F9 /* CameraView.swift in Sources */ = {isa = PBXBuildFile; fileRef = 949E48382237370F00B931F9 /* CameraView.swift */; };
		A9BE3589223344BA00F4EC8C /* AppDelegate.swift in Sources */ = {isa = PBXBuildFile; fileRef = A9BE3588223344BA00F4EC8C /* AppDelegate.swift */; };
		A9BE358E223344BA00F4EC8C /* Main.storyboard in Resources */ = {isa = PBXBuildFile; fileRef = A9BE358C223344BA00F4EC8C /* Main.storyboard */; };
		A9BE3590223344BD00F4EC8C /* Assets.xcassets in Resources */ = {isa = PBXBuildFile; fileRef = A9BE358F223344BD00F4EC8C /* Assets.xcassets */; };
		A9BE3593223344BD00F4EC8C /* LaunchScreen.storyboard in Resources */ = {isa = PBXBuildFile; fileRef = A9BE3591223344BD00F4EC8C /* LaunchScreen.storyboard */; };
		A9BE359E223344BD00F4EC8C /* Roma_ChatTests.swift in Sources */ = {isa = PBXBuildFile; fileRef = A9BE359D223344BD00F4EC8C /* Roma_ChatTests.swift */; };
		A9BE35A9223344BD00F4EC8C /* Roma_ChatUITests.swift in Sources */ = {isa = PBXBuildFile; fileRef = A9BE35A8223344BD00F4EC8C /* Roma_ChatUITests.swift */; };
/* End PBXBuildFile section */

/* Begin PBXContainerItemProxy section */
		A9BE359A223344BD00F4EC8C /* PBXContainerItemProxy */ = {
			isa = PBXContainerItemProxy;
			containerPortal = A9BE357D223344BA00F4EC8C /* Project object */;
			proxyType = 1;
			remoteGlobalIDString = A9BE3584223344BA00F4EC8C;
			remoteInfo = "Roma Chat";
		};
		A9BE35A5223344BD00F4EC8C /* PBXContainerItemProxy */ = {
			isa = PBXContainerItemProxy;
			containerPortal = A9BE357D223344BA00F4EC8C /* Project object */;
			proxyType = 1;
			remoteGlobalIDString = A9BE3584223344BA00F4EC8C;
			remoteInfo = "Roma Chat";
		};
/* End PBXContainerItemProxy section */

/* Begin PBXFileReference section */
		24D86DA479337042E8AA515B /* Pods_Roma_Chat.framework */ = {isa = PBXFileReference; explicitFileType = wrapper.framework; includeInIndex = 0; path = Pods_Roma_Chat.framework; sourceTree = BUILT_PRODUCTS_DIR; };
		634767F3FC2BEB8B0E492FEE /* Pods_Roma_ChatUITests.framework */ = {isa = PBXFileReference; explicitFileType = wrapper.framework; includeInIndex = 0; path = Pods_Roma_ChatUITests.framework; sourceTree = BUILT_PRODUCTS_DIR; };
		89A3C51FE1870CB70DCEF1BB /* Pods-Roma ChatUITests.debug.xcconfig */ = {isa = PBXFileReference; includeInIndex = 1; lastKnownFileType = text.xcconfig; name = "Pods-Roma ChatUITests.debug.xcconfig"; path = "Target Support Files/Pods-Roma ChatUITests/Pods-Roma ChatUITests.debug.xcconfig"; sourceTree = "<group>"; };
		8AF6B53B6F3394C764B35C4D /* Pods-Roma Chat.debug.xcconfig */ = {isa = PBXFileReference; includeInIndex = 1; lastKnownFileType = text.xcconfig; name = "Pods-Roma Chat.debug.xcconfig"; path = "Target Support Files/Pods-Roma Chat/Pods-Roma Chat.debug.xcconfig"; sourceTree = "<group>"; };
		9413E8F62241F7D300C97862 /* ConversationListScreen.swift */ = {isa = PBXFileReference; lastKnownFileType = sourcecode.swift; path = ConversationListScreen.swift; sourceTree = "<group>"; };
		9413E8F82241F8E900C97862 /* ConversationListCell.xib */ = {isa = PBXFileReference; lastKnownFileType = file.xib; path = ConversationListCell.xib; sourceTree = "<group>"; };
		9413E8FA2241F8FF00C97862 /* ConversationListCell.swift */ = {isa = PBXFileReference; lastKnownFileType = sourcecode.swift; path = ConversationListCell.swift; sourceTree = "<group>"; };
		9413E8FF2241FF8900C97862 /* ConversationViewController.swift */ = {isa = PBXFileReference; lastKnownFileType = sourcecode.swift; path = ConversationViewController.swift; sourceTree = "<group>"; };
		9413E9B22244856000C97862 /* PaginationItem.swift */ = {isa = PBXFileReference; fileEncoding = 4; lastKnownFileType = sourcecode.swift; path = PaginationItem.swift; sourceTree = "<group>"; };
		9413E9B32244856000C97862 /* ClientType.swift */ = {isa = PBXFileReference; fileEncoding = 4; lastKnownFileType = sourcecode.swift; path = ClientType.swift; sourceTree = "<group>"; };
		9413E9B42244856000C97862 /* Parameter.swift */ = {isa = PBXFileReference; fileEncoding = 4; lastKnownFileType = sourcecode.swift; path = Parameter.swift; sourceTree = "<group>"; };
		9413E9B52244856000C97862 /* Functions.swift */ = {isa = PBXFileReference; fileEncoding = 4; lastKnownFileType = sourcecode.swift; path = Functions.swift; sourceTree = "<group>"; };
		9413E9B62244856000C97862 /* Result.swift */ = {isa = PBXFileReference; fileEncoding = 4; lastKnownFileType = sourcecode.swift; path = Result.swift; sourceTree = "<group>"; };
		9413E9B82244856000C97862 /* URLComponents.swift */ = {isa = PBXFileReference; fileEncoding = 4; lastKnownFileType = sourcecode.swift; path = URLComponents.swift; sourceTree = "<group>"; };
		9413E9B92244856000C97862 /* CharacterSet.swift */ = {isa = PBXFileReference; fileEncoding = 4; lastKnownFileType = sourcecode.swift; path = CharacterSet.swift; sourceTree = "<group>"; };
		9413E9BA2244856000C97862 /* URLRequest.swift */ = {isa = PBXFileReference; fileEncoding = 4; lastKnownFileType = sourcecode.swift; path = URLRequest.swift; sourceTree = "<group>"; };
		9413E9BB2244856000C97862 /* Data.swift */ = {isa = PBXFileReference; fileEncoding = 4; lastKnownFileType = sourcecode.swift; path = Data.swift; sourceTree = "<group>"; };
		9413E9BC2244856000C97862 /* Decodable.swift */ = {isa = PBXFileReference; fileEncoding = 4; lastKnownFileType = sourcecode.swift; path = Decodable.swift; sourceTree = "<group>"; };
		9413E9BD2244856000C97862 /* String.swift */ = {isa = PBXFileReference; fileEncoding = 4; lastKnownFileType = sourcecode.swift; path = String.swift; sourceTree = "<group>"; };
		9413E9BE2244856000C97862 /* DateFormatter.swift */ = {isa = PBXFileReference; fileEncoding = 4; lastKnownFileType = sourcecode.swift; path = DateFormatter.swift; sourceTree = "<group>"; };
		9413E9BF2244856000C97862 /* HTTPURLResponse.swift */ = {isa = PBXFileReference; fileEncoding = 4; lastKnownFileType = sourcecode.swift; path = HTTPURLResponse.swift; sourceTree = "<group>"; };
		9413E9C12244856000C97862 /* Report.swift */ = {isa = PBXFileReference; fileEncoding = 4; lastKnownFileType = sourcecode.swift; path = Report.swift; sourceTree = "<group>"; };
		9413E9C22244856000C97862 /* Mention.swift */ = {isa = PBXFileReference; fileEncoding = 4; lastKnownFileType = sourcecode.swift; path = Mention.swift; sourceTree = "<group>"; };
		9413E9C32244856000C97862 /* AttachmentType.swift */ = {isa = PBXFileReference; fileEncoding = 4; lastKnownFileType = sourcecode.swift; path = AttachmentType.swift; sourceTree = "<group>"; };
		9413E9C42244856000C97862 /* Visibility.swift */ = {isa = PBXFileReference; fileEncoding = 4; lastKnownFileType = sourcecode.swift; path = Visibility.swift; sourceTree = "<group>"; };
		9413E9C52244856000C97862 /* Attachment.swift */ = {isa = PBXFileReference; fileEncoding = 4; lastKnownFileType = sourcecode.swift; path = Attachment.swift; sourceTree = "<group>"; };
		9413E9C62244856000C97862 /* Empty.swift */ = {isa = PBXFileReference; fileEncoding = 4; lastKnownFileType = sourcecode.swift; path = Empty.swift; sourceTree = "<group>"; };
		9413E9C72244856000C97862 /* ClientApplication.swift */ = {isa = PBXFileReference; fileEncoding = 4; lastKnownFileType = sourcecode.swift; path = ClientApplication.swift; sourceTree = "<group>"; };
		9413E9C82244856000C97862 /* Card.swift */ = {isa = PBXFileReference; fileEncoding = 4; lastKnownFileType = sourcecode.swift; path = Card.swift; sourceTree = "<group>"; };
		9413E9C92244856000C97862 /* LoginSettings.swift */ = {isa = PBXFileReference; fileEncoding = 4; lastKnownFileType = sourcecode.swift; path = LoginSettings.swift; sourceTree = "<group>"; };
		9413E9CA2244856000C97862 /* AccessScope.swift */ = {isa = PBXFileReference; fileEncoding = 4; lastKnownFileType = sourcecode.swift; path = AccessScope.swift; sourceTree = "<group>"; };
		9413E9CB2244856000C97862 /* Results.swift */ = {isa = PBXFileReference; fileEncoding = 4; lastKnownFileType = sourcecode.swift; path = Results.swift; sourceTree = "<group>"; };
		9413E9CC2244856000C97862 /* List.swift */ = {isa = PBXFileReference; fileEncoding = 4; lastKnownFileType = sourcecode.swift; path = List.swift; sourceTree = "<group>"; };
		9413E9CD2244856000C97862 /* Context.swift */ = {isa = PBXFileReference; fileEncoding = 4; lastKnownFileType = sourcecode.swift; path = Context.swift; sourceTree = "<group>"; };
		9413E9CE2244856000C97862 /* Instance.swift */ = {isa = PBXFileReference; fileEncoding = 4; lastKnownFileType = sourcecode.swift; path = Instance.swift; sourceTree = "<group>"; };
		9413E9CF2244856000C97862 /* Relationship.swift */ = {isa = PBXFileReference; fileEncoding = 4; lastKnownFileType = sourcecode.swift; path = Relationship.swift; sourceTree = "<group>"; };
		9413E9D02244856000C97862 /* Notification.swift */ = {isa = PBXFileReference; fileEncoding = 4; lastKnownFileType = sourcecode.swift; path = Notification.swift; sourceTree = "<group>"; };
		9413E9D12244856000C97862 /* Application.swift */ = {isa = PBXFileReference; fileEncoding = 4; lastKnownFileType = sourcecode.swift; path = Application.swift; sourceTree = "<group>"; };
		9413E9D22244856000C97862 /* Status.swift */ = {isa = PBXFileReference; fileEncoding = 4; lastKnownFileType = sourcecode.swift; path = Status.swift; sourceTree = "<group>"; };
		9413E9D32244856000C97862 /* Emoji.swift */ = {isa = PBXFileReference; fileEncoding = 4; lastKnownFileType = sourcecode.swift; path = Emoji.swift; sourceTree = "<group>"; };
		9413E9D42244856000C97862 /* Tag.swift */ = {isa = PBXFileReference; fileEncoding = 4; lastKnownFileType = sourcecode.swift; path = Tag.swift; sourceTree = "<group>"; };
		9413E9D52244856000C97862 /* Account.swift */ = {isa = PBXFileReference; fileEncoding = 4; lastKnownFileType = sourcecode.swift; path = Account.swift; sourceTree = "<group>"; };
		9413E9D62244856000C97862 /* NotificationType.swift */ = {isa = PBXFileReference; fileEncoding = 4; lastKnownFileType = sourcecode.swift; path = NotificationType.swift; sourceTree = "<group>"; };
		9413E9D72244856000C97862 /* RequestError.swift */ = {isa = PBXFileReference; fileEncoding = 4; lastKnownFileType = sourcecode.swift; path = RequestError.swift; sourceTree = "<group>"; };
		9413E9D82244856000C97862 /* HTTPMethod.swift */ = {isa = PBXFileReference; fileEncoding = 4; lastKnownFileType = sourcecode.swift; path = HTTPMethod.swift; sourceTree = "<group>"; };
		9413E9DA2244856000C97862 /* Mutes.swift */ = {isa = PBXFileReference; fileEncoding = 4; lastKnownFileType = sourcecode.swift; path = Mutes.swift; sourceTree = "<group>"; };
		9413E9DB2244856000C97862 /* Instances.swift */ = {isa = PBXFileReference; fileEncoding = 4; lastKnownFileType = sourcecode.swift; path = Instances.swift; sourceTree = "<group>"; };
		9413E9DC2244856000C97862 /* Statuses.swift */ = {isa = PBXFileReference; fileEncoding = 4; lastKnownFileType = sourcecode.swift; path = Statuses.swift; sourceTree = "<group>"; };
		9413E9DD2244856000C97862 /* FollowRequests.swift */ = {isa = PBXFileReference; fileEncoding = 4; lastKnownFileType = sourcecode.swift; path = FollowRequests.swift; sourceTree = "<group>"; };
		9413E9DE2244856000C97862 /* Login.swift */ = {isa = PBXFileReference; fileEncoding = 4; lastKnownFileType = sourcecode.swift; path = Login.swift; sourceTree = "<group>"; };
		9413E9DF2244856000C97862 /* Favourites.swift */ = {isa = PBXFileReference; fileEncoding = 4; lastKnownFileType = sourcecode.swift; path = Favourites.swift; sourceTree = "<group>"; };
		9413E9E02244856000C97862 /* Blocks.swift */ = {isa = PBXFileReference; fileEncoding = 4; lastKnownFileType = sourcecode.swift; path = Blocks.swift; sourceTree = "<group>"; };
		9413E9E12244856000C97862 /* Notifications.swift */ = {isa = PBXFileReference; fileEncoding = 4; lastKnownFileType = sourcecode.swift; path = Notifications.swift; sourceTree = "<group>"; };
		9413E9E22244856000C97862 /* Media.swift */ = {isa = PBXFileReference; fileEncoding = 4; lastKnownFileType = sourcecode.swift; path = Media.swift; sourceTree = "<group>"; };
		9413E9E32244856000C97862 /* Accounts.swift */ = {isa = PBXFileReference; fileEncoding = 4; lastKnownFileType = sourcecode.swift; path = Accounts.swift; sourceTree = "<group>"; };
		9413E9E42244856000C97862 /* Lists.swift */ = {isa = PBXFileReference; fileEncoding = 4; lastKnownFileType = sourcecode.swift; path = Lists.swift; sourceTree = "<group>"; };
		9413E9E52244856000C97862 /* Reports.swift */ = {isa = PBXFileReference; fileEncoding = 4; lastKnownFileType = sourcecode.swift; path = Reports.swift; sourceTree = "<group>"; };
		9413E9E62244856000C97862 /* Clients.swift */ = {isa = PBXFileReference; fileEncoding = 4; lastKnownFileType = sourcecode.swift; path = Clients.swift; sourceTree = "<group>"; };
		9413E9E72244856000C97862 /* DomainBlocks.swift */ = {isa = PBXFileReference; fileEncoding = 4; lastKnownFileType = sourcecode.swift; path = DomainBlocks.swift; sourceTree = "<group>"; };
		9413E9E82244856000C97862 /* Search.swift */ = {isa = PBXFileReference; fileEncoding = 4; lastKnownFileType = sourcecode.swift; path = Search.swift; sourceTree = "<group>"; };
		9413E9E92244856000C97862 /* Timelines.swift */ = {isa = PBXFileReference; fileEncoding = 4; lastKnownFileType = sourcecode.swift; path = Timelines.swift; sourceTree = "<group>"; };
		9413E9EA2244856000C97862 /* Pagination.swift */ = {isa = PBXFileReference; fileEncoding = 4; lastKnownFileType = sourcecode.swift; path = Pagination.swift; sourceTree = "<group>"; };
		9413E9EB2244856000C97862 /* Client.swift */ = {isa = PBXFileReference; fileEncoding = 4; lastKnownFileType = sourcecode.swift; path = Client.swift; sourceTree = "<group>"; };
		9413E9EC2244856000C97862 /* Request.swift */ = {isa = PBXFileReference; fileEncoding = 4; lastKnownFileType = sourcecode.swift; path = Request.swift; sourceTree = "<group>"; };
		9413E9ED2244856000C97862 /* RequestRange.swift */ = {isa = PBXFileReference; fileEncoding = 4; lastKnownFileType = sourcecode.swift; path = RequestRange.swift; sourceTree = "<group>"; };
		9413E9EE2244856000C97862 /* ClientError.swift */ = {isa = PBXFileReference; fileEncoding = 4; lastKnownFileType = sourcecode.swift; path = ClientError.swift; sourceTree = "<group>"; };
		9413E9EF2244856000C97862 /* Payload.swift */ = {isa = PBXFileReference; fileEncoding = 4; lastKnownFileType = sourcecode.swift; path = Payload.swift; sourceTree = "<group>"; };
		9413E9F02244856000C97862 /* MediaAttachment.swift */ = {isa = PBXFileReference; fileEncoding = 4; lastKnownFileType = sourcecode.swift; path = MediaAttachment.swift; sourceTree = "<group>"; };
		9413EA312244861D00C97862 /* AuthenticationManager.swift */ = {isa = PBXFileReference; lastKnownFileType = sourcecode.swift; path = AuthenticationManager.swift; sourceTree = "<group>"; };
		9413EA33224486DC00C97862 /* Storage.swift */ = {isa = PBXFileReference; lastKnownFileType = sourcecode.swift; path = Storage.swift; sourceTree = "<group>"; };
		9413EA3722494FC600C97862 /* InstanceData.swift */ = {isa = PBXFileReference; fileEncoding = 4; lastKnownFileType = sourcecode.swift; path = InstanceData.swift; sourceTree = "<group>"; };
		9413EA392249514A00C97862 /* StoreStruct.swift */ = {isa = PBXFileReference; fileEncoding = 4; lastKnownFileType = sourcecode.swift; path = StoreStruct.swift; sourceTree = "<group>"; };
		9413EA3B224953E600C97862 /* AccountExtension.swift */ = {isa = PBXFileReference; fileEncoding = 4; lastKnownFileType = sourcecode.swift; path = AccountExtension.swift; sourceTree = "<group>"; };
		9413EA3F2249591700C97862 /* HashType.swift */ = {isa = PBXFileReference; lastKnownFileType = sourcecode.swift; path = HashType.swift; sourceTree = "<group>"; };
		9413EA4122495A7500C97862 /* LandingNavigationController.swift */ = {isa = PBXFileReference; lastKnownFileType = sourcecode.swift; path = LandingNavigationController.swift; sourceTree = "<group>"; };
		9413EA4322495AF600C97862 /* Storyboard.swift */ = {isa = PBXFileReference; lastKnownFileType = sourcecode.swift; path = Storyboard.swift; sourceTree = "<group>"; };
		9413EA4522495BEE00C97862 /* MasterNavigationController.swift */ = {isa = PBXFileReference; lastKnownFileType = sourcecode.swift; path = MasterNavigationController.swift; sourceTree = "<group>"; };
		9413EA49224A741900C97862 /* GoogleService-Info.plist */ = {isa = PBXFileReference; fileEncoding = 4; lastKnownFileType = text.plist.xml; path = "GoogleService-Info.plist"; sourceTree = "<group>"; };
		9413EA91224B1FF200C97862 /* ApiManager.swift */ = {isa = PBXFileReference; lastKnownFileType = sourcecode.swift; path = ApiManager.swift; sourceTree = "<group>"; };
		9413EA93224B20AD00C97862 /* Spinner.swift */ = {isa = PBXFileReference; lastKnownFileType = sourcecode.swift; path = Spinner.swift; sourceTree = "<group>"; };
		9413EA99224B298F00C97862 /* NotificationNames.swift */ = {isa = PBXFileReference; lastKnownFileType = sourcecode.swift; path = NotificationNames.swift; sourceTree = "<group>"; };
		9425690A224D856C001F63CC /* ProfileScreen.xib */ = {isa = PBXFileReference; lastKnownFileType = file.xib; path = ProfileScreen.xib; sourceTree = "<group>"; };
		9425690C224D85CD001F63CC /* ProfileScreen.swift */ = {isa = PBXFileReference; lastKnownFileType = sourcecode.swift; path = ProfileScreen.swift; sourceTree = "<group>"; };
		9425690E224D8ED9001F63CC /* SettingsViewController.swift */ = {isa = PBXFileReference; lastKnownFileType = sourcecode.swift; path = SettingsViewController.swift; sourceTree = "<group>"; };
		94256911224ECE76001F63CC /* SettingsTableViewCell.swift */ = {isa = PBXFileReference; lastKnownFileType = sourcecode.swift; path = SettingsTableViewCell.swift; sourceTree = "<group>"; };
		94256913224ECE8A001F63CC /* SettingsTableViewCell.xib */ = {isa = PBXFileReference; lastKnownFileType = file.xib; path = SettingsTableViewCell.xib; sourceTree = "<group>"; };
		9425691522519881001F63CC /* Conversations.swift */ = {isa = PBXFileReference; lastKnownFileType = sourcecode.swift; path = Conversations.swift; sourceTree = "<group>"; };
		9425691722519941001F63CC /* Conversation.swift */ = {isa = PBXFileReference; lastKnownFileType = sourcecode.swift; path = Conversation.swift; sourceTree = "<group>"; };
		947543C0223758F900289005 /* LandingViewController.swift */ = {isa = PBXFileReference; fileEncoding = 4; lastKnownFileType = sourcecode.swift; path = LandingViewController.swift; sourceTree = "<group>"; };
		949E482E2237313E00B931F9 /* MasterViewController.swift */ = {isa = PBXFileReference; lastKnownFileType = sourcecode.swift; path = MasterViewController.swift; sourceTree = "<group>"; };
		949E4836223736FD00B931F9 /* CameraView.xib */ = {isa = PBXFileReference; lastKnownFileType = file.xib; path = CameraView.xib; sourceTree = "<group>"; };
		949E48382237370F00B931F9 /* CameraView.swift */ = {isa = PBXFileReference; lastKnownFileType = sourcecode.swift; path = CameraView.swift; sourceTree = "<group>"; };
		A9BE3585223344BA00F4EC8C /* Roma Chat.app */ = {isa = PBXFileReference; explicitFileType = wrapper.application; includeInIndex = 0; path = "Roma Chat.app"; sourceTree = BUILT_PRODUCTS_DIR; };
		A9BE3588223344BA00F4EC8C /* AppDelegate.swift */ = {isa = PBXFileReference; lastKnownFileType = sourcecode.swift; path = AppDelegate.swift; sourceTree = "<group>"; };
		A9BE358D223344BA00F4EC8C /* Base */ = {isa = PBXFileReference; lastKnownFileType = file.storyboard; name = Base; path = Base.lproj/Main.storyboard; sourceTree = "<group>"; };
		A9BE358F223344BD00F4EC8C /* Assets.xcassets */ = {isa = PBXFileReference; lastKnownFileType = folder.assetcatalog; path = Assets.xcassets; sourceTree = "<group>"; };
		A9BE3592223344BD00F4EC8C /* Base */ = {isa = PBXFileReference; lastKnownFileType = file.storyboard; name = Base; path = Base.lproj/LaunchScreen.storyboard; sourceTree = "<group>"; };
		A9BE3594223344BD00F4EC8C /* Info.plist */ = {isa = PBXFileReference; lastKnownFileType = text.plist.xml; path = Info.plist; sourceTree = "<group>"; };
		A9BE3599223344BD00F4EC8C /* Roma ChatTests.xctest */ = {isa = PBXFileReference; explicitFileType = wrapper.cfbundle; includeInIndex = 0; path = "Roma ChatTests.xctest"; sourceTree = BUILT_PRODUCTS_DIR; };
		A9BE359D223344BD00F4EC8C /* Roma_ChatTests.swift */ = {isa = PBXFileReference; lastKnownFileType = sourcecode.swift; path = Roma_ChatTests.swift; sourceTree = "<group>"; };
		A9BE359F223344BD00F4EC8C /* Info.plist */ = {isa = PBXFileReference; lastKnownFileType = text.plist.xml; path = Info.plist; sourceTree = "<group>"; };
		A9BE35A4223344BD00F4EC8C /* Roma ChatUITests.xctest */ = {isa = PBXFileReference; explicitFileType = wrapper.cfbundle; includeInIndex = 0; path = "Roma ChatUITests.xctest"; sourceTree = BUILT_PRODUCTS_DIR; };
		A9BE35A8223344BD00F4EC8C /* Roma_ChatUITests.swift */ = {isa = PBXFileReference; lastKnownFileType = sourcecode.swift; path = Roma_ChatUITests.swift; sourceTree = "<group>"; };
		A9BE35AA223344BD00F4EC8C /* Info.plist */ = {isa = PBXFileReference; lastKnownFileType = text.plist.xml; path = Info.plist; sourceTree = "<group>"; };
		DACC687EB73CAFCB85EDC780 /* Pods-Roma ChatTests.release.xcconfig */ = {isa = PBXFileReference; includeInIndex = 1; lastKnownFileType = text.xcconfig; name = "Pods-Roma ChatTests.release.xcconfig"; path = "Target Support Files/Pods-Roma ChatTests/Pods-Roma ChatTests.release.xcconfig"; sourceTree = "<group>"; };
		E84BE0CE95D0020CAEBAE54C /* Pods-Roma ChatTests.debug.xcconfig */ = {isa = PBXFileReference; includeInIndex = 1; lastKnownFileType = text.xcconfig; name = "Pods-Roma ChatTests.debug.xcconfig"; path = "Target Support Files/Pods-Roma ChatTests/Pods-Roma ChatTests.debug.xcconfig"; sourceTree = "<group>"; };
		E9978259EE46C385A6EC9EFD /* Pods-Roma Chat.release.xcconfig */ = {isa = PBXFileReference; includeInIndex = 1; lastKnownFileType = text.xcconfig; name = "Pods-Roma Chat.release.xcconfig"; path = "Target Support Files/Pods-Roma Chat/Pods-Roma Chat.release.xcconfig"; sourceTree = "<group>"; };
		ED414D1FB025858556A983C6 /* Pods-Roma ChatUITests.release.xcconfig */ = {isa = PBXFileReference; includeInIndex = 1; lastKnownFileType = text.xcconfig; name = "Pods-Roma ChatUITests.release.xcconfig"; path = "Target Support Files/Pods-Roma ChatUITests/Pods-Roma ChatUITests.release.xcconfig"; sourceTree = "<group>"; };
		FAD73DE07CCCCFA7381287F8 /* Pods_Roma_ChatTests.framework */ = {isa = PBXFileReference; explicitFileType = wrapper.framework; includeInIndex = 0; path = Pods_Roma_ChatTests.framework; sourceTree = BUILT_PRODUCTS_DIR; };
/* End PBXFileReference section */

/* Begin PBXFrameworksBuildPhase section */
		A9BE3582223344BA00F4EC8C /* Frameworks */ = {
			isa = PBXFrameworksBuildPhase;
			buildActionMask = 2147483647;
			files = (
				5F04EBA0B8E237F946A6D5BE /* Pods_Roma_Chat.framework in Frameworks */,
			);
			runOnlyForDeploymentPostprocessing = 0;
		};
		A9BE3596223344BD00F4EC8C /* Frameworks */ = {
			isa = PBXFrameworksBuildPhase;
			buildActionMask = 2147483647;
			files = (
				7F9B95617CA2CDF9BB2FFD2B /* Pods_Roma_ChatTests.framework in Frameworks */,
			);
			runOnlyForDeploymentPostprocessing = 0;
		};
		A9BE35A1223344BD00F4EC8C /* Frameworks */ = {
			isa = PBXFrameworksBuildPhase;
			buildActionMask = 2147483647;
			files = (
				75B556434460E795D72F1680 /* Pods_Roma_ChatUITests.framework in Frameworks */,
			);
			runOnlyForDeploymentPostprocessing = 0;
		};
/* End PBXFrameworksBuildPhase section */

/* Begin PBXGroup section */
		747C394F9D54C851AEC79513 /* Frameworks */ = {
			isa = PBXGroup;
			children = (
				24D86DA479337042E8AA515B /* Pods_Roma_Chat.framework */,
				FAD73DE07CCCCFA7381287F8 /* Pods_Roma_ChatTests.framework */,
				634767F3FC2BEB8B0E492FEE /* Pods_Roma_ChatUITests.framework */,
			);
			name = Frameworks;
			sourceTree = "<group>";
		};
		9413E8FD2241FF1B00C97862 /* Conversations */ = {
			isa = PBXGroup;
			children = (
				9413E9012241FF9700C97862 /* ConversationList */,
				9413E9022241FFAC00C97862 /* Conversation */,
			);
			path = Conversations;
			sourceTree = "<group>";
		};
		9413E8FE2241FF2700C97862 /* Feeds */ = {
			isa = PBXGroup;
			children = (
			);
			path = Feeds;
			sourceTree = "<group>";
		};
		9413E9012241FF9700C97862 /* ConversationList */ = {
			isa = PBXGroup;
			children = (
				9413E8F62241F7D300C97862 /* ConversationListScreen.swift */,
				9413E8F82241F8E900C97862 /* ConversationListCell.xib */,
				9413E8FA2241F8FF00C97862 /* ConversationListCell.swift */,
			);
			path = ConversationList;
			sourceTree = "<group>";
		};
		9413E9022241FFAC00C97862 /* Conversation */ = {
			isa = PBXGroup;
			children = (
				9413E8FF2241FF8900C97862 /* ConversationViewController.swift */,
			);
			path = Conversation;
			sourceTree = "<group>";
		};
		9413E91E22433C3000C97862 /* Data Models */ = {
			isa = PBXGroup;
			children = (
				9413EA33224486DC00C97862 /* Storage.swift */,
				9413EA392249514A00C97862 /* StoreStruct.swift */,
				9413EA3722494FC600C97862 /* InstanceData.swift */,
			);
			path = "Data Models";
			sourceTree = "<group>";
		};
		9413E9B12244856000C97862 /* MastodonKit */ = {
			isa = PBXGroup;
			children = (
				9413E9B22244856000C97862 /* PaginationItem.swift */,
				9413E9B32244856000C97862 /* ClientType.swift */,
				9413E9B42244856000C97862 /* Parameter.swift */,
				9413E9B52244856000C97862 /* Functions.swift */,
				9413E9B62244856000C97862 /* Result.swift */,
				9413E9B72244856000C97862 /* Foundation */,
				9413E9C02244856000C97862 /* Models */,
				9413E9D82244856000C97862 /* HTTPMethod.swift */,
				9413E9D92244856000C97862 /* Requests */,
				9413E9EA2244856000C97862 /* Pagination.swift */,
				9413E9EB2244856000C97862 /* Client.swift */,
				9413E9EC2244856000C97862 /* Request.swift */,
				9413E9ED2244856000C97862 /* RequestRange.swift */,
				9413E9EE2244856000C97862 /* ClientError.swift */,
				9413E9EF2244856000C97862 /* Payload.swift */,
				9413E9F02244856000C97862 /* MediaAttachment.swift */,
			);
			name = MastodonKit;
			path = ../../Mastodon/Sources/MastodonKit;
			sourceTree = "<group>";
		};
		9413E9B72244856000C97862 /* Foundation */ = {
			isa = PBXGroup;
			children = (
				9413E9B82244856000C97862 /* URLComponents.swift */,
				9413E9B92244856000C97862 /* CharacterSet.swift */,
				9413E9BA2244856000C97862 /* URLRequest.swift */,
				9413E9BB2244856000C97862 /* Data.swift */,
				9413E9BC2244856000C97862 /* Decodable.swift */,
				9413E9BD2244856000C97862 /* String.swift */,
				9413E9BE2244856000C97862 /* DateFormatter.swift */,
				9413E9BF2244856000C97862 /* HTTPURLResponse.swift */,
			);
			path = Foundation;
			sourceTree = "<group>";
		};
		9413E9C02244856000C97862 /* Models */ = {
			isa = PBXGroup;
			children = (
				9413E9C12244856000C97862 /* Report.swift */,
				9413E9C22244856000C97862 /* Mention.swift */,
				9413E9C32244856000C97862 /* AttachmentType.swift */,
				9413E9C42244856000C97862 /* Visibility.swift */,
				9413E9C52244856000C97862 /* Attachment.swift */,
				9413E9C62244856000C97862 /* Empty.swift */,
				9413E9C72244856000C97862 /* ClientApplication.swift */,
				9413E9C82244856000C97862 /* Card.swift */,
				9413E9C92244856000C97862 /* LoginSettings.swift */,
				9413E9CA2244856000C97862 /* AccessScope.swift */,
				9413E9CB2244856000C97862 /* Results.swift */,
				9413E9CC2244856000C97862 /* List.swift */,
				9413E9CD2244856000C97862 /* Context.swift */,
				9413E9CE2244856000C97862 /* Instance.swift */,
				9413E9CF2244856000C97862 /* Relationship.swift */,
				9413E9D02244856000C97862 /* Notification.swift */,
				9413E9D12244856000C97862 /* Application.swift */,
				9413E9D22244856000C97862 /* Status.swift */,
				9413E9D32244856000C97862 /* Emoji.swift */,
				9413E9D42244856000C97862 /* Tag.swift */,
				9413E9D52244856000C97862 /* Account.swift */,
				9413E9D62244856000C97862 /* NotificationType.swift */,
				9413E9D72244856000C97862 /* RequestError.swift */,
				9413EA3F2249591700C97862 /* HashType.swift */,
				9425691722519941001F63CC /* Conversation.swift */,
			);
			path = Models;
			sourceTree = "<group>";
		};
		9413E9D92244856000C97862 /* Requests */ = {
			isa = PBXGroup;
			children = (
				9413E9DA2244856000C97862 /* Mutes.swift */,
				9413E9DB2244856000C97862 /* Instances.swift */,
				9413E9DC2244856000C97862 /* Statuses.swift */,
				9413E9DD2244856000C97862 /* FollowRequests.swift */,
				9413E9DE2244856000C97862 /* Login.swift */,
				9413E9DF2244856000C97862 /* Favourites.swift */,
				9413E9E02244856000C97862 /* Blocks.swift */,
				9413E9E12244856000C97862 /* Notifications.swift */,
				9413E9E22244856000C97862 /* Media.swift */,
				9413E9E32244856000C97862 /* Accounts.swift */,
				9413E9E42244856000C97862 /* Lists.swift */,
				9413E9E52244856000C97862 /* Reports.swift */,
				9413E9E62244856000C97862 /* Clients.swift */,
				9413E9E72244856000C97862 /* DomainBlocks.swift */,
				9413E9E82244856000C97862 /* Search.swift */,
				9413E9E92244856000C97862 /* Timelines.swift */,
				9425691522519881001F63CC /* Conversations.swift */,
			);
			path = Requests;
			sourceTree = "<group>";
		};
		9413EA4E224AF25000C97862 /* Networking */ = {
			isa = PBXGroup;
			children = (
				9413EA91224B1FF200C97862 /* ApiManager.swift */,
				9413EA4F224AF25000C97862 /* Authentication */,
			);
			path = Networking;
			sourceTree = "<group>";
		};
		9413EA4F224AF25000C97862 /* Authentication */ = {
			isa = PBXGroup;
			children = (
				9413EA312244861D00C97862 /* AuthenticationManager.swift */,
				9413EA3B224953E600C97862 /* AccountExtension.swift */,
			);
			path = Authentication;
			sourceTree = "<group>";
		};
		9413EA97224B276800C97862 /* Views */ = {
			isa = PBXGroup;
			children = (
				949E4836223736FD00B931F9 /* CameraView.xib */,
				949E48382237370F00B931F9 /* CameraView.swift */,
				9425690A224D856C001F63CC /* ProfileScreen.xib */,
				9425690C224D85CD001F63CC /* ProfileScreen.swift */,
			);
			path = Views;
			sourceTree = "<group>";
		};
		9413EA98224B278A00C97862 /* Helpers */ = {
			isa = PBXGroup;
			children = (
				9413EA99224B298F00C97862 /* NotificationNames.swift */,
				9413EA4322495AF600C97862 /* Storyboard.swift */,
				9413EA93224B20AD00C97862 /* Spinner.swift */,
			);
			path = Helpers;
			sourceTree = "<group>";
		};
		942569192254ED91001F63CC /* Settings */ = {
			isa = PBXGroup;
			children = (
				94256911224ECE76001F63CC /* SettingsTableViewCell.swift */,
				94256913224ECE8A001F63CC /* SettingsTableViewCell.xib */,
			);
			path = Settings;
			sourceTree = "<group>";
		};
		A9BE357C223344BA00F4EC8C = {
			isa = PBXGroup;
			children = (
				A9BE3587223344BA00F4EC8C /* Roma Chat */,
				A9BE359C223344BD00F4EC8C /* Roma ChatTests */,
				A9BE35A7223344BD00F4EC8C /* Roma ChatUITests */,
				A9BE3586223344BA00F4EC8C /* Products */,
				F304C1BEA9EA88ADB24F0F5D /* Pods */,
				747C394F9D54C851AEC79513 /* Frameworks */,
			);
			sourceTree = "<group>";
		};
		A9BE3586223344BA00F4EC8C /* Products */ = {
			isa = PBXGroup;
			children = (
				A9BE3585223344BA00F4EC8C /* Roma Chat.app */,
				A9BE3599223344BD00F4EC8C /* Roma ChatTests.xctest */,
				A9BE35A4223344BD00F4EC8C /* Roma ChatUITests.xctest */,
			);
			name = Products;
			sourceTree = "<group>";
		};
		A9BE3587223344BA00F4EC8C /* Roma Chat */ = {
			isa = PBXGroup;
			children = (
				A9BE3588223344BA00F4EC8C /* AppDelegate.swift */,
				9413EA4122495A7500C97862 /* LandingNavigationController.swift */,
				947543C0223758F900289005 /* LandingViewController.swift */,
				9413EA4522495BEE00C97862 /* MasterNavigationController.swift */,
				949E482E2237313E00B931F9 /* MasterViewController.swift */,
				A9BE358C223344BA00F4EC8C /* Main.storyboard */,
				A9BE358F223344BD00F4EC8C /* Assets.xcassets */,
				9425690E224D8ED9001F63CC /* SettingsViewController.swift */,
				9413E8FD2241FF1B00C97862 /* Conversations */,
				9413E8FE2241FF2700C97862 /* Feeds */,
				942569192254ED91001F63CC /* Settings */,
				9413EA97224B276800C97862 /* Views */,
				9413EA4E224AF25000C97862 /* Networking */,
				9413E9B12244856000C97862 /* MastodonKit */,
				9413E91E22433C3000C97862 /* Data Models */,
				A9BE3591223344BD00F4EC8C /* LaunchScreen.storyboard */,
				A9BE3594223344BD00F4EC8C /* Info.plist */,
				9413EA49224A741900C97862 /* GoogleService-Info.plist */,
				9413EA98224B278A00C97862 /* Helpers */,
			);
			path = "Roma Chat";
			sourceTree = "<group>";
		};
		A9BE359C223344BD00F4EC8C /* Roma ChatTests */ = {
			isa = PBXGroup;
			children = (
				A9BE359D223344BD00F4EC8C /* Roma_ChatTests.swift */,
				A9BE359F223344BD00F4EC8C /* Info.plist */,
			);
			path = "Roma ChatTests";
			sourceTree = "<group>";
		};
		A9BE35A7223344BD00F4EC8C /* Roma ChatUITests */ = {
			isa = PBXGroup;
			children = (
				A9BE35A8223344BD00F4EC8C /* Roma_ChatUITests.swift */,
				A9BE35AA223344BD00F4EC8C /* Info.plist */,
			);
			path = "Roma ChatUITests";
			sourceTree = "<group>";
		};
		F304C1BEA9EA88ADB24F0F5D /* Pods */ = {
			isa = PBXGroup;
			children = (
				8AF6B53B6F3394C764B35C4D /* Pods-Roma Chat.debug.xcconfig */,
				E9978259EE46C385A6EC9EFD /* Pods-Roma Chat.release.xcconfig */,
				E84BE0CE95D0020CAEBAE54C /* Pods-Roma ChatTests.debug.xcconfig */,
				DACC687EB73CAFCB85EDC780 /* Pods-Roma ChatTests.release.xcconfig */,
				89A3C51FE1870CB70DCEF1BB /* Pods-Roma ChatUITests.debug.xcconfig */,
				ED414D1FB025858556A983C6 /* Pods-Roma ChatUITests.release.xcconfig */,
			);
			path = Pods;
			sourceTree = "<group>";
		};
/* End PBXGroup section */

/* Begin PBXNativeTarget section */
		A9BE3584223344BA00F4EC8C /* Roma Chat */ = {
			isa = PBXNativeTarget;
			buildConfigurationList = A9BE35AD223344BD00F4EC8C /* Build configuration list for PBXNativeTarget "Roma Chat" */;
			buildPhases = (
				31AC306BEC9DF0935D00BEA8 /* [CP] Check Pods Manifest.lock */,
				A9BE3581223344BA00F4EC8C /* Sources */,
				A9BE3582223344BA00F4EC8C /* Frameworks */,
				A9BE3583223344BA00F4EC8C /* Resources */,
				F26F14B8318F6E787172009F /* [CP] Embed Pods Frameworks */,
				9413EA4B224A75FE00C97862 /* ShellScript */,
			);
			buildRules = (
			);
			dependencies = (
			);
			name = "Roma Chat";
			productName = "Roma Chat";
			productReference = A9BE3585223344BA00F4EC8C /* Roma Chat.app */;
			productType = "com.apple.product-type.application";
		};
		A9BE3598223344BD00F4EC8C /* Roma ChatTests */ = {
			isa = PBXNativeTarget;
			buildConfigurationList = A9BE35B0223344BD00F4EC8C /* Build configuration list for PBXNativeTarget "Roma ChatTests" */;
			buildPhases = (
				27AE0E6839E2FE61622ACBE7 /* [CP] Check Pods Manifest.lock */,
				A9BE3595223344BD00F4EC8C /* Sources */,
				A9BE3596223344BD00F4EC8C /* Frameworks */,
				A9BE3597223344BD00F4EC8C /* Resources */,
			);
			buildRules = (
			);
			dependencies = (
				A9BE359B223344BD00F4EC8C /* PBXTargetDependency */,
			);
			name = "Roma ChatTests";
			productName = "Roma ChatTests";
			productReference = A9BE3599223344BD00F4EC8C /* Roma ChatTests.xctest */;
			productType = "com.apple.product-type.bundle.unit-test";
		};
		A9BE35A3223344BD00F4EC8C /* Roma ChatUITests */ = {
			isa = PBXNativeTarget;
			buildConfigurationList = A9BE35B3223344BD00F4EC8C /* Build configuration list for PBXNativeTarget "Roma ChatUITests" */;
			buildPhases = (
				E9EFC737568245179B574A2A /* [CP] Check Pods Manifest.lock */,
				A9BE35A0223344BD00F4EC8C /* Sources */,
				A9BE35A1223344BD00F4EC8C /* Frameworks */,
				A9BE35A2223344BD00F4EC8C /* Resources */,
			);
			buildRules = (
			);
			dependencies = (
				A9BE35A6223344BD00F4EC8C /* PBXTargetDependency */,
			);
			name = "Roma ChatUITests";
			productName = "Roma ChatUITests";
			productReference = A9BE35A4223344BD00F4EC8C /* Roma ChatUITests.xctest */;
			productType = "com.apple.product-type.bundle.ui-testing";
		};
/* End PBXNativeTarget section */

/* Begin PBXProject section */
		A9BE357D223344BA00F4EC8C /* Project object */ = {
			isa = PBXProject;
			attributes = {
				LastSwiftUpdateCheck = 1010;
				LastUpgradeCheck = 1010;
				ORGANIZATIONNAME = "Barrett Breshears";
				TargetAttributes = {
					A9BE3584223344BA00F4EC8C = {
						CreatedOnToolsVersion = 10.1;
						LastSwiftMigration = 1020;
					};
					A9BE3598223344BD00F4EC8C = {
						CreatedOnToolsVersion = 10.1;
						LastSwiftMigration = 1020;
						TestTargetID = A9BE3584223344BA00F4EC8C;
					};
					A9BE35A3223344BD00F4EC8C = {
						CreatedOnToolsVersion = 10.1;
						LastSwiftMigration = 1020;
						TestTargetID = A9BE3584223344BA00F4EC8C;
					};
				};
			};
			buildConfigurationList = A9BE3580223344BA00F4EC8C /* Build configuration list for PBXProject "Roma Chat" */;
			compatibilityVersion = "Xcode 9.3";
			developmentRegion = en;
			hasScannedForEncodings = 0;
			knownRegions = (
				en,
				Base,
			);
			mainGroup = A9BE357C223344BA00F4EC8C;
			productRefGroup = A9BE3586223344BA00F4EC8C /* Products */;
			projectDirPath = "";
			projectRoot = "";
			targets = (
				A9BE3584223344BA00F4EC8C /* Roma Chat */,
				A9BE3598223344BD00F4EC8C /* Roma ChatTests */,
				A9BE35A3223344BD00F4EC8C /* Roma ChatUITests */,
			);
		};
/* End PBXProject section */

/* Begin PBXResourcesBuildPhase section */
		A9BE3583223344BA00F4EC8C /* Resources */ = {
			isa = PBXResourcesBuildPhase;
			buildActionMask = 2147483647;
			files = (
				A9BE3593223344BD00F4EC8C /* LaunchScreen.storyboard in Resources */,
				A9BE3590223344BD00F4EC8C /* Assets.xcassets in Resources */,
				9425690B224D856C001F63CC /* ProfileScreen.xib in Resources */,
				949E4837223736FD00B931F9 /* CameraView.xib in Resources */,
				A9BE358E223344BA00F4EC8C /* Main.storyboard in Resources */,
				9413E8F92241F8E900C97862 /* ConversationListCell.xib in Resources */,
				94256914224ECE8A001F63CC /* SettingsTableViewCell.xib in Resources */,
				9413EA4A224A741900C97862 /* GoogleService-Info.plist in Resources */,
			);
			runOnlyForDeploymentPostprocessing = 0;
		};
		A9BE3597223344BD00F4EC8C /* Resources */ = {
			isa = PBXResourcesBuildPhase;
			buildActionMask = 2147483647;
			files = (
			);
			runOnlyForDeploymentPostprocessing = 0;
		};
		A9BE35A2223344BD00F4EC8C /* Resources */ = {
			isa = PBXResourcesBuildPhase;
			buildActionMask = 2147483647;
			files = (
			);
			runOnlyForDeploymentPostprocessing = 0;
		};
/* End PBXResourcesBuildPhase section */

/* Begin PBXShellScriptBuildPhase section */
		27AE0E6839E2FE61622ACBE7 /* [CP] Check Pods Manifest.lock */ = {
			isa = PBXShellScriptBuildPhase;
			buildActionMask = 2147483647;
			files = (
			);
			inputFileListPaths = (
			);
			inputPaths = (
				"${PODS_PODFILE_DIR_PATH}/Podfile.lock",
				"${PODS_ROOT}/Manifest.lock",
			);
			name = "[CP] Check Pods Manifest.lock";
			outputFileListPaths = (
			);
			outputPaths = (
				"$(DERIVED_FILE_DIR)/Pods-Roma ChatTests-checkManifestLockResult.txt",
			);
			runOnlyForDeploymentPostprocessing = 0;
			shellPath = /bin/sh;
			shellScript = "diff \"${PODS_PODFILE_DIR_PATH}/Podfile.lock\" \"${PODS_ROOT}/Manifest.lock\" > /dev/null\nif [ $? != 0 ] ; then\n    # print error to STDERR\n    echo \"error: The sandbox is not in sync with the Podfile.lock. Run 'pod install' or update your CocoaPods installation.\" >&2\n    exit 1\nfi\n# This output is used by Xcode 'outputs' to avoid re-running this script phase.\necho \"SUCCESS\" > \"${SCRIPT_OUTPUT_FILE_0}\"\n";
			showEnvVarsInLog = 0;
		};
		31AC306BEC9DF0935D00BEA8 /* [CP] Check Pods Manifest.lock */ = {
			isa = PBXShellScriptBuildPhase;
			buildActionMask = 2147483647;
			files = (
			);
			inputFileListPaths = (
			);
			inputPaths = (
				"${PODS_PODFILE_DIR_PATH}/Podfile.lock",
				"${PODS_ROOT}/Manifest.lock",
			);
			name = "[CP] Check Pods Manifest.lock";
			outputFileListPaths = (
			);
			outputPaths = (
				"$(DERIVED_FILE_DIR)/Pods-Roma Chat-checkManifestLockResult.txt",
			);
			runOnlyForDeploymentPostprocessing = 0;
			shellPath = /bin/sh;
			shellScript = "diff \"${PODS_PODFILE_DIR_PATH}/Podfile.lock\" \"${PODS_ROOT}/Manifest.lock\" > /dev/null\nif [ $? != 0 ] ; then\n    # print error to STDERR\n    echo \"error: The sandbox is not in sync with the Podfile.lock. Run 'pod install' or update your CocoaPods installation.\" >&2\n    exit 1\nfi\n# This output is used by Xcode 'outputs' to avoid re-running this script phase.\necho \"SUCCESS\" > \"${SCRIPT_OUTPUT_FILE_0}\"\n";
			showEnvVarsInLog = 0;
		};
		9413EA4B224A75FE00C97862 /* ShellScript */ = {
			isa = PBXShellScriptBuildPhase;
			buildActionMask = 2147483647;
			files = (
			);
			inputFileListPaths = (
			);
			inputPaths = (
				"$(BUILT_PRODUCTS_DIR)/$(INFOPLIST_PATH)",
			);
			outputFileListPaths = (
			);
			outputPaths = (
			);
			runOnlyForDeploymentPostprocessing = 0;
			shellPath = /bin/sh;
			shellScript = "# Type a script or drag a script file from your workspace to insert its path.\n\"${PODS_ROOT}/Fabric/run\"\n";
		};
		E9EFC737568245179B574A2A /* [CP] Check Pods Manifest.lock */ = {
			isa = PBXShellScriptBuildPhase;
			buildActionMask = 2147483647;
			files = (
			);
			inputFileListPaths = (
			);
			inputPaths = (
				"${PODS_PODFILE_DIR_PATH}/Podfile.lock",
				"${PODS_ROOT}/Manifest.lock",
			);
			name = "[CP] Check Pods Manifest.lock";
			outputFileListPaths = (
			);
			outputPaths = (
				"$(DERIVED_FILE_DIR)/Pods-Roma ChatUITests-checkManifestLockResult.txt",
			);
			runOnlyForDeploymentPostprocessing = 0;
			shellPath = /bin/sh;
			shellScript = "diff \"${PODS_PODFILE_DIR_PATH}/Podfile.lock\" \"${PODS_ROOT}/Manifest.lock\" > /dev/null\nif [ $? != 0 ] ; then\n    # print error to STDERR\n    echo \"error: The sandbox is not in sync with the Podfile.lock. Run 'pod install' or update your CocoaPods installation.\" >&2\n    exit 1\nfi\n# This output is used by Xcode 'outputs' to avoid re-running this script phase.\necho \"SUCCESS\" > \"${SCRIPT_OUTPUT_FILE_0}\"\n";
			showEnvVarsInLog = 0;
		};
		F26F14B8318F6E787172009F /* [CP] Embed Pods Frameworks */ = {
			isa = PBXShellScriptBuildPhase;
			buildActionMask = 2147483647;
			files = (
			);
			inputFileListPaths = (
			);
			inputPaths = (
				"${PODS_ROOT}/Target Support Files/Pods-Roma Chat/Pods-Roma Chat-frameworks.sh",
				"${BUILT_PRODUCTS_DIR}/GoogleUtilities/GoogleUtilities.framework",
				"${BUILT_PRODUCTS_DIR}/nanopb/nanopb.framework",
			);
			name = "[CP] Embed Pods Frameworks";
			outputFileListPaths = (
			);
			outputPaths = (
				"${TARGET_BUILD_DIR}/${FRAMEWORKS_FOLDER_PATH}/GoogleUtilities.framework",
				"${TARGET_BUILD_DIR}/${FRAMEWORKS_FOLDER_PATH}/nanopb.framework",
			);
			runOnlyForDeploymentPostprocessing = 0;
			shellPath = /bin/sh;
			shellScript = "\"${PODS_ROOT}/Target Support Files/Pods-Roma Chat/Pods-Roma Chat-frameworks.sh\"\n";
			showEnvVarsInLog = 0;
		};
/* End PBXShellScriptBuildPhase section */

/* Begin PBXSourcesBuildPhase section */
		A9BE3581223344BA00F4EC8C /* Sources */ = {
			isa = PBXSourcesBuildPhase;
			buildActionMask = 2147483647;
			files = (
				9413EA112244856000C97862 /* Tag.swift in Sources */,
				9413EA122244856000C97862 /* Account.swift in Sources */,
				9413EA102244856000C97862 /* Emoji.swift in Sources */,
				9413EA152244856000C97862 /* HTTPMethod.swift in Sources */,
				9413EA0E2244856000C97862 /* Application.swift in Sources */,
				9413EA172244856000C97862 /* Instances.swift in Sources */,
				9413EA1E2244856000C97862 /* Media.swift in Sources */,
				9413EA4222495A7500C97862 /* LandingNavigationController.swift in Sources */,
				9413EA062244856000C97862 /* LoginSettings.swift in Sources */,
				9413E9FB2244856000C97862 /* String.swift in Sources */,
				9413EA9A224B298F00C97862 /* NotificationNames.swift in Sources */,
				9413E9FD2244856000C97862 /* HTTPURLResponse.swift in Sources */,
				9413EA182244856000C97862 /* Statuses.swift in Sources */,
				9425691622519881001F63CC /* Conversations.swift in Sources */,
				9413EA142244856000C97862 /* RequestError.swift in Sources */,
				9413E9FE2244856000C97862 /* Report.swift in Sources */,
				9413EA3A2249514B00C97862 /* StoreStruct.swift in Sources */,
				9413EA0D2244856000C97862 /* Notification.swift in Sources */,
				9413EA052244856000C97862 /* Card.swift in Sources */,
				9413EA92224B1FF200C97862 /* ApiManager.swift in Sources */,
				9413EA0F2244856000C97862 /* Status.swift in Sources */,
				9413EA272244856000C97862 /* Client.swift in Sources */,
				9413EA032244856000C97862 /* Empty.swift in Sources */,
				9425690D224D85CD001F63CC /* ProfileScreen.swift in Sources */,
				9413EA072244856000C97862 /* AccessScope.swift in Sources */,
				9413E9002241FF8900C97862 /* ConversationViewController.swift in Sources */,
				9413EA232244856000C97862 /* DomainBlocks.swift in Sources */,
				9425690F224D8ED9001F63CC /* SettingsViewController.swift in Sources */,
				9413EA282244856000C97862 /* Request.swift in Sources */,
				9413EA4622495BEE00C97862 /* MasterNavigationController.swift in Sources */,
				949E482F2237313E00B931F9 /* MasterViewController.swift in Sources */,
				9413EA3822494FC600C97862 /* InstanceData.swift in Sources */,
				9413EA1F2244856000C97862 /* Accounts.swift in Sources */,
				9413E9FF2244856000C97862 /* Mention.swift in Sources */,
				9413EA402249591700C97862 /* HashType.swift in Sources */,
				949E48392237370F00B931F9 /* CameraView.swift in Sources */,
				9413EA252244856000C97862 /* Timelines.swift in Sources */,
				9413EA2B2244856000C97862 /* Payload.swift in Sources */,
				9413EA242244856000C97862 /* Search.swift in Sources */,
				9413EA092244856000C97862 /* List.swift in Sources */,
				9413E8F72241F7D300C97862 /* ConversationListScreen.swift in Sources */,
				9413EA2A2244856000C97862 /* ClientError.swift in Sources */,
				9413E9F22244856000C97862 /* ClientType.swift in Sources */,
				9413EA192244856000C97862 /* FollowRequests.swift in Sources */,
				9413EA292244856000C97862 /* RequestRange.swift in Sources */,
				9413EA162244856000C97862 /* Mutes.swift in Sources */,
				9413E9F32244856000C97862 /* Parameter.swift in Sources */,
				9413EA94224B20AD00C97862 /* Spinner.swift in Sources */,
				9413E9F72244856000C97862 /* CharacterSet.swift in Sources */,
				9413EA34224486DC00C97862 /* Storage.swift in Sources */,
				9413EA2C2244856000C97862 /* MediaAttachment.swift in Sources */,
				9413E9F52244856000C97862 /* Result.swift in Sources */,
				9413EA082244856000C97862 /* Results.swift in Sources */,
				9413EA042244856000C97862 /* ClientApplication.swift in Sources */,
				9413EA4422495AF600C97862 /* Storyboard.swift in Sources */,
				9413EA012244856000C97862 /* Visibility.swift in Sources */,
				9413E9F62244856000C97862 /* URLComponents.swift in Sources */,
				9413E9FA2244856000C97862 /* Decodable.swift in Sources */,
				947543C1223758F900289005 /* LandingViewController.swift in Sources */,
				9413E9F42244856000C97862 /* Functions.swift in Sources */,
				9425691822519941001F63CC /* Conversation.swift in Sources */,
				9413E9F12244856000C97862 /* PaginationItem.swift in Sources */,
				9413E9F82244856000C97862 /* URLRequest.swift in Sources */,
				9413EA022244856000C97862 /* Attachment.swift in Sources */,
				9413E9FC2244856000C97862 /* DateFormatter.swift in Sources */,
				9413EA0A2244856000C97862 /* Context.swift in Sources */,
				9413EA212244856000C97862 /* Reports.swift in Sources */,
				9413EA202244856000C97862 /* Lists.swift in Sources */,
				9413EA1A2244856000C97862 /* Login.swift in Sources */,
				9413E8FB2241F8FF00C97862 /* ConversationListCell.swift in Sources */,
				9413EA0B2244856000C97862 /* Instance.swift in Sources */,
				9413EA132244856000C97862 /* NotificationType.swift in Sources */,
				9413EA002244856000C97862 /* AttachmentType.swift in Sources */,
				A9BE3589223344BA00F4EC8C /* AppDelegate.swift in Sources */,
				9413EA3C224953E600C97862 /* AccountExtension.swift in Sources */,
				9413EA1D2244856000C97862 /* Notifications.swift in Sources */,
				94256912224ECE76001F63CC /* SettingsTableViewCell.swift in Sources */,
				9413EA322244861D00C97862 /* AuthenticationManager.swift in Sources */,
				9413EA1B2244856000C97862 /* Favourites.swift in Sources */,
				9413E9F92244856000C97862 /* Data.swift in Sources */,
				9413EA1C2244856000C97862 /* Blocks.swift in Sources */,
				9413EA262244856000C97862 /* Pagination.swift in Sources */,
				9413EA222244856000C97862 /* Clients.swift in Sources */,
				9413EA0C2244856000C97862 /* Relationship.swift in Sources */,
			);
			runOnlyForDeploymentPostprocessing = 0;
		};
		A9BE3595223344BD00F4EC8C /* Sources */ = {
			isa = PBXSourcesBuildPhase;
			buildActionMask = 2147483647;
			files = (
				A9BE359E223344BD00F4EC8C /* Roma_ChatTests.swift in Sources */,
			);
			runOnlyForDeploymentPostprocessing = 0;
		};
		A9BE35A0223344BD00F4EC8C /* Sources */ = {
			isa = PBXSourcesBuildPhase;
			buildActionMask = 2147483647;
			files = (
				A9BE35A9223344BD00F4EC8C /* Roma_ChatUITests.swift in Sources */,
			);
			runOnlyForDeploymentPostprocessing = 0;
		};
/* End PBXSourcesBuildPhase section */

/* Begin PBXTargetDependency section */
		A9BE359B223344BD00F4EC8C /* PBXTargetDependency */ = {
			isa = PBXTargetDependency;
			target = A9BE3584223344BA00F4EC8C /* Roma Chat */;
			targetProxy = A9BE359A223344BD00F4EC8C /* PBXContainerItemProxy */;
		};
		A9BE35A6223344BD00F4EC8C /* PBXTargetDependency */ = {
			isa = PBXTargetDependency;
			target = A9BE3584223344BA00F4EC8C /* Roma Chat */;
			targetProxy = A9BE35A5223344BD00F4EC8C /* PBXContainerItemProxy */;
		};
/* End PBXTargetDependency section */

/* Begin PBXVariantGroup section */
		A9BE358C223344BA00F4EC8C /* Main.storyboard */ = {
			isa = PBXVariantGroup;
			children = (
				A9BE358D223344BA00F4EC8C /* Base */,
			);
			name = Main.storyboard;
			sourceTree = "<group>";
		};
		A9BE3591223344BD00F4EC8C /* LaunchScreen.storyboard */ = {
			isa = PBXVariantGroup;
			children = (
				A9BE3592223344BD00F4EC8C /* Base */,
			);
			name = LaunchScreen.storyboard;
			sourceTree = "<group>";
		};
/* End PBXVariantGroup section */

/* Begin XCBuildConfiguration section */
		A9BE35AB223344BD00F4EC8C /* Debug */ = {
			isa = XCBuildConfiguration;
			buildSettings = {
				ALWAYS_SEARCH_USER_PATHS = NO;
				CLANG_ANALYZER_NONNULL = YES;
				CLANG_ANALYZER_NUMBER_OBJECT_CONVERSION = YES_AGGRESSIVE;
				CLANG_CXX_LANGUAGE_STANDARD = "gnu++14";
				CLANG_CXX_LIBRARY = "libc++";
				CLANG_ENABLE_MODULES = YES;
				CLANG_ENABLE_OBJC_ARC = YES;
				CLANG_ENABLE_OBJC_WEAK = YES;
				CLANG_WARN_BLOCK_CAPTURE_AUTORELEASING = YES;
				CLANG_WARN_BOOL_CONVERSION = YES;
				CLANG_WARN_COMMA = YES;
				CLANG_WARN_CONSTANT_CONVERSION = YES;
				CLANG_WARN_DEPRECATED_OBJC_IMPLEMENTATIONS = YES;
				CLANG_WARN_DIRECT_OBJC_ISA_USAGE = YES_ERROR;
				CLANG_WARN_DOCUMENTATION_COMMENTS = YES;
				CLANG_WARN_EMPTY_BODY = YES;
				CLANG_WARN_ENUM_CONVERSION = YES;
				CLANG_WARN_INFINITE_RECURSION = YES;
				CLANG_WARN_INT_CONVERSION = YES;
				CLANG_WARN_NON_LITERAL_NULL_CONVERSION = YES;
				CLANG_WARN_OBJC_IMPLICIT_RETAIN_SELF = YES;
				CLANG_WARN_OBJC_LITERAL_CONVERSION = YES;
				CLANG_WARN_OBJC_ROOT_CLASS = YES_ERROR;
				CLANG_WARN_RANGE_LOOP_ANALYSIS = YES;
				CLANG_WARN_STRICT_PROTOTYPES = YES;
				CLANG_WARN_SUSPICIOUS_MOVE = YES;
				CLANG_WARN_UNGUARDED_AVAILABILITY = YES_AGGRESSIVE;
				CLANG_WARN_UNREACHABLE_CODE = YES;
				CLANG_WARN__DUPLICATE_METHOD_MATCH = YES;
				CODE_SIGN_IDENTITY = "iPhone Developer";
				COPY_PHASE_STRIP = NO;
				DEBUG_INFORMATION_FORMAT = "dwarf-with-dsym";
				ENABLE_STRICT_OBJC_MSGSEND = YES;
				ENABLE_TESTABILITY = YES;
				GCC_C_LANGUAGE_STANDARD = gnu11;
				GCC_DYNAMIC_NO_PIC = NO;
				GCC_NO_COMMON_BLOCKS = YES;
				GCC_OPTIMIZATION_LEVEL = 0;
				GCC_PREPROCESSOR_DEFINITIONS = (
					"DEBUG=1",
					"$(inherited)",
				);
				GCC_WARN_64_TO_32_BIT_CONVERSION = YES;
				GCC_WARN_ABOUT_RETURN_TYPE = YES_ERROR;
				GCC_WARN_UNDECLARED_SELECTOR = YES;
				GCC_WARN_UNINITIALIZED_AUTOS = YES_AGGRESSIVE;
				GCC_WARN_UNUSED_FUNCTION = YES;
				GCC_WARN_UNUSED_VARIABLE = YES;
				IPHONEOS_DEPLOYMENT_TARGET = 12.1;
				MTL_ENABLE_DEBUG_INFO = INCLUDE_SOURCE;
				MTL_FAST_MATH = YES;
				ONLY_ACTIVE_ARCH = YES;
				SDKROOT = iphoneos;
				SWIFT_ACTIVE_COMPILATION_CONDITIONS = DEBUG;
				SWIFT_OPTIMIZATION_LEVEL = "-Onone";
			};
			name = Debug;
		};
		A9BE35AC223344BD00F4EC8C /* Release */ = {
			isa = XCBuildConfiguration;
			buildSettings = {
				ALWAYS_SEARCH_USER_PATHS = NO;
				CLANG_ANALYZER_NONNULL = YES;
				CLANG_ANALYZER_NUMBER_OBJECT_CONVERSION = YES_AGGRESSIVE;
				CLANG_CXX_LANGUAGE_STANDARD = "gnu++14";
				CLANG_CXX_LIBRARY = "libc++";
				CLANG_ENABLE_MODULES = YES;
				CLANG_ENABLE_OBJC_ARC = YES;
				CLANG_ENABLE_OBJC_WEAK = YES;
				CLANG_WARN_BLOCK_CAPTURE_AUTORELEASING = YES;
				CLANG_WARN_BOOL_CONVERSION = YES;
				CLANG_WARN_COMMA = YES;
				CLANG_WARN_CONSTANT_CONVERSION = YES;
				CLANG_WARN_DEPRECATED_OBJC_IMPLEMENTATIONS = YES;
				CLANG_WARN_DIRECT_OBJC_ISA_USAGE = YES_ERROR;
				CLANG_WARN_DOCUMENTATION_COMMENTS = YES;
				CLANG_WARN_EMPTY_BODY = YES;
				CLANG_WARN_ENUM_CONVERSION = YES;
				CLANG_WARN_INFINITE_RECURSION = YES;
				CLANG_WARN_INT_CONVERSION = YES;
				CLANG_WARN_NON_LITERAL_NULL_CONVERSION = YES;
				CLANG_WARN_OBJC_IMPLICIT_RETAIN_SELF = YES;
				CLANG_WARN_OBJC_LITERAL_CONVERSION = YES;
				CLANG_WARN_OBJC_ROOT_CLASS = YES_ERROR;
				CLANG_WARN_RANGE_LOOP_ANALYSIS = YES;
				CLANG_WARN_STRICT_PROTOTYPES = YES;
				CLANG_WARN_SUSPICIOUS_MOVE = YES;
				CLANG_WARN_UNGUARDED_AVAILABILITY = YES_AGGRESSIVE;
				CLANG_WARN_UNREACHABLE_CODE = YES;
				CLANG_WARN__DUPLICATE_METHOD_MATCH = YES;
				CODE_SIGN_IDENTITY = "iPhone Developer";
				COPY_PHASE_STRIP = NO;
				DEBUG_INFORMATION_FORMAT = "dwarf-with-dsym";
				ENABLE_NS_ASSERTIONS = NO;
				ENABLE_STRICT_OBJC_MSGSEND = YES;
				GCC_C_LANGUAGE_STANDARD = gnu11;
				GCC_NO_COMMON_BLOCKS = YES;
				GCC_WARN_64_TO_32_BIT_CONVERSION = YES;
				GCC_WARN_ABOUT_RETURN_TYPE = YES_ERROR;
				GCC_WARN_UNDECLARED_SELECTOR = YES;
				GCC_WARN_UNINITIALIZED_AUTOS = YES_AGGRESSIVE;
				GCC_WARN_UNUSED_FUNCTION = YES;
				GCC_WARN_UNUSED_VARIABLE = YES;
				IPHONEOS_DEPLOYMENT_TARGET = 12.1;
				MTL_ENABLE_DEBUG_INFO = NO;
				MTL_FAST_MATH = YES;
				SDKROOT = iphoneos;
				SWIFT_COMPILATION_MODE = wholemodule;
				SWIFT_OPTIMIZATION_LEVEL = "-O";
				VALIDATE_PRODUCT = YES;
			};
			name = Release;
		};
		A9BE35AE223344BD00F4EC8C /* Debug */ = {
			isa = XCBuildConfiguration;
			baseConfigurationReference = 8AF6B53B6F3394C764B35C4D /* Pods-Roma Chat.debug.xcconfig */;
			buildSettings = {
				ASSETCATALOG_COMPILER_APPICON_NAME = AppIcon;
				CODE_SIGN_STYLE = Automatic;
				DEVELOPMENT_TEAM = 5877VK992M;
				INFOPLIST_FILE = "Roma Chat/Info.plist";
				LD_RUNPATH_SEARCH_PATHS = (
					"$(inherited)",
					"@executable_path/Frameworks",
				);
				PRODUCT_BUNDLE_IDENTIFIER = "com.vm.Roma-Chat";
				PRODUCT_NAME = "$(TARGET_NAME)";
				SWIFT_VERSION = 5.0;
				TARGETED_DEVICE_FAMILY = "1,2";
			};
			name = Debug;
		};
		A9BE35AF223344BD00F4EC8C /* Release */ = {
			isa = XCBuildConfiguration;
			baseConfigurationReference = E9978259EE46C385A6EC9EFD /* Pods-Roma Chat.release.xcconfig */;
			buildSettings = {
				ASSETCATALOG_COMPILER_APPICON_NAME = AppIcon;
				CODE_SIGN_STYLE = Automatic;
				DEVELOPMENT_TEAM = 5877VK992M;
				INFOPLIST_FILE = "Roma Chat/Info.plist";
				LD_RUNPATH_SEARCH_PATHS = (
					"$(inherited)",
					"@executable_path/Frameworks",
				);
				PRODUCT_BUNDLE_IDENTIFIER = "com.vm.Roma-Chat";
				PRODUCT_NAME = "$(TARGET_NAME)";
				SWIFT_VERSION = 5.0;
				TARGETED_DEVICE_FAMILY = "1,2";
			};
			name = Release;
		};
		A9BE35B1223344BD00F4EC8C /* Debug */ = {
			isa = XCBuildConfiguration;
			baseConfigurationReference = E84BE0CE95D0020CAEBAE54C /* Pods-Roma ChatTests.debug.xcconfig */;
			buildSettings = {
				ALWAYS_EMBED_SWIFT_STANDARD_LIBRARIES = YES;
				BUNDLE_LOADER = "$(TEST_HOST)";
				CODE_SIGN_STYLE = Automatic;
				DEVELOPMENT_TEAM = 5877VK992M;
				INFOPLIST_FILE = "Roma ChatTests/Info.plist";
				LD_RUNPATH_SEARCH_PATHS = (
					"$(inherited)",
					"@executable_path/Frameworks",
					"@loader_path/Frameworks",
				);
				PRODUCT_BUNDLE_IDENTIFIER = "com.vm.Roma-ChatTests";
				PRODUCT_NAME = "$(TARGET_NAME)";
				SWIFT_VERSION = 5.0;
				TARGETED_DEVICE_FAMILY = "1,2";
				TEST_HOST = "$(BUILT_PRODUCTS_DIR)/Roma Chat.app/Roma Chat";
			};
			name = Debug;
		};
		A9BE35B2223344BD00F4EC8C /* Release */ = {
			isa = XCBuildConfiguration;
			baseConfigurationReference = DACC687EB73CAFCB85EDC780 /* Pods-Roma ChatTests.release.xcconfig */;
			buildSettings = {
				ALWAYS_EMBED_SWIFT_STANDARD_LIBRARIES = YES;
				BUNDLE_LOADER = "$(TEST_HOST)";
				CODE_SIGN_STYLE = Automatic;
				DEVELOPMENT_TEAM = 5877VK992M;
				INFOPLIST_FILE = "Roma ChatTests/Info.plist";
				LD_RUNPATH_SEARCH_PATHS = (
					"$(inherited)",
					"@executable_path/Frameworks",
					"@loader_path/Frameworks",
				);
				PRODUCT_BUNDLE_IDENTIFIER = "com.vm.Roma-ChatTests";
				PRODUCT_NAME = "$(TARGET_NAME)";
				SWIFT_VERSION = 5.0;
				TARGETED_DEVICE_FAMILY = "1,2";
				TEST_HOST = "$(BUILT_PRODUCTS_DIR)/Roma Chat.app/Roma Chat";
			};
			name = Release;
		};
		A9BE35B4223344BD00F4EC8C /* Debug */ = {
			isa = XCBuildConfiguration;
			baseConfigurationReference = 89A3C51FE1870CB70DCEF1BB /* Pods-Roma ChatUITests.debug.xcconfig */;
			buildSettings = {
				ALWAYS_EMBED_SWIFT_STANDARD_LIBRARIES = YES;
				CODE_SIGN_STYLE = Automatic;
				DEVELOPMENT_TEAM = 5877VK992M;
				INFOPLIST_FILE = "Roma ChatUITests/Info.plist";
				LD_RUNPATH_SEARCH_PATHS = (
					"$(inherited)",
					"@executable_path/Frameworks",
					"@loader_path/Frameworks",
				);
				PRODUCT_BUNDLE_IDENTIFIER = "com.vm.Roma-ChatUITests";
				PRODUCT_NAME = "$(TARGET_NAME)";
				SWIFT_VERSION = 5.0;
				TARGETED_DEVICE_FAMILY = "1,2";
				TEST_TARGET_NAME = "Roma Chat";
			};
			name = Debug;
		};
		A9BE35B5223344BD00F4EC8C /* Release */ = {
			isa = XCBuildConfiguration;
			baseConfigurationReference = ED414D1FB025858556A983C6 /* Pods-Roma ChatUITests.release.xcconfig */;
			buildSettings = {
				ALWAYS_EMBED_SWIFT_STANDARD_LIBRARIES = YES;
				CODE_SIGN_STYLE = Automatic;
				DEVELOPMENT_TEAM = 5877VK992M;
				INFOPLIST_FILE = "Roma ChatUITests/Info.plist";
				LD_RUNPATH_SEARCH_PATHS = (
					"$(inherited)",
					"@executable_path/Frameworks",
					"@loader_path/Frameworks",
				);
				PRODUCT_BUNDLE_IDENTIFIER = "com.vm.Roma-ChatUITests";
				PRODUCT_NAME = "$(TARGET_NAME)";
				SWIFT_VERSION = 5.0;
				TARGETED_DEVICE_FAMILY = "1,2";
				TEST_TARGET_NAME = "Roma Chat";
			};
			name = Release;
		};
/* End XCBuildConfiguration section */

/* Begin XCConfigurationList section */
		A9BE3580223344BA00F4EC8C /* Build configuration list for PBXProject "Roma Chat" */ = {
			isa = XCConfigurationList;
			buildConfigurations = (
				A9BE35AB223344BD00F4EC8C /* Debug */,
				A9BE35AC223344BD00F4EC8C /* Release */,
			);
			defaultConfigurationIsVisible = 0;
			defaultConfigurationName = Release;
		};
		A9BE35AD223344BD00F4EC8C /* Build configuration list for PBXNativeTarget "Roma Chat" */ = {
			isa = XCConfigurationList;
			buildConfigurations = (
				A9BE35AE223344BD00F4EC8C /* Debug */,
				A9BE35AF223344BD00F4EC8C /* Release */,
			);
			defaultConfigurationIsVisible = 0;
			defaultConfigurationName = Release;
		};
		A9BE35B0223344BD00F4EC8C /* Build configuration list for PBXNativeTarget "Roma ChatTests" */ = {
			isa = XCConfigurationList;
			buildConfigurations = (
				A9BE35B1223344BD00F4EC8C /* Debug */,
				A9BE35B2223344BD00F4EC8C /* Release */,
			);
			defaultConfigurationIsVisible = 0;
			defaultConfigurationName = Release;
		};
		A9BE35B3223344BD00F4EC8C /* Build configuration list for PBXNativeTarget "Roma ChatUITests" */ = {
			isa = XCConfigurationList;
			buildConfigurations = (
				A9BE35B4223344BD00F4EC8C /* Debug */,
				A9BE35B5223344BD00F4EC8C /* Release */,
			);
			defaultConfigurationIsVisible = 0;
			defaultConfigurationName = Release;
		};
/* End XCConfigurationList section */
	};
	rootObject = A9BE357D223344BA00F4EC8C /* Project object */;
}
