// !$*UTF8*$!
{
	archiveVersion = 1;
	classes = {
	};
	objectVersion = 50;
	objects = {

/* Begin PBXBuildFile section */
		1E48E3A022974CBF009C9F0A /* StreamUpdate.swift in Sources */ = {isa = PBXBuildFile; fileRef = 1E48E39F22974CBF009C9F0A /* StreamUpdate.swift */; };
		1E64C31A2295BD3C0051989F /* ConversationViewController.swift in Sources */ = {isa = PBXBuildFile; fileRef = 1E64C3192295BD3C0051989F /* ConversationViewController.swift */; };
		1E64C31C2295F6960051989F /* Stream.swift in Sources */ = {isa = PBXBuildFile; fileRef = 1E64C31B2295F6960051989F /* Stream.swift */; };
		5F04EBA0B8E237F946A6D5BE /* Pods_Roma_Chat.framework in Frameworks */ = {isa = PBXBuildFile; fileRef = 24D86DA479337042E8AA515B /* Pods_Roma_Chat.framework */; };
		75B556434460E795D72F1680 /* Pods_Roma_ChatUITests.framework in Frameworks */ = {isa = PBXBuildFile; fileRef = 634767F3FC2BEB8B0E492FEE /* Pods_Roma_ChatUITests.framework */; };
		7F9B95617CA2CDF9BB2FFD2B /* Pods_Roma_ChatTests.framework in Frameworks */ = {isa = PBXBuildFile; fileRef = FAD73DE07CCCCFA7381287F8 /* Pods_Roma_ChatTests.framework */; };
		9413E8F72241F7D300C97862 /* ConversationListScreen.swift in Sources */ = {isa = PBXBuildFile; fileRef = 9413E8F62241F7D300C97862 /* ConversationListScreen.swift */; };
		9413E8F92241F8E900C97862 /* ConversationListCell.xib in Resources */ = {isa = PBXBuildFile; fileRef = 9413E8F82241F8E900C97862 /* ConversationListCell.xib */; };
		9413E8FB2241F8FF00C97862 /* ConversationListCell.swift in Sources */ = {isa = PBXBuildFile; fileRef = 9413E8FA2241F8FF00C97862 /* ConversationListCell.swift */; };
		9413EA322244861D00C97862 /* AuthenticationManager.swift in Sources */ = {isa = PBXBuildFile; fileRef = 9413EA312244861D00C97862 /* AuthenticationManager.swift */; };
		9413EA34224486DC00C97862 /* Storage.swift in Sources */ = {isa = PBXBuildFile; fileRef = 9413EA33224486DC00C97862 /* Storage.swift */; };
		9413EA3822494FC600C97862 /* InstanceData.swift in Sources */ = {isa = PBXBuildFile; fileRef = 9413EA3722494FC600C97862 /* InstanceData.swift */; };
		9413EA3A2249514B00C97862 /* StoreStruct.swift in Sources */ = {isa = PBXBuildFile; fileRef = 9413EA392249514A00C97862 /* StoreStruct.swift */; };
		9413EA3C224953E600C97862 /* AccountExtension.swift in Sources */ = {isa = PBXBuildFile; fileRef = 9413EA3B224953E600C97862 /* AccountExtension.swift */; };
		9413EA4222495A7500C97862 /* LandingNavigationController.swift in Sources */ = {isa = PBXBuildFile; fileRef = 9413EA4122495A7500C97862 /* LandingNavigationController.swift */; };
		9413EA4422495AF600C97862 /* Storyboard.swift in Sources */ = {isa = PBXBuildFile; fileRef = 9413EA4322495AF600C97862 /* Storyboard.swift */; };
		9413EA4622495BEE00C97862 /* MasterNavigationController.swift in Sources */ = {isa = PBXBuildFile; fileRef = 9413EA4522495BEE00C97862 /* MasterNavigationController.swift */; };
		9413EA4A224A741900C97862 /* GoogleService-Info.plist in Resources */ = {isa = PBXBuildFile; fileRef = 9413EA49224A741900C97862 /* GoogleService-Info.plist */; };
		9413EA92224B1FF200C97862 /* ApiManager.swift in Sources */ = {isa = PBXBuildFile; fileRef = 9413EA91224B1FF200C97862 /* ApiManager.swift */; };
		9413EA94224B20AD00C97862 /* Spinner.swift in Sources */ = {isa = PBXBuildFile; fileRef = 9413EA93224B20AD00C97862 /* Spinner.swift */; };
		9413EA9A224B298F00C97862 /* NotificationNames.swift in Sources */ = {isa = PBXBuildFile; fileRef = 9413EA99224B298F00C97862 /* NotificationNames.swift */; };
		9425690B224D856C001F63CC /* ProfileScreen.xib in Resources */ = {isa = PBXBuildFile; fileRef = 9425690A224D856C001F63CC /* ProfileScreen.xib */; };
		9425690D224D85CD001F63CC /* ProfileScreen.swift in Sources */ = {isa = PBXBuildFile; fileRef = 9425690C224D85CD001F63CC /* ProfileScreen.swift */; };
		9425690F224D8ED9001F63CC /* SettingsViewController.swift in Sources */ = {isa = PBXBuildFile; fileRef = 9425690E224D8ED9001F63CC /* SettingsViewController.swift */; };
		94256912224ECE76001F63CC /* SettingsTableViewCell.swift in Sources */ = {isa = PBXBuildFile; fileRef = 94256911224ECE76001F63CC /* SettingsTableViewCell.swift */; };
		94256914224ECE8A001F63CC /* SettingsTableViewCell.xib in Resources */ = {isa = PBXBuildFile; fileRef = 94256913224ECE8A001F63CC /* SettingsTableViewCell.xib */; };
		94648C4A225D7723002AE701 /* PhotoScreen.swift in Sources */ = {isa = PBXBuildFile; fileRef = 94648C49225D7723002AE701 /* PhotoScreen.swift */; };
		94648C4C225D7738002AE701 /* PhotoScreen.xib in Resources */ = {isa = PBXBuildFile; fileRef = 94648C4B225D7738002AE701 /* PhotoScreen.xib */; };
		947543C1223758F900289005 /* LandingViewController.swift in Sources */ = {isa = PBXBuildFile; fileRef = 947543C0223758F900289005 /* LandingViewController.swift */; };
		949E482F2237313E00B931F9 /* MasterViewController.swift in Sources */ = {isa = PBXBuildFile; fileRef = 949E482E2237313E00B931F9 /* MasterViewController.swift */; };
		949E4837223736FD00B931F9 /* CameraView.xib in Resources */ = {isa = PBXBuildFile; fileRef = 949E4836223736FD00B931F9 /* CameraView.xib */; };
		949E48392237370F00B931F9 /* CameraView.swift in Sources */ = {isa = PBXBuildFile; fileRef = 949E48382237370F00B931F9 /* CameraView.swift */; };
		94DC289822B0269B00DF450D /* FeedScreen.swift in Sources */ = {isa = PBXBuildFile; fileRef = 94DC289722B0269B00DF450D /* FeedScreen.swift */; };
		94DC289A22B026A900DF450D /* FeedScreen.xib in Resources */ = {isa = PBXBuildFile; fileRef = 94DC289922B026A900DF450D /* FeedScreen.xib */; };
		94DC289C22B04D7600DF450D /* FeedCell.swift in Sources */ = {isa = PBXBuildFile; fileRef = 94DC289B22B04D7600DF450D /* FeedCell.swift */; };
		94DC289E22B04D8100DF450D /* FeedCell.xib in Resources */ = {isa = PBXBuildFile; fileRef = 94DC289D22B04D8100DF450D /* FeedCell.xib */; };
		94FD1D1B2256B03F007464B4 /* PaginationItem.swift in Sources */ = {isa = PBXBuildFile; fileRef = 94FD1CD52256B03F007464B4 /* PaginationItem.swift */; };
		94FD1D1C2256B03F007464B4 /* Conversation.swift in Sources */ = {isa = PBXBuildFile; fileRef = 94FD1CD62256B03F007464B4 /* Conversation.swift */; };
		94FD1D1D2256B03F007464B4 /* ClientType.swift in Sources */ = {isa = PBXBuildFile; fileRef = 94FD1CD72256B03F007464B4 /* ClientType.swift */; };
		94FD1D1E2256B03F007464B4 /* Parameter.swift in Sources */ = {isa = PBXBuildFile; fileRef = 94FD1CD82256B03F007464B4 /* Parameter.swift */; };
		94FD1D1F2256B03F007464B4 /* Functions.swift in Sources */ = {isa = PBXBuildFile; fileRef = 94FD1CD92256B03F007464B4 /* Functions.swift */; };
		94FD1D202256B03F007464B4 /* Conversations.swift in Sources */ = {isa = PBXBuildFile; fileRef = 94FD1CDA2256B03F007464B4 /* Conversations.swift */; };
		94FD1D212256B03F007464B4 /* Result.swift in Sources */ = {isa = PBXBuildFile; fileRef = 94FD1CDB2256B03F007464B4 /* Result.swift */; };
		94FD1D222256B03F007464B4 /* URLComponents.swift in Sources */ = {isa = PBXBuildFile; fileRef = 94FD1CDD2256B03F007464B4 /* URLComponents.swift */; };
		94FD1D232256B03F007464B4 /* CharacterSet.swift in Sources */ = {isa = PBXBuildFile; fileRef = 94FD1CDE2256B03F007464B4 /* CharacterSet.swift */; };
		94FD1D242256B03F007464B4 /* URLRequest.swift in Sources */ = {isa = PBXBuildFile; fileRef = 94FD1CDF2256B03F007464B4 /* URLRequest.swift */; };
		94FD1D252256B03F007464B4 /* Data.swift in Sources */ = {isa = PBXBuildFile; fileRef = 94FD1CE02256B03F007464B4 /* Data.swift */; };
		94FD1D262256B03F007464B4 /* Decodable.swift in Sources */ = {isa = PBXBuildFile; fileRef = 94FD1CE12256B03F007464B4 /* Decodable.swift */; };
		94FD1D272256B03F007464B4 /* String.swift in Sources */ = {isa = PBXBuildFile; fileRef = 94FD1CE22256B03F007464B4 /* String.swift */; };
		94FD1D282256B03F007464B4 /* DateFormatter.swift in Sources */ = {isa = PBXBuildFile; fileRef = 94FD1CE32256B03F007464B4 /* DateFormatter.swift */; };
		94FD1D292256B03F007464B4 /* HTTPURLResponse.swift in Sources */ = {isa = PBXBuildFile; fileRef = 94FD1CE42256B03F007464B4 /* HTTPURLResponse.swift */; };
		94FD1D2A2256B03F007464B4 /* Report.swift in Sources */ = {isa = PBXBuildFile; fileRef = 94FD1CE62256B03F007464B4 /* Report.swift */; };
		94FD1D2B2256B03F007464B4 /* Mention.swift in Sources */ = {isa = PBXBuildFile; fileRef = 94FD1CE72256B03F007464B4 /* Mention.swift */; };
		94FD1D2C2256B03F007464B4 /* AttachmentType.swift in Sources */ = {isa = PBXBuildFile; fileRef = 94FD1CE82256B03F007464B4 /* AttachmentType.swift */; };
		94FD1D2D2256B03F007464B4 /* Visibility.swift in Sources */ = {isa = PBXBuildFile; fileRef = 94FD1CE92256B03F007464B4 /* Visibility.swift */; };
		94FD1D2E2256B03F007464B4 /* ScheduledStatus.swift in Sources */ = {isa = PBXBuildFile; fileRef = 94FD1CEA2256B03F007464B4 /* ScheduledStatus.swift */; };
		94FD1D2F2256B03F007464B4 /* Attachment.swift in Sources */ = {isa = PBXBuildFile; fileRef = 94FD1CEB2256B03F007464B4 /* Attachment.swift */; };
		94FD1D302256B03F007464B4 /* Empty.swift in Sources */ = {isa = PBXBuildFile; fileRef = 94FD1CEC2256B03F007464B4 /* Empty.swift */; };
		94FD1D312256B03F007464B4 /* ClientApplication.swift in Sources */ = {isa = PBXBuildFile; fileRef = 94FD1CED2256B03F007464B4 /* ClientApplication.swift */; };
		94FD1D322256B03F007464B4 /* Card.swift in Sources */ = {isa = PBXBuildFile; fileRef = 94FD1CEE2256B03F007464B4 /* Card.swift */; };
		94FD1D332256B03F007464B4 /* LoginSettings.swift in Sources */ = {isa = PBXBuildFile; fileRef = 94FD1CEF2256B03F007464B4 /* LoginSettings.swift */; };
		94FD1D342256B03F007464B4 /* AccessScope.swift in Sources */ = {isa = PBXBuildFile; fileRef = 94FD1CF02256B03F007464B4 /* AccessScope.swift */; };
		94FD1D352256B03F007464B4 /* Results.swift in Sources */ = {isa = PBXBuildFile; fileRef = 94FD1CF12256B03F007464B4 /* Results.swift */; };
		94FD1D362256B03F007464B4 /* List.swift in Sources */ = {isa = PBXBuildFile; fileRef = 94FD1CF22256B03F007464B4 /* List.swift */; };
		94FD1D372256B03F007464B4 /* Context.swift in Sources */ = {isa = PBXBuildFile; fileRef = 94FD1CF32256B03F007464B4 /* Context.swift */; };
		94FD1D382256B03F007464B4 /* Instance.swift in Sources */ = {isa = PBXBuildFile; fileRef = 94FD1CF42256B03F007464B4 /* Instance.swift */; };
		94FD1D392256B03F007464B4 /* Relationship.swift in Sources */ = {isa = PBXBuildFile; fileRef = 94FD1CF52256B03F007464B4 /* Relationship.swift */; };
		94FD1D3A2256B03F007464B4 /* Notification.swift in Sources */ = {isa = PBXBuildFile; fileRef = 94FD1CF62256B03F007464B4 /* Notification.swift */; };
		94FD1D3B2256B03F007464B4 /* Application.swift in Sources */ = {isa = PBXBuildFile; fileRef = 94FD1CF72256B03F007464B4 /* Application.swift */; };
		94FD1D3C2256B03F007464B4 /* StatusPara.swift in Sources */ = {isa = PBXBuildFile; fileRef = 94FD1CF82256B03F007464B4 /* StatusPara.swift */; };
		94FD1D3D2256B03F007464B4 /* Status.swift in Sources */ = {isa = PBXBuildFile; fileRef = 94FD1CF92256B03F007464B4 /* Status.swift */; };
		94FD1D3E2256B03F007464B4 /* HashType.swift in Sources */ = {isa = PBXBuildFile; fileRef = 94FD1CFA2256B03F007464B4 /* HashType.swift */; };
		94FD1D3F2256B03F007464B4 /* Emoji.swift in Sources */ = {isa = PBXBuildFile; fileRef = 94FD1CFB2256B03F007464B4 /* Emoji.swift */; };
		94FD1D402256B03F007464B4 /* Tag.swift in Sources */ = {isa = PBXBuildFile; fileRef = 94FD1CFC2256B03F007464B4 /* Tag.swift */; };
		94FD1D412256B03F007464B4 /* Filters.swift in Sources */ = {isa = PBXBuildFile; fileRef = 94FD1CFD2256B03F007464B4 /* Filters.swift */; };
		94FD1D422256B03F007464B4 /* Account.swift in Sources */ = {isa = PBXBuildFile; fileRef = 94FD1CFE2256B03F007464B4 /* Account.swift */; };
		94FD1D432256B03F007464B4 /* NotificationType.swift in Sources */ = {isa = PBXBuildFile; fileRef = 94FD1CFF2256B03F007464B4 /* NotificationType.swift */; };
		94FD1D442256B03F007464B4 /* RequestError.swift in Sources */ = {isa = PBXBuildFile; fileRef = 94FD1D002256B03F007464B4 /* RequestError.swift */; };
		94FD1D452256B03F007464B4 /* HTTPMethod.swift in Sources */ = {isa = PBXBuildFile; fileRef = 94FD1D012256B03F007464B4 /* HTTPMethod.swift */; };
		94FD1D462256B03F007464B4 /* Mutes.swift in Sources */ = {isa = PBXBuildFile; fileRef = 94FD1D032256B03F007464B4 /* Mutes.swift */; };
		94FD1D472256B03F007464B4 /* Instances.swift in Sources */ = {isa = PBXBuildFile; fileRef = 94FD1D042256B03F007464B4 /* Instances.swift */; };
		94FD1D482256B03F007464B4 /* Statuses.swift in Sources */ = {isa = PBXBuildFile; fileRef = 94FD1D052256B03F007464B4 /* Statuses.swift */; };
		94FD1D492256B03F007464B4 /* FollowRequests.swift in Sources */ = {isa = PBXBuildFile; fileRef = 94FD1D062256B03F007464B4 /* FollowRequests.swift */; };
		94FD1D4A2256B03F007464B4 /* Login.swift in Sources */ = {isa = PBXBuildFile; fileRef = 94FD1D072256B03F007464B4 /* Login.swift */; };
		94FD1D4B2256B03F007464B4 /* Favourites.swift in Sources */ = {isa = PBXBuildFile; fileRef = 94FD1D082256B03F007464B4 /* Favourites.swift */; };
		94FD1D4C2256B03F007464B4 /* Blocks.swift in Sources */ = {isa = PBXBuildFile; fileRef = 94FD1D092256B03F007464B4 /* Blocks.swift */; };
		94FD1D4D2256B03F007464B4 /* Notifications.swift in Sources */ = {isa = PBXBuildFile; fileRef = 94FD1D0A2256B03F007464B4 /* Notifications.swift */; };
		94FD1D4E2256B03F007464B4 /* FilterToots.swift in Sources */ = {isa = PBXBuildFile; fileRef = 94FD1D0B2256B03F007464B4 /* FilterToots.swift */; };
		94FD1D4F2256B03F007464B4 /* Media.swift in Sources */ = {isa = PBXBuildFile; fileRef = 94FD1D0C2256B03F007464B4 /* Media.swift */; };
		94FD1D502256B03F007464B4 /* Accounts.swift in Sources */ = {isa = PBXBuildFile; fileRef = 94FD1D0D2256B03F007464B4 /* Accounts.swift */; };
		94FD1D512256B03F007464B4 /* Lists.swift in Sources */ = {isa = PBXBuildFile; fileRef = 94FD1D0E2256B03F007464B4 /* Lists.swift */; };
		94FD1D522256B03F007464B4 /* Reports.swift in Sources */ = {isa = PBXBuildFile; fileRef = 94FD1D0F2256B03F007464B4 /* Reports.swift */; };
		94FD1D532256B03F007464B4 /* Clients.swift in Sources */ = {isa = PBXBuildFile; fileRef = 94FD1D102256B03F007464B4 /* Clients.swift */; };
		94FD1D542256B03F007464B4 /* DomainBlocks.swift in Sources */ = {isa = PBXBuildFile; fileRef = 94FD1D112256B03F007464B4 /* DomainBlocks.swift */; };
		94FD1D552256B03F007464B4 /* Search.swift in Sources */ = {isa = PBXBuildFile; fileRef = 94FD1D122256B03F007464B4 /* Search.swift */; };
		94FD1D562256B03F007464B4 /* Timelines.swift in Sources */ = {isa = PBXBuildFile; fileRef = 94FD1D132256B03F007464B4 /* Timelines.swift */; };
		94FD1D572256B03F007464B4 /* Pagination.swift in Sources */ = {isa = PBXBuildFile; fileRef = 94FD1D142256B03F007464B4 /* Pagination.swift */; };
		94FD1D582256B03F007464B4 /* Client.swift in Sources */ = {isa = PBXBuildFile; fileRef = 94FD1D152256B03F007464B4 /* Client.swift */; };
		94FD1D592256B03F007464B4 /* Request.swift in Sources */ = {isa = PBXBuildFile; fileRef = 94FD1D162256B03F007464B4 /* Request.swift */; };
		94FD1D5A2256B03F007464B4 /* RequestRange.swift in Sources */ = {isa = PBXBuildFile; fileRef = 94FD1D172256B03F007464B4 /* RequestRange.swift */; };
		94FD1D5B2256B03F007464B4 /* ClientError.swift in Sources */ = {isa = PBXBuildFile; fileRef = 94FD1D182256B03F007464B4 /* ClientError.swift */; };
		94FD1D5C2256B03F007464B4 /* Payload.swift in Sources */ = {isa = PBXBuildFile; fileRef = 94FD1D192256B03F007464B4 /* Payload.swift */; };
		94FD1D5D2256B03F007464B4 /* MediaAttachment.swift in Sources */ = {isa = PBXBuildFile; fileRef = 94FD1D1A2256B03F007464B4 /* MediaAttachment.swift */; };
		94FD1D612256D469007464B4 /* ConversationScreen.xib in Resources */ = {isa = PBXBuildFile; fileRef = 94FD1D602256D469007464B4 /* ConversationScreen.xib */; };
		94FD1D632256D545007464B4 /* ConversationScreen.swift in Sources */ = {isa = PBXBuildFile; fileRef = 94FD1D622256D545007464B4 /* ConversationScreen.swift */; };
		94FD1D652256E4DC007464B4 /* ConversationCell.swift in Sources */ = {isa = PBXBuildFile; fileRef = 94FD1D642256E4DC007464B4 /* ConversationCell.swift */; };
		94FD1D672256E4E5007464B4 /* ConversationCell.xib in Resources */ = {isa = PBXBuildFile; fileRef = 94FD1D662256E4E5007464B4 /* ConversationCell.xib */; };
		94FD1D6922581623007464B4 /* RomaConversation.swift in Sources */ = {isa = PBXBuildFile; fileRef = 94FD1D6822581623007464B4 /* RomaConversation.swift */; };
		A9BE3589223344BA00F4EC8C /* AppDelegate.swift in Sources */ = {isa = PBXBuildFile; fileRef = A9BE3588223344BA00F4EC8C /* AppDelegate.swift */; };
		A9BE358E223344BA00F4EC8C /* Main.storyboard in Resources */ = {isa = PBXBuildFile; fileRef = A9BE358C223344BA00F4EC8C /* Main.storyboard */; };
		A9BE3590223344BD00F4EC8C /* Assets.xcassets in Resources */ = {isa = PBXBuildFile; fileRef = A9BE358F223344BD00F4EC8C /* Assets.xcassets */; };
		A9BE3593223344BD00F4EC8C /* LaunchScreen.storyboard in Resources */ = {isa = PBXBuildFile; fileRef = A9BE3591223344BD00F4EC8C /* LaunchScreen.storyboard */; };
		A9BE359E223344BD00F4EC8C /* Roma_ChatTests.swift in Sources */ = {isa = PBXBuildFile; fileRef = A9BE359D223344BD00F4EC8C /* Roma_ChatTests.swift */; };
		A9BE35A9223344BD00F4EC8C /* Roma_ChatUITests.swift in Sources */ = {isa = PBXBuildFile; fileRef = A9BE35A8223344BD00F4EC8C /* Roma_ChatUITests.swift */; };
/* End PBXBuildFile section */

/* Begin PBXContainerItemProxy section */
		A9BE359A223344BD00F4EC8C /* PBXContainerItemProxy */ = {
			isa = PBXContainerItemProxy;
			containerPortal = A9BE357D223344BA00F4EC8C /* Project object */;
			proxyType = 1;
			remoteGlobalIDString = A9BE3584223344BA00F4EC8C;
			remoteInfo = "Roma Chat";
		};
		A9BE35A5223344BD00F4EC8C /* PBXContainerItemProxy */ = {
			isa = PBXContainerItemProxy;
			containerPortal = A9BE357D223344BA00F4EC8C /* Project object */;
			proxyType = 1;
			remoteGlobalIDString = A9BE3584223344BA00F4EC8C;
			remoteInfo = "Roma Chat";
		};
/* End PBXContainerItemProxy section */

/* Begin PBXFileReference section */
		1E48E39F22974CBF009C9F0A /* StreamUpdate.swift */ = {isa = PBXFileReference; lastKnownFileType = sourcecode.swift; path = StreamUpdate.swift; sourceTree = "<group>"; };
		1E64C3192295BD3C0051989F /* ConversationViewController.swift */ = {isa = PBXFileReference; lastKnownFileType = sourcecode.swift; path = ConversationViewController.swift; sourceTree = "<group>"; };
		1E64C31B2295F6960051989F /* Stream.swift */ = {isa = PBXFileReference; lastKnownFileType = sourcecode.swift; path = Stream.swift; sourceTree = "<group>"; };
		1EAA919B2295FC37001F4CEE /* Roma Chat-Bridging-Header.h */ = {isa = PBXFileReference; lastKnownFileType = sourcecode.c.h; path = "Roma Chat-Bridging-Header.h"; sourceTree = "<group>"; };
		24D86DA479337042E8AA515B /* Pods_Roma_Chat.framework */ = {isa = PBXFileReference; explicitFileType = wrapper.framework; includeInIndex = 0; path = Pods_Roma_Chat.framework; sourceTree = BUILT_PRODUCTS_DIR; };
		634767F3FC2BEB8B0E492FEE /* Pods_Roma_ChatUITests.framework */ = {isa = PBXFileReference; explicitFileType = wrapper.framework; includeInIndex = 0; path = Pods_Roma_ChatUITests.framework; sourceTree = BUILT_PRODUCTS_DIR; };
		89A3C51FE1870CB70DCEF1BB /* Pods-Roma ChatUITests.debug.xcconfig */ = {isa = PBXFileReference; includeInIndex = 1; lastKnownFileType = text.xcconfig; name = "Pods-Roma ChatUITests.debug.xcconfig"; path = "Target Support Files/Pods-Roma ChatUITests/Pods-Roma ChatUITests.debug.xcconfig"; sourceTree = "<group>"; };
		8AF6B53B6F3394C764B35C4D /* Pods-Roma Chat.debug.xcconfig */ = {isa = PBXFileReference; includeInIndex = 1; lastKnownFileType = text.xcconfig; name = "Pods-Roma Chat.debug.xcconfig"; path = "Target Support Files/Pods-Roma Chat/Pods-Roma Chat.debug.xcconfig"; sourceTree = "<group>"; };
		9413E8F62241F7D300C97862 /* ConversationListScreen.swift */ = {isa = PBXFileReference; lastKnownFileType = sourcecode.swift; path = ConversationListScreen.swift; sourceTree = "<group>"; };
		9413E8F82241F8E900C97862 /* ConversationListCell.xib */ = {isa = PBXFileReference; lastKnownFileType = file.xib; path = ConversationListCell.xib; sourceTree = "<group>"; };
		9413E8FA2241F8FF00C97862 /* ConversationListCell.swift */ = {isa = PBXFileReference; lastKnownFileType = sourcecode.swift; path = ConversationListCell.swift; sourceTree = "<group>"; };
		9413EA312244861D00C97862 /* AuthenticationManager.swift */ = {isa = PBXFileReference; lastKnownFileType = sourcecode.swift; path = AuthenticationManager.swift; sourceTree = "<group>"; };
		9413EA33224486DC00C97862 /* Storage.swift */ = {isa = PBXFileReference; lastKnownFileType = sourcecode.swift; path = Storage.swift; sourceTree = "<group>"; };
		9413EA3722494FC600C97862 /* InstanceData.swift */ = {isa = PBXFileReference; fileEncoding = 4; lastKnownFileType = sourcecode.swift; path = InstanceData.swift; sourceTree = "<group>"; };
		9413EA392249514A00C97862 /* StoreStruct.swift */ = {isa = PBXFileReference; fileEncoding = 4; lastKnownFileType = sourcecode.swift; path = StoreStruct.swift; sourceTree = "<group>"; };
		9413EA3B224953E600C97862 /* AccountExtension.swift */ = {isa = PBXFileReference; fileEncoding = 4; lastKnownFileType = sourcecode.swift; path = AccountExtension.swift; sourceTree = "<group>"; };
		9413EA4122495A7500C97862 /* LandingNavigationController.swift */ = {isa = PBXFileReference; lastKnownFileType = sourcecode.swift; path = LandingNavigationController.swift; sourceTree = "<group>"; };
		9413EA4322495AF600C97862 /* Storyboard.swift */ = {isa = PBXFileReference; lastKnownFileType = sourcecode.swift; path = Storyboard.swift; sourceTree = "<group>"; };
		9413EA4522495BEE00C97862 /* MasterNavigationController.swift */ = {isa = PBXFileReference; lastKnownFileType = sourcecode.swift; path = MasterNavigationController.swift; sourceTree = "<group>"; };
		9413EA49224A741900C97862 /* GoogleService-Info.plist */ = {isa = PBXFileReference; fileEncoding = 4; lastKnownFileType = text.plist.xml; path = "GoogleService-Info.plist"; sourceTree = "<group>"; };
		9413EA91224B1FF200C97862 /* ApiManager.swift */ = {isa = PBXFileReference; lastKnownFileType = sourcecode.swift; path = ApiManager.swift; sourceTree = "<group>"; };
		9413EA93224B20AD00C97862 /* Spinner.swift */ = {isa = PBXFileReference; lastKnownFileType = sourcecode.swift; path = Spinner.swift; sourceTree = "<group>"; };
		9413EA99224B298F00C97862 /* NotificationNames.swift */ = {isa = PBXFileReference; lastKnownFileType = sourcecode.swift; path = NotificationNames.swift; sourceTree = "<group>"; };
		9425690A224D856C001F63CC /* ProfileScreen.xib */ = {isa = PBXFileReference; lastKnownFileType = file.xib; path = ProfileScreen.xib; sourceTree = "<group>"; };
		9425690C224D85CD001F63CC /* ProfileScreen.swift */ = {isa = PBXFileReference; lastKnownFileType = sourcecode.swift; path = ProfileScreen.swift; sourceTree = "<group>"; };
		9425690E224D8ED9001F63CC /* SettingsViewController.swift */ = {isa = PBXFileReference; lastKnownFileType = sourcecode.swift; path = SettingsViewController.swift; sourceTree = "<group>"; };
		94256911224ECE76001F63CC /* SettingsTableViewCell.swift */ = {isa = PBXFileReference; lastKnownFileType = sourcecode.swift; path = SettingsTableViewCell.swift; sourceTree = "<group>"; };
		94256913224ECE8A001F63CC /* SettingsTableViewCell.xib */ = {isa = PBXFileReference; lastKnownFileType = file.xib; path = SettingsTableViewCell.xib; sourceTree = "<group>"; };
		94648C49225D7723002AE701 /* PhotoScreen.swift */ = {isa = PBXFileReference; lastKnownFileType = sourcecode.swift; path = PhotoScreen.swift; sourceTree = "<group>"; };
		94648C4B225D7738002AE701 /* PhotoScreen.xib */ = {isa = PBXFileReference; lastKnownFileType = file.xib; path = PhotoScreen.xib; sourceTree = "<group>"; };
		947543C0223758F900289005 /* LandingViewController.swift */ = {isa = PBXFileReference; fileEncoding = 4; lastKnownFileType = sourcecode.swift; path = LandingViewController.swift; sourceTree = "<group>"; };
		949E482E2237313E00B931F9 /* MasterViewController.swift */ = {isa = PBXFileReference; lastKnownFileType = sourcecode.swift; path = MasterViewController.swift; sourceTree = "<group>"; };
		949E4836223736FD00B931F9 /* CameraView.xib */ = {isa = PBXFileReference; lastKnownFileType = file.xib; path = CameraView.xib; sourceTree = "<group>"; };
		949E48382237370F00B931F9 /* CameraView.swift */ = {isa = PBXFileReference; lastKnownFileType = sourcecode.swift; path = CameraView.swift; sourceTree = "<group>"; };
		94DC289722B0269B00DF450D /* FeedScreen.swift */ = {isa = PBXFileReference; lastKnownFileType = sourcecode.swift; path = FeedScreen.swift; sourceTree = "<group>"; };
		94DC289922B026A900DF450D /* FeedScreen.xib */ = {isa = PBXFileReference; lastKnownFileType = file.xib; path = FeedScreen.xib; sourceTree = "<group>"; };
		94DC289B22B04D7600DF450D /* FeedCell.swift */ = {isa = PBXFileReference; lastKnownFileType = sourcecode.swift; path = FeedCell.swift; sourceTree = "<group>"; };
		94DC289D22B04D8100DF450D /* FeedCell.xib */ = {isa = PBXFileReference; lastKnownFileType = file.xib; path = FeedCell.xib; sourceTree = "<group>"; };
		94FD1CD52256B03F007464B4 /* PaginationItem.swift */ = {isa = PBXFileReference; fileEncoding = 4; lastKnownFileType = sourcecode.swift; path = PaginationItem.swift; sourceTree = "<group>"; };
		94FD1CD62256B03F007464B4 /* Conversation.swift */ = {isa = PBXFileReference; fileEncoding = 4; lastKnownFileType = sourcecode.swift; path = Conversation.swift; sourceTree = "<group>"; };
		94FD1CD72256B03F007464B4 /* ClientType.swift */ = {isa = PBXFileReference; fileEncoding = 4; lastKnownFileType = sourcecode.swift; path = ClientType.swift; sourceTree = "<group>"; };
		94FD1CD82256B03F007464B4 /* Parameter.swift */ = {isa = PBXFileReference; fileEncoding = 4; lastKnownFileType = sourcecode.swift; path = Parameter.swift; sourceTree = "<group>"; };
		94FD1CD92256B03F007464B4 /* Functions.swift */ = {isa = PBXFileReference; fileEncoding = 4; lastKnownFileType = sourcecode.swift; path = Functions.swift; sourceTree = "<group>"; };
		94FD1CDA2256B03F007464B4 /* Conversations.swift */ = {isa = PBXFileReference; fileEncoding = 4; lastKnownFileType = sourcecode.swift; path = Conversations.swift; sourceTree = "<group>"; };
		94FD1CDB2256B03F007464B4 /* Result.swift */ = {isa = PBXFileReference; fileEncoding = 4; lastKnownFileType = sourcecode.swift; path = Result.swift; sourceTree = "<group>"; };
		94FD1CDD2256B03F007464B4 /* URLComponents.swift */ = {isa = PBXFileReference; fileEncoding = 4; lastKnownFileType = sourcecode.swift; path = URLComponents.swift; sourceTree = "<group>"; };
		94FD1CDE2256B03F007464B4 /* CharacterSet.swift */ = {isa = PBXFileReference; fileEncoding = 4; lastKnownFileType = sourcecode.swift; path = CharacterSet.swift; sourceTree = "<group>"; };
		94FD1CDF2256B03F007464B4 /* URLRequest.swift */ = {isa = PBXFileReference; fileEncoding = 4; lastKnownFileType = sourcecode.swift; path = URLRequest.swift; sourceTree = "<group>"; };
		94FD1CE02256B03F007464B4 /* Data.swift */ = {isa = PBXFileReference; fileEncoding = 4; lastKnownFileType = sourcecode.swift; path = Data.swift; sourceTree = "<group>"; };
		94FD1CE12256B03F007464B4 /* Decodable.swift */ = {isa = PBXFileReference; fileEncoding = 4; lastKnownFileType = sourcecode.swift; path = Decodable.swift; sourceTree = "<group>"; };
		94FD1CE22256B03F007464B4 /* String.swift */ = {isa = PBXFileReference; fileEncoding = 4; lastKnownFileType = sourcecode.swift; path = String.swift; sourceTree = "<group>"; };
		94FD1CE32256B03F007464B4 /* DateFormatter.swift */ = {isa = PBXFileReference; fileEncoding = 4; lastKnownFileType = sourcecode.swift; path = DateFormatter.swift; sourceTree = "<group>"; };
		94FD1CE42256B03F007464B4 /* HTTPURLResponse.swift */ = {isa = PBXFileReference; fileEncoding = 4; lastKnownFileType = sourcecode.swift; path = HTTPURLResponse.swift; sourceTree = "<group>"; };
		94FD1CE62256B03F007464B4 /* Report.swift */ = {isa = PBXFileReference; fileEncoding = 4; lastKnownFileType = sourcecode.swift; path = Report.swift; sourceTree = "<group>"; };
		94FD1CE72256B03F007464B4 /* Mention.swift */ = {isa = PBXFileReference; fileEncoding = 4; lastKnownFileType = sourcecode.swift; path = Mention.swift; sourceTree = "<group>"; };
		94FD1CE82256B03F007464B4 /* AttachmentType.swift */ = {isa = PBXFileReference; fileEncoding = 4; lastKnownFileType = sourcecode.swift; path = AttachmentType.swift; sourceTree = "<group>"; };
		94FD1CE92256B03F007464B4 /* Visibility.swift */ = {isa = PBXFileReference; fileEncoding = 4; lastKnownFileType = sourcecode.swift; path = Visibility.swift; sourceTree = "<group>"; };
		94FD1CEA2256B03F007464B4 /* ScheduledStatus.swift */ = {isa = PBXFileReference; fileEncoding = 4; lastKnownFileType = sourcecode.swift; path = ScheduledStatus.swift; sourceTree = "<group>"; };
		94FD1CEB2256B03F007464B4 /* Attachment.swift */ = {isa = PBXFileReference; fileEncoding = 4; lastKnownFileType = sourcecode.swift; path = Attachment.swift; sourceTree = "<group>"; };
		94FD1CEC2256B03F007464B4 /* Empty.swift */ = {isa = PBXFileReference; fileEncoding = 4; lastKnownFileType = sourcecode.swift; path = Empty.swift; sourceTree = "<group>"; };
		94FD1CED2256B03F007464B4 /* ClientApplication.swift */ = {isa = PBXFileReference; fileEncoding = 4; lastKnownFileType = sourcecode.swift; path = ClientApplication.swift; sourceTree = "<group>"; };
		94FD1CEE2256B03F007464B4 /* Card.swift */ = {isa = PBXFileReference; fileEncoding = 4; lastKnownFileType = sourcecode.swift; path = Card.swift; sourceTree = "<group>"; };
		94FD1CEF2256B03F007464B4 /* LoginSettings.swift */ = {isa = PBXFileReference; fileEncoding = 4; lastKnownFileType = sourcecode.swift; path = LoginSettings.swift; sourceTree = "<group>"; };
		94FD1CF02256B03F007464B4 /* AccessScope.swift */ = {isa = PBXFileReference; fileEncoding = 4; lastKnownFileType = sourcecode.swift; path = AccessScope.swift; sourceTree = "<group>"; };
		94FD1CF12256B03F007464B4 /* Results.swift */ = {isa = PBXFileReference; fileEncoding = 4; lastKnownFileType = sourcecode.swift; path = Results.swift; sourceTree = "<group>"; };
		94FD1CF22256B03F007464B4 /* List.swift */ = {isa = PBXFileReference; fileEncoding = 4; lastKnownFileType = sourcecode.swift; path = List.swift; sourceTree = "<group>"; };
		94FD1CF32256B03F007464B4 /* Context.swift */ = {isa = PBXFileReference; fileEncoding = 4; lastKnownFileType = sourcecode.swift; path = Context.swift; sourceTree = "<group>"; };
		94FD1CF42256B03F007464B4 /* Instance.swift */ = {isa = PBXFileReference; fileEncoding = 4; lastKnownFileType = sourcecode.swift; path = Instance.swift; sourceTree = "<group>"; };
		94FD1CF52256B03F007464B4 /* Relationship.swift */ = {isa = PBXFileReference; fileEncoding = 4; lastKnownFileType = sourcecode.swift; path = Relationship.swift; sourceTree = "<group>"; };
		94FD1CF62256B03F007464B4 /* Notification.swift */ = {isa = PBXFileReference; fileEncoding = 4; lastKnownFileType = sourcecode.swift; path = Notification.swift; sourceTree = "<group>"; };
		94FD1CF72256B03F007464B4 /* Application.swift */ = {isa = PBXFileReference; fileEncoding = 4; lastKnownFileType = sourcecode.swift; path = Application.swift; sourceTree = "<group>"; };
		94FD1CF82256B03F007464B4 /* StatusPara.swift */ = {isa = PBXFileReference; fileEncoding = 4; lastKnownFileType = sourcecode.swift; path = StatusPara.swift; sourceTree = "<group>"; };
		94FD1CF92256B03F007464B4 /* Status.swift */ = {isa = PBXFileReference; fileEncoding = 4; lastKnownFileType = sourcecode.swift; path = Status.swift; sourceTree = "<group>"; };
		94FD1CFA2256B03F007464B4 /* HashType.swift */ = {isa = PBXFileReference; fileEncoding = 4; lastKnownFileType = sourcecode.swift; path = HashType.swift; sourceTree = "<group>"; };
		94FD1CFB2256B03F007464B4 /* Emoji.swift */ = {isa = PBXFileReference; fileEncoding = 4; lastKnownFileType = sourcecode.swift; path = Emoji.swift; sourceTree = "<group>"; };
		94FD1CFC2256B03F007464B4 /* Tag.swift */ = {isa = PBXFileReference; fileEncoding = 4; lastKnownFileType = sourcecode.swift; path = Tag.swift; sourceTree = "<group>"; };
		94FD1CFD2256B03F007464B4 /* Filters.swift */ = {isa = PBXFileReference; fileEncoding = 4; lastKnownFileType = sourcecode.swift; path = Filters.swift; sourceTree = "<group>"; };
		94FD1CFE2256B03F007464B4 /* Account.swift */ = {isa = PBXFileReference; fileEncoding = 4; lastKnownFileType = sourcecode.swift; path = Account.swift; sourceTree = "<group>"; };
		94FD1CFF2256B03F007464B4 /* NotificationType.swift */ = {isa = PBXFileReference; fileEncoding = 4; lastKnownFileType = sourcecode.swift; path = NotificationType.swift; sourceTree = "<group>"; };
		94FD1D002256B03F007464B4 /* RequestError.swift */ = {isa = PBXFileReference; fileEncoding = 4; lastKnownFileType = sourcecode.swift; path = RequestError.swift; sourceTree = "<group>"; };
		94FD1D012256B03F007464B4 /* HTTPMethod.swift */ = {isa = PBXFileReference; fileEncoding = 4; lastKnownFileType = sourcecode.swift; path = HTTPMethod.swift; sourceTree = "<group>"; };
		94FD1D032256B03F007464B4 /* Mutes.swift */ = {isa = PBXFileReference; fileEncoding = 4; lastKnownFileType = sourcecode.swift; path = Mutes.swift; sourceTree = "<group>"; };
		94FD1D042256B03F007464B4 /* Instances.swift */ = {isa = PBXFileReference; fileEncoding = 4; lastKnownFileType = sourcecode.swift; path = Instances.swift; sourceTree = "<group>"; };
		94FD1D052256B03F007464B4 /* Statuses.swift */ = {isa = PBXFileReference; fileEncoding = 4; lastKnownFileType = sourcecode.swift; path = Statuses.swift; sourceTree = "<group>"; };
		94FD1D062256B03F007464B4 /* FollowRequests.swift */ = {isa = PBXFileReference; fileEncoding = 4; lastKnownFileType = sourcecode.swift; path = FollowRequests.swift; sourceTree = "<group>"; };
		94FD1D072256B03F007464B4 /* Login.swift */ = {isa = PBXFileReference; fileEncoding = 4; lastKnownFileType = sourcecode.swift; path = Login.swift; sourceTree = "<group>"; };
		94FD1D082256B03F007464B4 /* Favourites.swift */ = {isa = PBXFileReference; fileEncoding = 4; lastKnownFileType = sourcecode.swift; path = Favourites.swift; sourceTree = "<group>"; };
		94FD1D092256B03F007464B4 /* Blocks.swift */ = {isa = PBXFileReference; fileEncoding = 4; lastKnownFileType = sourcecode.swift; path = Blocks.swift; sourceTree = "<group>"; };
		94FD1D0A2256B03F007464B4 /* Notifications.swift */ = {isa = PBXFileReference; fileEncoding = 4; lastKnownFileType = sourcecode.swift; path = Notifications.swift; sourceTree = "<group>"; };
		94FD1D0B2256B03F007464B4 /* FilterToots.swift */ = {isa = PBXFileReference; fileEncoding = 4; lastKnownFileType = sourcecode.swift; path = FilterToots.swift; sourceTree = "<group>"; };
		94FD1D0C2256B03F007464B4 /* Media.swift */ = {isa = PBXFileReference; fileEncoding = 4; lastKnownFileType = sourcecode.swift; path = Media.swift; sourceTree = "<group>"; };
		94FD1D0D2256B03F007464B4 /* Accounts.swift */ = {isa = PBXFileReference; fileEncoding = 4; lastKnownFileType = sourcecode.swift; path = Accounts.swift; sourceTree = "<group>"; };
		94FD1D0E2256B03F007464B4 /* Lists.swift */ = {isa = PBXFileReference; fileEncoding = 4; lastKnownFileType = sourcecode.swift; path = Lists.swift; sourceTree = "<group>"; };
		94FD1D0F2256B03F007464B4 /* Reports.swift */ = {isa = PBXFileReference; fileEncoding = 4; lastKnownFileType = sourcecode.swift; path = Reports.swift; sourceTree = "<group>"; };
		94FD1D102256B03F007464B4 /* Clients.swift */ = {isa = PBXFileReference; fileEncoding = 4; lastKnownFileType = sourcecode.swift; path = Clients.swift; sourceTree = "<group>"; };
		94FD1D112256B03F007464B4 /* DomainBlocks.swift */ = {isa = PBXFileReference; fileEncoding = 4; lastKnownFileType = sourcecode.swift; path = DomainBlocks.swift; sourceTree = "<group>"; };
		94FD1D122256B03F007464B4 /* Search.swift */ = {isa = PBXFileReference; fileEncoding = 4; lastKnownFileType = sourcecode.swift; path = Search.swift; sourceTree = "<group>"; };
		94FD1D132256B03F007464B4 /* Timelines.swift */ = {isa = PBXFileReference; fileEncoding = 4; lastKnownFileType = sourcecode.swift; path = Timelines.swift; sourceTree = "<group>"; };
		94FD1D142256B03F007464B4 /* Pagination.swift */ = {isa = PBXFileReference; fileEncoding = 4; lastKnownFileType = sourcecode.swift; path = Pagination.swift; sourceTree = "<group>"; };
		94FD1D152256B03F007464B4 /* Client.swift */ = {isa = PBXFileReference; fileEncoding = 4; lastKnownFileType = sourcecode.swift; path = Client.swift; sourceTree = "<group>"; };
		94FD1D162256B03F007464B4 /* Request.swift */ = {isa = PBXFileReference; fileEncoding = 4; lastKnownFileType = sourcecode.swift; path = Request.swift; sourceTree = "<group>"; };
		94FD1D172256B03F007464B4 /* RequestRange.swift */ = {isa = PBXFileReference; fileEncoding = 4; lastKnownFileType = sourcecode.swift; path = RequestRange.swift; sourceTree = "<group>"; };
		94FD1D182256B03F007464B4 /* ClientError.swift */ = {isa = PBXFileReference; fileEncoding = 4; lastKnownFileType = sourcecode.swift; path = ClientError.swift; sourceTree = "<group>"; };
		94FD1D192256B03F007464B4 /* Payload.swift */ = {isa = PBXFileReference; fileEncoding = 4; lastKnownFileType = sourcecode.swift; path = Payload.swift; sourceTree = "<group>"; };
		94FD1D1A2256B03F007464B4 /* MediaAttachment.swift */ = {isa = PBXFileReference; fileEncoding = 4; lastKnownFileType = sourcecode.swift; path = MediaAttachment.swift; sourceTree = "<group>"; };
		94FD1D602256D469007464B4 /* ConversationScreen.xib */ = {isa = PBXFileReference; lastKnownFileType = file.xib; path = ConversationScreen.xib; sourceTree = "<group>"; };
		94FD1D622256D545007464B4 /* ConversationScreen.swift */ = {isa = PBXFileReference; lastKnownFileType = sourcecode.swift; path = ConversationScreen.swift; sourceTree = "<group>"; };
		94FD1D642256E4DC007464B4 /* ConversationCell.swift */ = {isa = PBXFileReference; lastKnownFileType = sourcecode.swift; path = ConversationCell.swift; sourceTree = "<group>"; };
		94FD1D662256E4E5007464B4 /* ConversationCell.xib */ = {isa = PBXFileReference; lastKnownFileType = file.xib; path = ConversationCell.xib; sourceTree = "<group>"; };
		94FD1D6822581623007464B4 /* RomaConversation.swift */ = {isa = PBXFileReference; lastKnownFileType = sourcecode.swift; path = RomaConversation.swift; sourceTree = "<group>"; };
		A9BE3585223344BA00F4EC8C /* Roma Chat.app */ = {isa = PBXFileReference; explicitFileType = wrapper.application; includeInIndex = 0; path = "Roma Chat.app"; sourceTree = BUILT_PRODUCTS_DIR; };
		A9BE3588223344BA00F4EC8C /* AppDelegate.swift */ = {isa = PBXFileReference; lastKnownFileType = sourcecode.swift; path = AppDelegate.swift; sourceTree = "<group>"; };
		A9BE358D223344BA00F4EC8C /* Base */ = {isa = PBXFileReference; lastKnownFileType = file.storyboard; name = Base; path = Base.lproj/Main.storyboard; sourceTree = "<group>"; };
		A9BE358F223344BD00F4EC8C /* Assets.xcassets */ = {isa = PBXFileReference; lastKnownFileType = folder.assetcatalog; path = Assets.xcassets; sourceTree = "<group>"; };
		A9BE3592223344BD00F4EC8C /* Base */ = {isa = PBXFileReference; lastKnownFileType = file.storyboard; name = Base; path = Base.lproj/LaunchScreen.storyboard; sourceTree = "<group>"; };
		A9BE3594223344BD00F4EC8C /* Info.plist */ = {isa = PBXFileReference; lastKnownFileType = text.plist.xml; path = Info.plist; sourceTree = "<group>"; };
		A9BE3599223344BD00F4EC8C /* Roma ChatTests.xctest */ = {isa = PBXFileReference; explicitFileType = wrapper.cfbundle; includeInIndex = 0; path = "Roma ChatTests.xctest"; sourceTree = BUILT_PRODUCTS_DIR; };
		A9BE359D223344BD00F4EC8C /* Roma_ChatTests.swift */ = {isa = PBXFileReference; lastKnownFileType = sourcecode.swift; path = Roma_ChatTests.swift; sourceTree = "<group>"; };
		A9BE359F223344BD00F4EC8C /* Info.plist */ = {isa = PBXFileReference; lastKnownFileType = text.plist.xml; path = Info.plist; sourceTree = "<group>"; };
		A9BE35A4223344BD00F4EC8C /* Roma ChatUITests.xctest */ = {isa = PBXFileReference; explicitFileType = wrapper.cfbundle; includeInIndex = 0; path = "Roma ChatUITests.xctest"; sourceTree = BUILT_PRODUCTS_DIR; };
		A9BE35A8223344BD00F4EC8C /* Roma_ChatUITests.swift */ = {isa = PBXFileReference; lastKnownFileType = sourcecode.swift; path = Roma_ChatUITests.swift; sourceTree = "<group>"; };
		A9BE35AA223344BD00F4EC8C /* Info.plist */ = {isa = PBXFileReference; lastKnownFileType = text.plist.xml; path = Info.plist; sourceTree = "<group>"; };
		DACC687EB73CAFCB85EDC780 /* Pods-Roma ChatTests.release.xcconfig */ = {isa = PBXFileReference; includeInIndex = 1; lastKnownFileType = text.xcconfig; name = "Pods-Roma ChatTests.release.xcconfig"; path = "Target Support Files/Pods-Roma ChatTests/Pods-Roma ChatTests.release.xcconfig"; sourceTree = "<group>"; };
		E84BE0CE95D0020CAEBAE54C /* Pods-Roma ChatTests.debug.xcconfig */ = {isa = PBXFileReference; includeInIndex = 1; lastKnownFileType = text.xcconfig; name = "Pods-Roma ChatTests.debug.xcconfig"; path = "Target Support Files/Pods-Roma ChatTests/Pods-Roma ChatTests.debug.xcconfig"; sourceTree = "<group>"; };
		E9978259EE46C385A6EC9EFD /* Pods-Roma Chat.release.xcconfig */ = {isa = PBXFileReference; includeInIndex = 1; lastKnownFileType = text.xcconfig; name = "Pods-Roma Chat.release.xcconfig"; path = "Target Support Files/Pods-Roma Chat/Pods-Roma Chat.release.xcconfig"; sourceTree = "<group>"; };
		ED414D1FB025858556A983C6 /* Pods-Roma ChatUITests.release.xcconfig */ = {isa = PBXFileReference; includeInIndex = 1; lastKnownFileType = text.xcconfig; name = "Pods-Roma ChatUITests.release.xcconfig"; path = "Target Support Files/Pods-Roma ChatUITests/Pods-Roma ChatUITests.release.xcconfig"; sourceTree = "<group>"; };
		FAD73DE07CCCCFA7381287F8 /* Pods_Roma_ChatTests.framework */ = {isa = PBXFileReference; explicitFileType = wrapper.framework; includeInIndex = 0; path = Pods_Roma_ChatTests.framework; sourceTree = BUILT_PRODUCTS_DIR; };
/* End PBXFileReference section */

/* Begin PBXFrameworksBuildPhase section */
		A9BE3582223344BA00F4EC8C /* Frameworks */ = {
			isa = PBXFrameworksBuildPhase;
			buildActionMask = 2147483647;
			files = (
				5F04EBA0B8E237F946A6D5BE /* Pods_Roma_Chat.framework in Frameworks */,
			);
			runOnlyForDeploymentPostprocessing = 0;
		};
		A9BE3596223344BD00F4EC8C /* Frameworks */ = {
			isa = PBXFrameworksBuildPhase;
			buildActionMask = 2147483647;
			files = (
				7F9B95617CA2CDF9BB2FFD2B /* Pods_Roma_ChatTests.framework in Frameworks */,
			);
			runOnlyForDeploymentPostprocessing = 0;
		};
		A9BE35A1223344BD00F4EC8C /* Frameworks */ = {
			isa = PBXFrameworksBuildPhase;
			buildActionMask = 2147483647;
			files = (
				75B556434460E795D72F1680 /* Pods_Roma_ChatUITests.framework in Frameworks */,
			);
			runOnlyForDeploymentPostprocessing = 0;
		};
/* End PBXFrameworksBuildPhase section */

/* Begin PBXGroup section */
		747C394F9D54C851AEC79513 /* Frameworks */ = {
			isa = PBXGroup;
			children = (
				24D86DA479337042E8AA515B /* Pods_Roma_Chat.framework */,
				FAD73DE07CCCCFA7381287F8 /* Pods_Roma_ChatTests.framework */,
				634767F3FC2BEB8B0E492FEE /* Pods_Roma_ChatUITests.framework */,
			);
			name = Frameworks;
			sourceTree = "<group>";
		};
		9413E8FD2241FF1B00C97862 /* Conversations */ = {
			isa = PBXGroup;
			children = (
				9413E9012241FF9700C97862 /* ConversationList */,
				9413E9022241FFAC00C97862 /* Conversation */,
			);
			path = Conversations;
			sourceTree = "<group>";
		};
		9413E8FE2241FF2700C97862 /* Feeds */ = {
			isa = PBXGroup;
			children = (
				94DC289722B0269B00DF450D /* FeedScreen.swift */,
				94DC289922B026A900DF450D /* FeedScreen.xib */,
				94DC289B22B04D7600DF450D /* FeedCell.swift */,
				94DC289D22B04D8100DF450D /* FeedCell.xib */,
			);
			path = Feeds;
			sourceTree = "<group>";
		};
		9413E9012241FF9700C97862 /* ConversationList */ = {
			isa = PBXGroup;
			children = (
				9413E8F62241F7D300C97862 /* ConversationListScreen.swift */,
				9413E8F82241F8E900C97862 /* ConversationListCell.xib */,
				9413E8FA2241F8FF00C97862 /* ConversationListCell.swift */,
			);
			path = ConversationList;
			sourceTree = "<group>";
		};
		9413E9022241FFAC00C97862 /* Conversation */ = {
			isa = PBXGroup;
			children = (
				94FD1D602256D469007464B4 /* ConversationScreen.xib */,
				94FD1D622256D545007464B4 /* ConversationScreen.swift */,
				94FD1D642256E4DC007464B4 /* ConversationCell.swift */,
				94FD1D662256E4E5007464B4 /* ConversationCell.xib */,
				1E64C3192295BD3C0051989F /* ConversationViewController.swift */,
			);
			path = Conversation;
			sourceTree = "<group>";
		};
		9413E91E22433C3000C97862 /* Data Models */ = {
			isa = PBXGroup;
			children = (
				9413EA33224486DC00C97862 /* Storage.swift */,
				9413EA392249514A00C97862 /* StoreStruct.swift */,
				9413EA3722494FC600C97862 /* InstanceData.swift */,
				94FD1D6822581623007464B4 /* RomaConversation.swift */,
			);
			path = "Data Models";
			sourceTree = "<group>";
		};
		9413EA4E224AF25000C97862 /* Networking */ = {
			isa = PBXGroup;
			children = (
				9413EA91224B1FF200C97862 /* ApiManager.swift */,
				1E64C31B2295F6960051989F /* Stream.swift */,
				9413EA4F224AF25000C97862 /* Authentication */,
			);
			path = Networking;
			sourceTree = "<group>";
		};
		9413EA4F224AF25000C97862 /* Authentication */ = {
			isa = PBXGroup;
			children = (
				9413EA312244861D00C97862 /* AuthenticationManager.swift */,
				9413EA3B224953E600C97862 /* AccountExtension.swift */,
			);
			path = Authentication;
			sourceTree = "<group>";
		};
		9413EA97224B276800C97862 /* Views */ = {
			isa = PBXGroup;
			children = (
				949E4836223736FD00B931F9 /* CameraView.xib */,
				949E48382237370F00B931F9 /* CameraView.swift */,
				9425690A224D856C001F63CC /* ProfileScreen.xib */,
				9425690C224D85CD001F63CC /* ProfileScreen.swift */,
				94648C49225D7723002AE701 /* PhotoScreen.swift */,
				94648C4B225D7738002AE701 /* PhotoScreen.xib */,
			);
			path = Views;
			sourceTree = "<group>";
		};
		9413EA98224B278A00C97862 /* Helpers */ = {
			isa = PBXGroup;
			children = (
				9413EA99224B298F00C97862 /* NotificationNames.swift */,
				9413EA4322495AF600C97862 /* Storyboard.swift */,
				9413EA93224B20AD00C97862 /* Spinner.swift */,
			);
			path = Helpers;
			sourceTree = "<group>";
		};
		942569192254ED91001F63CC /* Settings */ = {
			isa = PBXGroup;
			children = (
				94256911224ECE76001F63CC /* SettingsTableViewCell.swift */,
				94256913224ECE8A001F63CC /* SettingsTableViewCell.xib */,
			);
			path = Settings;
			sourceTree = "<group>";
		};
		94FD1CD42256B03F007464B4 /* MastodonKit */ = {
			isa = PBXGroup;
			children = (
				94FD1CD52256B03F007464B4 /* PaginationItem.swift */,
				94FD1CD62256B03F007464B4 /* Conversation.swift */,
				94FD1CD72256B03F007464B4 /* ClientType.swift */,
				94FD1CD82256B03F007464B4 /* Parameter.swift */,
				94FD1CD92256B03F007464B4 /* Functions.swift */,
				94FD1CDA2256B03F007464B4 /* Conversations.swift */,
				94FD1CDB2256B03F007464B4 /* Result.swift */,
				94FD1CDC2256B03F007464B4 /* Foundation */,
				94FD1CE52256B03F007464B4 /* Models */,
				94FD1D012256B03F007464B4 /* HTTPMethod.swift */,
				94FD1D022256B03F007464B4 /* Requests */,
				94FD1D142256B03F007464B4 /* Pagination.swift */,
				94FD1D152256B03F007464B4 /* Client.swift */,
				94FD1D162256B03F007464B4 /* Request.swift */,
				94FD1D172256B03F007464B4 /* RequestRange.swift */,
				94FD1D182256B03F007464B4 /* ClientError.swift */,
				94FD1D192256B03F007464B4 /* Payload.swift */,
				94FD1D1A2256B03F007464B4 /* MediaAttachment.swift */,
				1E48E39F22974CBF009C9F0A /* StreamUpdate.swift */,
			);
			path = MastodonKit;
			sourceTree = "<group>";
		};
		94FD1CDC2256B03F007464B4 /* Foundation */ = {
			isa = PBXGroup;
			children = (
				94FD1CDD2256B03F007464B4 /* URLComponents.swift */,
				94FD1CDE2256B03F007464B4 /* CharacterSet.swift */,
				94FD1CDF2256B03F007464B4 /* URLRequest.swift */,
				94FD1CE02256B03F007464B4 /* Data.swift */,
				94FD1CE12256B03F007464B4 /* Decodable.swift */,
				94FD1CE22256B03F007464B4 /* String.swift */,
				94FD1CE32256B03F007464B4 /* DateFormatter.swift */,
				94FD1CE42256B03F007464B4 /* HTTPURLResponse.swift */,
			);
			path = Foundation;
			sourceTree = "<group>";
		};
		94FD1CE52256B03F007464B4 /* Models */ = {
			isa = PBXGroup;
			children = (
				94FD1CE62256B03F007464B4 /* Report.swift */,
				94FD1CE72256B03F007464B4 /* Mention.swift */,
				94FD1CE82256B03F007464B4 /* AttachmentType.swift */,
				94FD1CE92256B03F007464B4 /* Visibility.swift */,
				94FD1CEA2256B03F007464B4 /* ScheduledStatus.swift */,
				94FD1CEB2256B03F007464B4 /* Attachment.swift */,
				94FD1CEC2256B03F007464B4 /* Empty.swift */,
				94FD1CED2256B03F007464B4 /* ClientApplication.swift */,
				94FD1CEE2256B03F007464B4 /* Card.swift */,
				94FD1CEF2256B03F007464B4 /* LoginSettings.swift */,
				94FD1CF02256B03F007464B4 /* AccessScope.swift */,
				94FD1CF12256B03F007464B4 /* Results.swift */,
				94FD1CF22256B03F007464B4 /* List.swift */,
				94FD1CF32256B03F007464B4 /* Context.swift */,
				94FD1CF42256B03F007464B4 /* Instance.swift */,
				94FD1CF52256B03F007464B4 /* Relationship.swift */,
				94FD1CF62256B03F007464B4 /* Notification.swift */,
				94FD1CF72256B03F007464B4 /* Application.swift */,
				94FD1CF82256B03F007464B4 /* StatusPara.swift */,
				94FD1CF92256B03F007464B4 /* Status.swift */,
				94FD1CFA2256B03F007464B4 /* HashType.swift */,
				94FD1CFB2256B03F007464B4 /* Emoji.swift */,
				94FD1CFC2256B03F007464B4 /* Tag.swift */,
				94FD1CFD2256B03F007464B4 /* Filters.swift */,
				94FD1CFE2256B03F007464B4 /* Account.swift */,
				94FD1CFF2256B03F007464B4 /* NotificationType.swift */,
				94FD1D002256B03F007464B4 /* RequestError.swift */,
			);
			path = Models;
			sourceTree = "<group>";
		};
		94FD1D022256B03F007464B4 /* Requests */ = {
			isa = PBXGroup;
			children = (
				94FD1D032256B03F007464B4 /* Mutes.swift */,
				94FD1D042256B03F007464B4 /* Instances.swift */,
				94FD1D052256B03F007464B4 /* Statuses.swift */,
				94FD1D062256B03F007464B4 /* FollowRequests.swift */,
				94FD1D072256B03F007464B4 /* Login.swift */,
				94FD1D082256B03F007464B4 /* Favourites.swift */,
				94FD1D092256B03F007464B4 /* Blocks.swift */,
				94FD1D0A2256B03F007464B4 /* Notifications.swift */,
				94FD1D0B2256B03F007464B4 /* FilterToots.swift */,
				94FD1D0C2256B03F007464B4 /* Media.swift */,
				94FD1D0D2256B03F007464B4 /* Accounts.swift */,
				94FD1D0E2256B03F007464B4 /* Lists.swift */,
				94FD1D0F2256B03F007464B4 /* Reports.swift */,
				94FD1D102256B03F007464B4 /* Clients.swift */,
				94FD1D112256B03F007464B4 /* DomainBlocks.swift */,
				94FD1D122256B03F007464B4 /* Search.swift */,
				94FD1D132256B03F007464B4 /* Timelines.swift */,
			);
			path = Requests;
			sourceTree = "<group>";
		};
		A9BE357C223344BA00F4EC8C = {
			isa = PBXGroup;
			children = (
				A9BE3587223344BA00F4EC8C /* Roma Chat */,
				A9BE359C223344BD00F4EC8C /* Roma ChatTests */,
				A9BE35A7223344BD00F4EC8C /* Roma ChatUITests */,
				A9BE3586223344BA00F4EC8C /* Products */,
				F304C1BEA9EA88ADB24F0F5D /* Pods */,
				747C394F9D54C851AEC79513 /* Frameworks */,
			);
			sourceTree = "<group>";
		};
		A9BE3586223344BA00F4EC8C /* Products */ = {
			isa = PBXGroup;
			children = (
				A9BE3585223344BA00F4EC8C /* Roma Chat.app */,
				A9BE3599223344BD00F4EC8C /* Roma ChatTests.xctest */,
				A9BE35A4223344BD00F4EC8C /* Roma ChatUITests.xctest */,
			);
			name = Products;
			sourceTree = "<group>";
		};
		A9BE3587223344BA00F4EC8C /* Roma Chat */ = {
			isa = PBXGroup;
			children = (
				A9BE3588223344BA00F4EC8C /* AppDelegate.swift */,
				9413EA4122495A7500C97862 /* LandingNavigationController.swift */,
				947543C0223758F900289005 /* LandingViewController.swift */,
				9413EA4522495BEE00C97862 /* MasterNavigationController.swift */,
				949E482E2237313E00B931F9 /* MasterViewController.swift */,
				A9BE358C223344BA00F4EC8C /* Main.storyboard */,
				A9BE358F223344BD00F4EC8C /* Assets.xcassets */,
				9425690E224D8ED9001F63CC /* SettingsViewController.swift */,
				9413E8FD2241FF1B00C97862 /* Conversations */,
				9413E8FE2241FF2700C97862 /* Feeds */,
				942569192254ED91001F63CC /* Settings */,
				9413EA97224B276800C97862 /* Views */,
				94FD1CD42256B03F007464B4 /* MastodonKit */,
				9413EA4E224AF25000C97862 /* Networking */,
				9413E91E22433C3000C97862 /* Data Models */,
				A9BE3591223344BD00F4EC8C /* LaunchScreen.storyboard */,
				A9BE3594223344BD00F4EC8C /* Info.plist */,
				9413EA49224A741900C97862 /* GoogleService-Info.plist */,
				9413EA98224B278A00C97862 /* Helpers */,
				1EAA919B2295FC37001F4CEE /* Roma Chat-Bridging-Header.h */,
			);
			path = "Roma Chat";
			sourceTree = "<group>";
		};
		A9BE359C223344BD00F4EC8C /* Roma ChatTests */ = {
			isa = PBXGroup;
			children = (
				A9BE359D223344BD00F4EC8C /* Roma_ChatTests.swift */,
				A9BE359F223344BD00F4EC8C /* Info.plist */,
			);
			path = "Roma ChatTests";
			sourceTree = "<group>";
		};
		A9BE35A7223344BD00F4EC8C /* Roma ChatUITests */ = {
			isa = PBXGroup;
			children = (
				A9BE35A8223344BD00F4EC8C /* Roma_ChatUITests.swift */,
				A9BE35AA223344BD00F4EC8C /* Info.plist */,
			);
			path = "Roma ChatUITests";
			sourceTree = "<group>";
		};
		F304C1BEA9EA88ADB24F0F5D /* Pods */ = {
			isa = PBXGroup;
			children = (
				8AF6B53B6F3394C764B35C4D /* Pods-Roma Chat.debug.xcconfig */,
				E9978259EE46C385A6EC9EFD /* Pods-Roma Chat.release.xcconfig */,
				E84BE0CE95D0020CAEBAE54C /* Pods-Roma ChatTests.debug.xcconfig */,
				DACC687EB73CAFCB85EDC780 /* Pods-Roma ChatTests.release.xcconfig */,
				89A3C51FE1870CB70DCEF1BB /* Pods-Roma ChatUITests.debug.xcconfig */,
				ED414D1FB025858556A983C6 /* Pods-Roma ChatUITests.release.xcconfig */,
			);
			path = Pods;
			sourceTree = "<group>";
		};
/* End PBXGroup section */

/* Begin PBXNativeTarget section */
		A9BE3584223344BA00F4EC8C /* Roma Chat */ = {
			isa = PBXNativeTarget;
			buildConfigurationList = A9BE35AD223344BD00F4EC8C /* Build configuration list for PBXNativeTarget "Roma Chat" */;
			buildPhases = (
				31AC306BEC9DF0935D00BEA8 /* [CP] Check Pods Manifest.lock */,
				A9BE3581223344BA00F4EC8C /* Sources */,
				A9BE3582223344BA00F4EC8C /* Frameworks */,
				A9BE3583223344BA00F4EC8C /* Resources */,
				F26F14B8318F6E787172009F /* [CP] Embed Pods Frameworks */,
				9413EA4B224A75FE00C97862 /* ShellScript */,
			);
			buildRules = (
			);
			dependencies = (
			);
			name = "Roma Chat";
			productName = "Roma Chat";
			productReference = A9BE3585223344BA00F4EC8C /* Roma Chat.app */;
			productType = "com.apple.product-type.application";
		};
		A9BE3598223344BD00F4EC8C /* Roma ChatTests */ = {
			isa = PBXNativeTarget;
			buildConfigurationList = A9BE35B0223344BD00F4EC8C /* Build configuration list for PBXNativeTarget "Roma ChatTests" */;
			buildPhases = (
				27AE0E6839E2FE61622ACBE7 /* [CP] Check Pods Manifest.lock */,
				A9BE3595223344BD00F4EC8C /* Sources */,
				A9BE3596223344BD00F4EC8C /* Frameworks */,
				A9BE3597223344BD00F4EC8C /* Resources */,
			);
			buildRules = (
			);
			dependencies = (
				A9BE359B223344BD00F4EC8C /* PBXTargetDependency */,
			);
			name = "Roma ChatTests";
			productName = "Roma ChatTests";
			productReference = A9BE3599223344BD00F4EC8C /* Roma ChatTests.xctest */;
			productType = "com.apple.product-type.bundle.unit-test";
		};
		A9BE35A3223344BD00F4EC8C /* Roma ChatUITests */ = {
			isa = PBXNativeTarget;
			buildConfigurationList = A9BE35B3223344BD00F4EC8C /* Build configuration list for PBXNativeTarget "Roma ChatUITests" */;
			buildPhases = (
				E9EFC737568245179B574A2A /* [CP] Check Pods Manifest.lock */,
				A9BE35A0223344BD00F4EC8C /* Sources */,
				A9BE35A1223344BD00F4EC8C /* Frameworks */,
				A9BE35A2223344BD00F4EC8C /* Resources */,
			);
			buildRules = (
			);
			dependencies = (
				A9BE35A6223344BD00F4EC8C /* PBXTargetDependency */,
			);
			name = "Roma ChatUITests";
			productName = "Roma ChatUITests";
			productReference = A9BE35A4223344BD00F4EC8C /* Roma ChatUITests.xctest */;
			productType = "com.apple.product-type.bundle.ui-testing";
		};
/* End PBXNativeTarget section */

/* Begin PBXProject section */
		A9BE357D223344BA00F4EC8C /* Project object */ = {
			isa = PBXProject;
			attributes = {
				LastSwiftUpdateCheck = 1010;
				LastUpgradeCheck = 1010;
				ORGANIZATIONNAME = "Barrett Breshears";
				TargetAttributes = {
					A9BE3584223344BA00F4EC8C = {
						CreatedOnToolsVersion = 10.1;
						LastSwiftMigration = 1020;
					};
					A9BE3598223344BD00F4EC8C = {
						CreatedOnToolsVersion = 10.1;
						LastSwiftMigration = 1020;
						TestTargetID = A9BE3584223344BA00F4EC8C;
					};
					A9BE35A3223344BD00F4EC8C = {
						CreatedOnToolsVersion = 10.1;
						LastSwiftMigration = 1020;
						TestTargetID = A9BE3584223344BA00F4EC8C;
					};
				};
			};
			buildConfigurationList = A9BE3580223344BA00F4EC8C /* Build configuration list for PBXProject "Roma Chat" */;
			compatibilityVersion = "Xcode 9.3";
			developmentRegion = en;
			hasScannedForEncodings = 0;
			knownRegions = (
				en,
				Base,
			);
			mainGroup = A9BE357C223344BA00F4EC8C;
			productRefGroup = A9BE3586223344BA00F4EC8C /* Products */;
			projectDirPath = "";
			projectRoot = "";
			targets = (
				A9BE3584223344BA00F4EC8C /* Roma Chat */,
				A9BE3598223344BD00F4EC8C /* Roma ChatTests */,
				A9BE35A3223344BD00F4EC8C /* Roma ChatUITests */,
			);
		};
/* End PBXProject section */

/* Begin PBXResourcesBuildPhase section */
		A9BE3583223344BA00F4EC8C /* Resources */ = {
			isa = PBXResourcesBuildPhase;
			buildActionMask = 2147483647;
			files = (
				A9BE3593223344BD00F4EC8C /* LaunchScreen.storyboard in Resources */,
				A9BE3590223344BD00F4EC8C /* Assets.xcassets in Resources */,
				94648C4C225D7738002AE701 /* PhotoScreen.xib in Resources */,
				9425690B224D856C001F63CC /* ProfileScreen.xib in Resources */,
				949E4837223736FD00B931F9 /* CameraView.xib in Resources */,
				94DC289E22B04D8100DF450D /* FeedCell.xib in Resources */,
				94FD1D672256E4E5007464B4 /* ConversationCell.xib in Resources */,
				A9BE358E223344BA00F4EC8C /* Main.storyboard in Resources */,
				94DC289A22B026A900DF450D /* FeedScreen.xib in Resources */,
				9413E8F92241F8E900C97862 /* ConversationListCell.xib in Resources */,
				94256914224ECE8A001F63CC /* SettingsTableViewCell.xib in Resources */,
				94FD1D612256D469007464B4 /* ConversationScreen.xib in Resources */,
				9413EA4A224A741900C97862 /* GoogleService-Info.plist in Resources */,
			);
			runOnlyForDeploymentPostprocessing = 0;
		};
		A9BE3597223344BD00F4EC8C /* Resources */ = {
			isa = PBXResourcesBuildPhase;
			buildActionMask = 2147483647;
			files = (
			);
			runOnlyForDeploymentPostprocessing = 0;
		};
		A9BE35A2223344BD00F4EC8C /* Resources */ = {
			isa = PBXResourcesBuildPhase;
			buildActionMask = 2147483647;
			files = (
			);
			runOnlyForDeploymentPostprocessing = 0;
		};
/* End PBXResourcesBuildPhase section */

/* Begin PBXShellScriptBuildPhase section */
		27AE0E6839E2FE61622ACBE7 /* [CP] Check Pods Manifest.lock */ = {
			isa = PBXShellScriptBuildPhase;
			buildActionMask = 2147483647;
			files = (
			);
			inputFileListPaths = (
			);
			inputPaths = (
				"${PODS_PODFILE_DIR_PATH}/Podfile.lock",
				"${PODS_ROOT}/Manifest.lock",
			);
			name = "[CP] Check Pods Manifest.lock";
			outputFileListPaths = (
			);
			outputPaths = (
				"$(DERIVED_FILE_DIR)/Pods-Roma ChatTests-checkManifestLockResult.txt",
			);
			runOnlyForDeploymentPostprocessing = 0;
			shellPath = /bin/sh;
			shellScript = "diff \"${PODS_PODFILE_DIR_PATH}/Podfile.lock\" \"${PODS_ROOT}/Manifest.lock\" > /dev/null\nif [ $? != 0 ] ; then\n    # print error to STDERR\n    echo \"error: The sandbox is not in sync with the Podfile.lock. Run 'pod install' or update your CocoaPods installation.\" >&2\n    exit 1\nfi\n# This output is used by Xcode 'outputs' to avoid re-running this script phase.\necho \"SUCCESS\" > \"${SCRIPT_OUTPUT_FILE_0}\"\n";
			showEnvVarsInLog = 0;
		};
		31AC306BEC9DF0935D00BEA8 /* [CP] Check Pods Manifest.lock */ = {
			isa = PBXShellScriptBuildPhase;
			buildActionMask = 2147483647;
			files = (
			);
			inputFileListPaths = (
			);
			inputPaths = (
				"${PODS_PODFILE_DIR_PATH}/Podfile.lock",
				"${PODS_ROOT}/Manifest.lock",
			);
			name = "[CP] Check Pods Manifest.lock";
			outputFileListPaths = (
			);
			outputPaths = (
				"$(DERIVED_FILE_DIR)/Pods-Roma Chat-checkManifestLockResult.txt",
			);
			runOnlyForDeploymentPostprocessing = 0;
			shellPath = /bin/sh;
			shellScript = "diff \"${PODS_PODFILE_DIR_PATH}/Podfile.lock\" \"${PODS_ROOT}/Manifest.lock\" > /dev/null\nif [ $? != 0 ] ; then\n    # print error to STDERR\n    echo \"error: The sandbox is not in sync with the Podfile.lock. Run 'pod install' or update your CocoaPods installation.\" >&2\n    exit 1\nfi\n# This output is used by Xcode 'outputs' to avoid re-running this script phase.\necho \"SUCCESS\" > \"${SCRIPT_OUTPUT_FILE_0}\"\n";
			showEnvVarsInLog = 0;
		};
		9413EA4B224A75FE00C97862 /* ShellScript */ = {
			isa = PBXShellScriptBuildPhase;
			buildActionMask = 2147483647;
			files = (
			);
			inputFileListPaths = (
			);
			inputPaths = (
				"$(BUILT_PRODUCTS_DIR)/$(INFOPLIST_PATH)",
			);
			outputFileListPaths = (
			);
			outputPaths = (
			);
			runOnlyForDeploymentPostprocessing = 0;
			shellPath = /bin/sh;
			shellScript = "# Type a script or drag a script file from your workspace to insert its path.\n\"${PODS_ROOT}/Fabric/run\"\n";
		};
		E9EFC737568245179B574A2A /* [CP] Check Pods Manifest.lock */ = {
			isa = PBXShellScriptBuildPhase;
			buildActionMask = 2147483647;
			files = (
			);
			inputFileListPaths = (
			);
			inputPaths = (
				"${PODS_PODFILE_DIR_PATH}/Podfile.lock",
				"${PODS_ROOT}/Manifest.lock",
			);
			name = "[CP] Check Pods Manifest.lock";
			outputFileListPaths = (
			);
			outputPaths = (
				"$(DERIVED_FILE_DIR)/Pods-Roma ChatUITests-checkManifestLockResult.txt",
			);
			runOnlyForDeploymentPostprocessing = 0;
			shellPath = /bin/sh;
			shellScript = "diff \"${PODS_PODFILE_DIR_PATH}/Podfile.lock\" \"${PODS_ROOT}/Manifest.lock\" > /dev/null\nif [ $? != 0 ] ; then\n    # print error to STDERR\n    echo \"error: The sandbox is not in sync with the Podfile.lock. Run 'pod install' or update your CocoaPods installation.\" >&2\n    exit 1\nfi\n# This output is used by Xcode 'outputs' to avoid re-running this script phase.\necho \"SUCCESS\" > \"${SCRIPT_OUTPUT_FILE_0}\"\n";
			showEnvVarsInLog = 0;
		};
		F26F14B8318F6E787172009F /* [CP] Embed Pods Frameworks */ = {
			isa = PBXShellScriptBuildPhase;
			buildActionMask = 2147483647;
			files = (
			);
			inputFileListPaths = (
			);
			inputPaths = (
				"${PODS_ROOT}/Target Support Files/Pods-Roma Chat/Pods-Roma Chat-frameworks.sh",
				"${BUILT_PRODUCTS_DIR}/GoogleUtilities/GoogleUtilities.framework",
				"${BUILT_PRODUCTS_DIR}/Starscream/Starscream.framework",
				"${BUILT_PRODUCTS_DIR}/nanopb/nanopb.framework",
			);
			name = "[CP] Embed Pods Frameworks";
			outputFileListPaths = (
			);
			outputPaths = (
				"${TARGET_BUILD_DIR}/${FRAMEWORKS_FOLDER_PATH}/GoogleUtilities.framework",
				"${TARGET_BUILD_DIR}/${FRAMEWORKS_FOLDER_PATH}/Starscream.framework",
				"${TARGET_BUILD_DIR}/${FRAMEWORKS_FOLDER_PATH}/nanopb.framework",
			);
			runOnlyForDeploymentPostprocessing = 0;
			shellPath = /bin/sh;
			shellScript = "\"${PODS_ROOT}/Target Support Files/Pods-Roma Chat/Pods-Roma Chat-frameworks.sh\"\n";
			showEnvVarsInLog = 0;
		};
/* End PBXShellScriptBuildPhase section */

/* Begin PBXSourcesBuildPhase section */
		A9BE3581223344BA00F4EC8C /* Sources */ = {
			isa = PBXSourcesBuildPhase;
			buildActionMask = 2147483647;
			files = (
				94FD1D4F2256B03F007464B4 /* Media.swift in Sources */,
				9413EA4222495A7500C97862 /* LandingNavigationController.swift in Sources */,
				94FD1D502256B03F007464B4 /* Accounts.swift in Sources */,
				94FD1D482256B03F007464B4 /* Statuses.swift in Sources */,
				9413EA9A224B298F00C97862 /* NotificationNames.swift in Sources */,
				94FD1D522256B03F007464B4 /* Reports.swift in Sources */,
				94FD1D332256B03F007464B4 /* LoginSettings.swift in Sources */,
				94FD1D5B2256B03F007464B4 /* ClientError.swift in Sources */,
				94FD1D1C2256B03F007464B4 /* Conversation.swift in Sources */,
				9413EA3A2249514B00C97862 /* StoreStruct.swift in Sources */,
				94FD1D562256B03F007464B4 /* Timelines.swift in Sources */,
				94FD1D202256B03F007464B4 /* Conversations.swift in Sources */,
				94FD1D3F2256B03F007464B4 /* Emoji.swift in Sources */,
				9413EA92224B1FF200C97862 /* ApiManager.swift in Sources */,
				94FD1D5A2256B03F007464B4 /* RequestRange.swift in Sources */,
				94FD1D472256B03F007464B4 /* Instances.swift in Sources */,
				1E48E3A022974CBF009C9F0A /* StreamUpdate.swift in Sources */,
				94FD1D432256B03F007464B4 /* NotificationType.swift in Sources */,
				94FD1D542256B03F007464B4 /* DomainBlocks.swift in Sources */,
				94FD1D2E2256B03F007464B4 /* ScheduledStatus.swift in Sources */,
				94FD1D2C2256B03F007464B4 /* AttachmentType.swift in Sources */,
				94FD1D1F2256B03F007464B4 /* Functions.swift in Sources */,
				94FD1D452256B03F007464B4 /* HTTPMethod.swift in Sources */,
				1E64C31A2295BD3C0051989F /* ConversationViewController.swift in Sources */,
				94FD1D4B2256B03F007464B4 /* Favourites.swift in Sources */,
				94FD1D3A2256B03F007464B4 /* Notification.swift in Sources */,
				9425690D224D85CD001F63CC /* ProfileScreen.swift in Sources */,
				94FD1D5D2256B03F007464B4 /* MediaAttachment.swift in Sources */,
				94FD1D232256B03F007464B4 /* CharacterSet.swift in Sources */,
				94DC289C22B04D7600DF450D /* FeedCell.swift in Sources */,
				94FD1D512256B03F007464B4 /* Lists.swift in Sources */,
				94FD1D592256B03F007464B4 /* Request.swift in Sources */,
				94FD1D372256B03F007464B4 /* Context.swift in Sources */,
				1E64C31C2295F6960051989F /* Stream.swift in Sources */,
				9425690F224D8ED9001F63CC /* SettingsViewController.swift in Sources */,
				94FD1D302256B03F007464B4 /* Empty.swift in Sources */,
				9413EA4622495BEE00C97862 /* MasterNavigationController.swift in Sources */,
				94FD1D4C2256B03F007464B4 /* Blocks.swift in Sources */,
				949E482F2237313E00B931F9 /* MasterViewController.swift in Sources */,
				94FD1D652256E4DC007464B4 /* ConversationCell.swift in Sources */,
				9413EA3822494FC600C97862 /* InstanceData.swift in Sources */,
				94FD1D412256B03F007464B4 /* Filters.swift in Sources */,
				94FD1D292256B03F007464B4 /* HTTPURLResponse.swift in Sources */,
				94FD1D632256D545007464B4 /* ConversationScreen.swift in Sources */,
				94FD1D272256B03F007464B4 /* String.swift in Sources */,
				949E48392237370F00B931F9 /* CameraView.swift in Sources */,
				94FD1D1D2256B03F007464B4 /* ClientType.swift in Sources */,
				9413E8F72241F7D300C97862 /* ConversationListScreen.swift in Sources */,
				94FD1D362256B03F007464B4 /* List.swift in Sources */,
				9413EA94224B20AD00C97862 /* Spinner.swift in Sources */,
				94FD1D2F2256B03F007464B4 /* Attachment.swift in Sources */,
				94648C4A225D7723002AE701 /* PhotoScreen.swift in Sources */,
				94FD1D262256B03F007464B4 /* Decodable.swift in Sources */,
				9413EA34224486DC00C97862 /* Storage.swift in Sources */,
				94FD1D2A2256B03F007464B4 /* Report.swift in Sources */,
				94FD1D402256B03F007464B4 /* Tag.swift in Sources */,
				94FD1D532256B03F007464B4 /* Clients.swift in Sources */,
				94FD1D492256B03F007464B4 /* FollowRequests.swift in Sources */,
				94FD1D442256B03F007464B4 /* RequestError.swift in Sources */,
				94FD1D572256B03F007464B4 /* Pagination.swift in Sources */,
				94FD1D212256B03F007464B4 /* Result.swift in Sources */,
				94FD1D1E2256B03F007464B4 /* Parameter.swift in Sources */,
				94FD1D222256B03F007464B4 /* URLComponents.swift in Sources */,
				94FD1D422256B03F007464B4 /* Account.swift in Sources */,
				94FD1D282256B03F007464B4 /* DateFormatter.swift in Sources */,
				94FD1D342256B03F007464B4 /* AccessScope.swift in Sources */,
				94FD1D4D2256B03F007464B4 /* Notifications.swift in Sources */,
				94FD1D3B2256B03F007464B4 /* Application.swift in Sources */,
				94FD1D392256B03F007464B4 /* Relationship.swift in Sources */,
				94FD1D462256B03F007464B4 /* Mutes.swift in Sources */,
				9413EA4422495AF600C97862 /* Storyboard.swift in Sources */,
				94FD1D3C2256B03F007464B4 /* StatusPara.swift in Sources */,
				947543C1223758F900289005 /* LandingViewController.swift in Sources */,
				9413E8FB2241F8FF00C97862 /* ConversationListCell.swift in Sources */,
				94FD1D2B2256B03F007464B4 /* Mention.swift in Sources */,
				94DC289822B0269B00DF450D /* FeedScreen.swift in Sources */,
				94FD1D3E2256B03F007464B4 /* HashType.swift in Sources */,
				A9BE3589223344BA00F4EC8C /* AppDelegate.swift in Sources */,
				94FD1D1B2256B03F007464B4 /* PaginationItem.swift in Sources */,
				94FD1D322256B03F007464B4 /* Card.swift in Sources */,
				94FD1D4E2256B03F007464B4 /* FilterToots.swift in Sources */,
				94FD1D312256B03F007464B4 /* ClientApplication.swift in Sources */,
				94FD1D582256B03F007464B4 /* Client.swift in Sources */,
				9413EA3C224953E600C97862 /* AccountExtension.swift in Sources */,
				94FD1D352256B03F007464B4 /* Results.swift in Sources */,
				94FD1D2D2256B03F007464B4 /* Visibility.swift in Sources */,
				94FD1D5C2256B03F007464B4 /* Payload.swift in Sources */,
				94FD1D6922581623007464B4 /* RomaConversation.swift in Sources */,
				94256912224ECE76001F63CC /* SettingsTableViewCell.swift in Sources */,
				94FD1D4A2256B03F007464B4 /* Login.swift in Sources */,
				94FD1D3D2256B03F007464B4 /* Status.swift in Sources */,
				94FD1D242256B03F007464B4 /* URLRequest.swift in Sources */,
				9413EA322244861D00C97862 /* AuthenticationManager.swift in Sources */,
				94FD1D552256B03F007464B4 /* Search.swift in Sources */,
				94FD1D382256B03F007464B4 /* Instance.swift in Sources */,
				94FD1D252256B03F007464B4 /* Data.swift in Sources */,
			);
			runOnlyForDeploymentPostprocessing = 0;
		};
		A9BE3595223344BD00F4EC8C /* Sources */ = {
			isa = PBXSourcesBuildPhase;
			buildActionMask = 2147483647;
			files = (
				A9BE359E223344BD00F4EC8C /* Roma_ChatTests.swift in Sources */,
			);
			runOnlyForDeploymentPostprocessing = 0;
		};
		A9BE35A0223344BD00F4EC8C /* Sources */ = {
			isa = PBXSourcesBuildPhase;
			buildActionMask = 2147483647;
			files = (
				A9BE35A9223344BD00F4EC8C /* Roma_ChatUITests.swift in Sources */,
			);
			runOnlyForDeploymentPostprocessing = 0;
		};
/* End PBXSourcesBuildPhase section */

/* Begin PBXTargetDependency section */
		A9BE359B223344BD00F4EC8C /* PBXTargetDependency */ = {
			isa = PBXTargetDependency;
			target = A9BE3584223344BA00F4EC8C /* Roma Chat */;
			targetProxy = A9BE359A223344BD00F4EC8C /* PBXContainerItemProxy */;
		};
		A9BE35A6223344BD00F4EC8C /* PBXTargetDependency */ = {
			isa = PBXTargetDependency;
			target = A9BE3584223344BA00F4EC8C /* Roma Chat */;
			targetProxy = A9BE35A5223344BD00F4EC8C /* PBXContainerItemProxy */;
		};
/* End PBXTargetDependency section */

/* Begin PBXVariantGroup section */
		A9BE358C223344BA00F4EC8C /* Main.storyboard */ = {
			isa = PBXVariantGroup;
			children = (
				A9BE358D223344BA00F4EC8C /* Base */,
			);
			name = Main.storyboard;
			sourceTree = "<group>";
		};
		A9BE3591223344BD00F4EC8C /* LaunchScreen.storyboard */ = {
			isa = PBXVariantGroup;
			children = (
				A9BE3592223344BD00F4EC8C /* Base */,
			);
			name = LaunchScreen.storyboard;
			sourceTree = "<group>";
		};
/* End PBXVariantGroup section */

/* Begin XCBuildConfiguration section */
		A9BE35AB223344BD00F4EC8C /* Debug */ = {
			isa = XCBuildConfiguration;
			buildSettings = {
				ALWAYS_SEARCH_USER_PATHS = NO;
				CLANG_ANALYZER_NONNULL = YES;
				CLANG_ANALYZER_NUMBER_OBJECT_CONVERSION = YES_AGGRESSIVE;
				CLANG_CXX_LANGUAGE_STANDARD = "gnu++14";
				CLANG_CXX_LIBRARY = "libc++";
				CLANG_ENABLE_MODULES = YES;
				CLANG_ENABLE_OBJC_ARC = YES;
				CLANG_ENABLE_OBJC_WEAK = YES;
				CLANG_WARN_BLOCK_CAPTURE_AUTORELEASING = YES;
				CLANG_WARN_BOOL_CONVERSION = YES;
				CLANG_WARN_COMMA = YES;
				CLANG_WARN_CONSTANT_CONVERSION = YES;
				CLANG_WARN_DEPRECATED_OBJC_IMPLEMENTATIONS = YES;
				CLANG_WARN_DIRECT_OBJC_ISA_USAGE = YES_ERROR;
				CLANG_WARN_DOCUMENTATION_COMMENTS = YES;
				CLANG_WARN_EMPTY_BODY = YES;
				CLANG_WARN_ENUM_CONVERSION = YES;
				CLANG_WARN_INFINITE_RECURSION = YES;
				CLANG_WARN_INT_CONVERSION = YES;
				CLANG_WARN_NON_LITERAL_NULL_CONVERSION = YES;
				CLANG_WARN_OBJC_IMPLICIT_RETAIN_SELF = YES;
				CLANG_WARN_OBJC_LITERAL_CONVERSION = YES;
				CLANG_WARN_OBJC_ROOT_CLASS = YES_ERROR;
				CLANG_WARN_RANGE_LOOP_ANALYSIS = YES;
				CLANG_WARN_STRICT_PROTOTYPES = YES;
				CLANG_WARN_SUSPICIOUS_MOVE = YES;
				CLANG_WARN_UNGUARDED_AVAILABILITY = YES_AGGRESSIVE;
				CLANG_WARN_UNREACHABLE_CODE = YES;
				CLANG_WARN__DUPLICATE_METHOD_MATCH = YES;
				CODE_SIGN_IDENTITY = "iPhone Developer";
				COPY_PHASE_STRIP = NO;
				DEBUG_INFORMATION_FORMAT = "dwarf-with-dsym";
				ENABLE_STRICT_OBJC_MSGSEND = YES;
				ENABLE_TESTABILITY = YES;
				GCC_C_LANGUAGE_STANDARD = gnu11;
				GCC_DYNAMIC_NO_PIC = NO;
				GCC_NO_COMMON_BLOCKS = YES;
				GCC_OPTIMIZATION_LEVEL = 0;
				GCC_PREPROCESSOR_DEFINITIONS = (
					"DEBUG=1",
					"$(inherited)",
				);
				GCC_WARN_64_TO_32_BIT_CONVERSION = YES;
				GCC_WARN_ABOUT_RETURN_TYPE = YES_ERROR;
				GCC_WARN_UNDECLARED_SELECTOR = YES;
				GCC_WARN_UNINITIALIZED_AUTOS = YES_AGGRESSIVE;
				GCC_WARN_UNUSED_FUNCTION = YES;
				GCC_WARN_UNUSED_VARIABLE = YES;
				IPHONEOS_DEPLOYMENT_TARGET = 12.1;
				MTL_ENABLE_DEBUG_INFO = INCLUDE_SOURCE;
				MTL_FAST_MATH = YES;
				ONLY_ACTIVE_ARCH = YES;
				SDKROOT = iphoneos;
				SWIFT_ACTIVE_COMPILATION_CONDITIONS = DEBUG;
				SWIFT_OPTIMIZATION_LEVEL = "-Onone";
			};
			name = Debug;
		};
		A9BE35AC223344BD00F4EC8C /* Release */ = {
			isa = XCBuildConfiguration;
			buildSettings = {
				ALWAYS_SEARCH_USER_PATHS = NO;
				CLANG_ANALYZER_NONNULL = YES;
				CLANG_ANALYZER_NUMBER_OBJECT_CONVERSION = YES_AGGRESSIVE;
				CLANG_CXX_LANGUAGE_STANDARD = "gnu++14";
				CLANG_CXX_LIBRARY = "libc++";
				CLANG_ENABLE_MODULES = YES;
				CLANG_ENABLE_OBJC_ARC = YES;
				CLANG_ENABLE_OBJC_WEAK = YES;
				CLANG_WARN_BLOCK_CAPTURE_AUTORELEASING = YES;
				CLANG_WARN_BOOL_CONVERSION = YES;
				CLANG_WARN_COMMA = YES;
				CLANG_WARN_CONSTANT_CONVERSION = YES;
				CLANG_WARN_DEPRECATED_OBJC_IMPLEMENTATIONS = YES;
				CLANG_WARN_DIRECT_OBJC_ISA_USAGE = YES_ERROR;
				CLANG_WARN_DOCUMENTATION_COMMENTS = YES;
				CLANG_WARN_EMPTY_BODY = YES;
				CLANG_WARN_ENUM_CONVERSION = YES;
				CLANG_WARN_INFINITE_RECURSION = YES;
				CLANG_WARN_INT_CONVERSION = YES;
				CLANG_WARN_NON_LITERAL_NULL_CONVERSION = YES;
				CLANG_WARN_OBJC_IMPLICIT_RETAIN_SELF = YES;
				CLANG_WARN_OBJC_LITERAL_CONVERSION = YES;
				CLANG_WARN_OBJC_ROOT_CLASS = YES_ERROR;
				CLANG_WARN_RANGE_LOOP_ANALYSIS = YES;
				CLANG_WARN_STRICT_PROTOTYPES = YES;
				CLANG_WARN_SUSPICIOUS_MOVE = YES;
				CLANG_WARN_UNGUARDED_AVAILABILITY = YES_AGGRESSIVE;
				CLANG_WARN_UNREACHABLE_CODE = YES;
				CLANG_WARN__DUPLICATE_METHOD_MATCH = YES;
				CODE_SIGN_IDENTITY = "iPhone Developer";
				COPY_PHASE_STRIP = NO;
				DEBUG_INFORMATION_FORMAT = "dwarf-with-dsym";
				ENABLE_NS_ASSERTIONS = NO;
				ENABLE_STRICT_OBJC_MSGSEND = YES;
				GCC_C_LANGUAGE_STANDARD = gnu11;
				GCC_NO_COMMON_BLOCKS = YES;
				GCC_WARN_64_TO_32_BIT_CONVERSION = YES;
				GCC_WARN_ABOUT_RETURN_TYPE = YES_ERROR;
				GCC_WARN_UNDECLARED_SELECTOR = YES;
				GCC_WARN_UNINITIALIZED_AUTOS = YES_AGGRESSIVE;
				GCC_WARN_UNUSED_FUNCTION = YES;
				GCC_WARN_UNUSED_VARIABLE = YES;
				IPHONEOS_DEPLOYMENT_TARGET = 12.1;
				MTL_ENABLE_DEBUG_INFO = NO;
				MTL_FAST_MATH = YES;
				SDKROOT = iphoneos;
				SWIFT_COMPILATION_MODE = wholemodule;
				SWIFT_OPTIMIZATION_LEVEL = "-O";
				VALIDATE_PRODUCT = YES;
			};
			name = Release;
		};
		A9BE35AE223344BD00F4EC8C /* Debug */ = {
			isa = XCBuildConfiguration;
			baseConfigurationReference = 8AF6B53B6F3394C764B35C4D /* Pods-Roma Chat.debug.xcconfig */;
			buildSettings = {
				ASSETCATALOG_COMPILER_APPICON_NAME = AppIcon;
				CODE_SIGN_STYLE = Automatic;
				DEVELOPMENT_TEAM = 5877VK992M;
				INFOPLIST_FILE = "Roma Chat/Info.plist";
				LD_RUNPATH_SEARCH_PATHS = (
					"$(inherited)",
					"@executable_path/Frameworks",
				);
				PRODUCT_BUNDLE_IDENTIFIER = "com.vm.Roma-Chat";
				PRODUCT_NAME = "$(TARGET_NAME)";
				SWIFT_OBJC_BRIDGING_HEADER = "Roma Chat/Roma Chat-Bridging-Header.h";
				SWIFT_VERSION = 5.0;
				TARGETED_DEVICE_FAMILY = "1,2";
			};
			name = Debug;
		};
		A9BE35AF223344BD00F4EC8C /* Release */ = {
			isa = XCBuildConfiguration;
			baseConfigurationReference = E9978259EE46C385A6EC9EFD /* Pods-Roma Chat.release.xcconfig */;
			buildSettings = {
				ASSETCATALOG_COMPILER_APPICON_NAME = AppIcon;
				CODE_SIGN_STYLE = Automatic;
				DEVELOPMENT_TEAM = 5877VK992M;
				INFOPLIST_FILE = "Roma Chat/Info.plist";
				LD_RUNPATH_SEARCH_PATHS = (
					"$(inherited)",
					"@executable_path/Frameworks",
				);
				PRODUCT_BUNDLE_IDENTIFIER = "com.vm.Roma-Chat";
				PRODUCT_NAME = "$(TARGET_NAME)";
				SWIFT_OBJC_BRIDGING_HEADER = "Roma Chat/Roma Chat-Bridging-Header.h";
				SWIFT_VERSION = 5.0;
				TARGETED_DEVICE_FAMILY = "1,2";
			};
			name = Release;
		};
		A9BE35B1223344BD00F4EC8C /* Debug */ = {
			isa = XCBuildConfiguration;
			baseConfigurationReference = E84BE0CE95D0020CAEBAE54C /* Pods-Roma ChatTests.debug.xcconfig */;
			buildSettings = {
				ALWAYS_EMBED_SWIFT_STANDARD_LIBRARIES = YES;
				BUNDLE_LOADER = "$(TEST_HOST)";
				CODE_SIGN_STYLE = Automatic;
				DEVELOPMENT_TEAM = 5877VK992M;
				INFOPLIST_FILE = "Roma ChatTests/Info.plist";
				LD_RUNPATH_SEARCH_PATHS = (
					"$(inherited)",
					"@executable_path/Frameworks",
					"@loader_path/Frameworks",
				);
				PRODUCT_BUNDLE_IDENTIFIER = "com.vm.Roma-ChatTests";
				PRODUCT_NAME = "$(TARGET_NAME)";
				SWIFT_VERSION = 5.0;
				TARGETED_DEVICE_FAMILY = "1,2";
				TEST_HOST = "$(BUILT_PRODUCTS_DIR)/Roma Chat.app/Roma Chat";
			};
			name = Debug;
		};
		A9BE35B2223344BD00F4EC8C /* Release */ = {
			isa = XCBuildConfiguration;
			baseConfigurationReference = DACC687EB73CAFCB85EDC780 /* Pods-Roma ChatTests.release.xcconfig */;
			buildSettings = {
				ALWAYS_EMBED_SWIFT_STANDARD_LIBRARIES = YES;
				BUNDLE_LOADER = "$(TEST_HOST)";
				CODE_SIGN_STYLE = Automatic;
				DEVELOPMENT_TEAM = 5877VK992M;
				INFOPLIST_FILE = "Roma ChatTests/Info.plist";
				LD_RUNPATH_SEARCH_PATHS = (
					"$(inherited)",
					"@executable_path/Frameworks",
					"@loader_path/Frameworks",
				);
				PRODUCT_BUNDLE_IDENTIFIER = "com.vm.Roma-ChatTests";
				PRODUCT_NAME = "$(TARGET_NAME)";
				SWIFT_VERSION = 5.0;
				TARGETED_DEVICE_FAMILY = "1,2";
				TEST_HOST = "$(BUILT_PRODUCTS_DIR)/Roma Chat.app/Roma Chat";
			};
			name = Release;
		};
		A9BE35B4223344BD00F4EC8C /* Debug */ = {
			isa = XCBuildConfiguration;
			baseConfigurationReference = 89A3C51FE1870CB70DCEF1BB /* Pods-Roma ChatUITests.debug.xcconfig */;
			buildSettings = {
				ALWAYS_EMBED_SWIFT_STANDARD_LIBRARIES = YES;
				CODE_SIGN_STYLE = Automatic;
				DEVELOPMENT_TEAM = 5877VK992M;
				INFOPLIST_FILE = "Roma ChatUITests/Info.plist";
				LD_RUNPATH_SEARCH_PATHS = (
					"$(inherited)",
					"@executable_path/Frameworks",
					"@loader_path/Frameworks",
				);
				PRODUCT_BUNDLE_IDENTIFIER = "com.vm.Roma-ChatUITests";
				PRODUCT_NAME = "$(TARGET_NAME)";
				SWIFT_VERSION = 5.0;
				TARGETED_DEVICE_FAMILY = "1,2";
				TEST_TARGET_NAME = "Roma Chat";
			};
			name = Debug;
		};
		A9BE35B5223344BD00F4EC8C /* Release */ = {
			isa = XCBuildConfiguration;
			baseConfigurationReference = ED414D1FB025858556A983C6 /* Pods-Roma ChatUITests.release.xcconfig */;
			buildSettings = {
				ALWAYS_EMBED_SWIFT_STANDARD_LIBRARIES = YES;
				CODE_SIGN_STYLE = Automatic;
				DEVELOPMENT_TEAM = 5877VK992M;
				INFOPLIST_FILE = "Roma ChatUITests/Info.plist";
				LD_RUNPATH_SEARCH_PATHS = (
					"$(inherited)",
					"@executable_path/Frameworks",
					"@loader_path/Frameworks",
				);
				PRODUCT_BUNDLE_IDENTIFIER = "com.vm.Roma-ChatUITests";
				PRODUCT_NAME = "$(TARGET_NAME)";
				SWIFT_VERSION = 5.0;
				TARGETED_DEVICE_FAMILY = "1,2";
				TEST_TARGET_NAME = "Roma Chat";
			};
			name = Release;
		};
/* End XCBuildConfiguration section */

/* Begin XCConfigurationList section */
		A9BE3580223344BA00F4EC8C /* Build configuration list for PBXProject "Roma Chat" */ = {
			isa = XCConfigurationList;
			buildConfigurations = (
				A9BE35AB223344BD00F4EC8C /* Debug */,
				A9BE35AC223344BD00F4EC8C /* Release */,
			);
			defaultConfigurationIsVisible = 0;
			defaultConfigurationName = Release;
		};
		A9BE35AD223344BD00F4EC8C /* Build configuration list for PBXNativeTarget "Roma Chat" */ = {
			isa = XCConfigurationList;
			buildConfigurations = (
				A9BE35AE223344BD00F4EC8C /* Debug */,
				A9BE35AF223344BD00F4EC8C /* Release */,
			);
			defaultConfigurationIsVisible = 0;
			defaultConfigurationName = Release;
		};
		A9BE35B0223344BD00F4EC8C /* Build configuration list for PBXNativeTarget "Roma ChatTests" */ = {
			isa = XCConfigurationList;
			buildConfigurations = (
				A9BE35B1223344BD00F4EC8C /* Debug */,
				A9BE35B2223344BD00F4EC8C /* Release */,
			);
			defaultConfigurationIsVisible = 0;
			defaultConfigurationName = Release;
		};
		A9BE35B3223344BD00F4EC8C /* Build configuration list for PBXNativeTarget "Roma ChatUITests" */ = {
			isa = XCConfigurationList;
			buildConfigurations = (
				A9BE35B4223344BD00F4EC8C /* Debug */,
				A9BE35B5223344BD00F4EC8C /* Release */,
			);
			defaultConfigurationIsVisible = 0;
			defaultConfigurationName = Release;
		};
/* End XCConfigurationList section */
	};
	rootObject = A9BE357D223344BA00F4EC8C /* Project object */;
}
